
Microsoft Visual Studio Solution File, Format Version 12.00
# Visual Studio 15
VisualStudioVersion = 15.0.28307.757
MinimumVisualStudioVersion = 10.0.40219.1
Project("{8BC9CEB8-8B4A-11D0-8D11-00A0C91BC942}") = "ConvertToNC", "ConvertToNC\ConvertToNC.vcxproj", "{B955B0A2-E26B-4087-A2DA-465844F1A0FE}"
EndProject
Project("{8BC9CEB8-8B4A-11D0-8D11-00A0C91BC942}") = "PEC", "PEC\PEC.vcxproj", "{5FA2C8AD-8E29-4C6A-A598-EE4E802A33FB}"
EndProject
Project("{8BC9CEB8-8B4A-11D0-8D11-00A0C91BC942}") = "PPE", "PPE\PPE.vcxproj", "{FD9BF80A-54D5-EF4C-ED57-F356C3A8EB6F}"
EndProject
Project("{8BC9CEB8-8B4A-11D0-8D11-00A0C91BC942}") = "PNC", "PNC\PNC.vcxproj", "{41DB49B9-E6BE-4666-89A9-D159A9A9CACB}"
EndProject
Project("{8BC9CEB8-8B4A-11D0-8D11-00A0C91BC942}") = "PartLib", "..\XhCore-dll\PartLib\PartLib.vcxproj", "{C26EEFA0-001B-4099-97D9-15180514FF8E}"
EndProject
Project("{8BC9CEB8-8B4A-11D0-8D11-00A0C91BC942}") = "LmaDlg", "..\XhCore-dll\LmaDlg\LmaDlg.vcxproj", "{242DD998-71A3-4FD8-A420-0529EBB7199B}"
EndProject
Project("{8BC9CEB8-8B4A-11D0-8D11-00A0C91BC942}") = "XhLmd", "..\XhLmd-dll\XhLmd\XhLmd.vcxproj", "{2ABA5B96-8DE6-462A-84DC-C2E4F365B1A3}"
EndProject
Project("{8BC9CEB8-8B4A-11D0-8D11-00A0C91BC942}") = "LibFile", "..\LibFile\LibFile.vcxproj", "{B157E440-6FFE-4028-932E-F9300CE7B8CA}"
EndProject
Project("{8BC9CEB8-8B4A-11D0-8D11-00A0C91BC942}") = "XhLicAgent", "..\XhLmd\XhLicAgent\XhLicAgent.vcxproj", "{15E44184-1225-4298-9278-7B83BABB7ADB}"
EndProject
Global
	GlobalSection(SolutionConfigurationPlatforms) = preSolution
		ArxLMADebug07|x64 = ArxLMADebug07|x64
		ArxLMADebug07|x86 = ArxLMADebug07|x86
		CryptRelease2|x64 = CryptRelease2|x64
		CryptRelease2|x86 = CryptRelease2|x86
		Debug|x64 = Debug|x64
		Debug|x86 = Debug|x86
		Debug05|x64 = Debug05|x64
		Debug05|x86 = Debug05|x86
		Debug2007|x64 = Debug2007|x64
		Debug2007|x86 = Debug2007|x86
		Debug2010|x64 = Debug2010|x64
		Debug2010|x86 = Debug2010|x86
		DebugDll05|x64 = DebugDll05|x64
		DebugDll05|x86 = DebugDll05|x86
		InterDebug|x64 = InterDebug|x64
		InterDebug|x86 = InterDebug|x86
		InterRelease|x64 = InterRelease|x64
		InterRelease|x86 = InterRelease|x86
		LegacyDebug|x64 = LegacyDebug|x64
		LegacyDebug|x86 = LegacyDebug|x86
		PncRelease|x64 = PncRelease|x64
		PncRelease|x86 = PncRelease|x86
		Release|x64 = Release|x64
		Release|x86 = Release|x86
		Release05|x64 = Release05|x64
		Release05|x86 = Release05|x86
		Release07|x64 = Release07|x64
		Release07|x86 = Release07|x86
		Release10|x64 = Release10|x64
		Release10|x86 = Release10|x86
		Release2|x64 = Release2|x64
		Release2|x86 = Release2|x86
		Release3|x64 = Release3|x64
		Release3|x86 = Release3|x86
		ReleaseZrx19|x64 = ReleaseZrx19|x64
		ReleaseZrx19|x86 = ReleaseZrx19|x86
		ServerDebug|x64 = ServerDebug|x64
		ServerDebug|x86 = ServerDebug|x86
		ServerRelease|x64 = ServerRelease|x64
		ServerRelease|x86 = ServerRelease|x86
		UBOMDebug05|x64 = UBOMDebug05|x64
		UBOMDebug05|x86 = UBOMDebug05|x86
		UBOMDebug7|x64 = UBOMDebug7|x64
		UBOMDebug7|x86 = UBOMDebug7|x86
		UBOMRelease|x64 = UBOMRelease|x64
		UBOMRelease|x86 = UBOMRelease|x86
		UBOMRelease05|x64 = UBOMRelease05|x64
		UBOMRelease05|x86 = UBOMRelease05|x86
		UBOMRelease07|x64 = UBOMRelease07|x64
		UBOMRelease07|x86 = UBOMRelease07|x86
		UBOMRelease10|x64 = UBOMRelease10|x64
		UBOMRelease10|x86 = UBOMRelease10|x86
		ZrxTmaDebug|x64 = ZrxTmaDebug|x64
		ZrxTmaDebug|x86 = ZrxTmaDebug|x86
	EndGlobalSection
	GlobalSection(ProjectConfigurationPlatforms) = postSolution
		{B955B0A2-E26B-4087-A2DA-465844F1A0FE}.ArxLMADebug07|x64.ActiveCfg = Debug|x64
		{B955B0A2-E26B-4087-A2DA-465844F1A0FE}.ArxLMADebug07|x64.Build.0 = Debug|x64
		{B955B0A2-E26B-4087-A2DA-465844F1A0FE}.ArxLMADebug07|x86.ActiveCfg = Debug|Win32
		{B955B0A2-E26B-4087-A2DA-465844F1A0FE}.ArxLMADebug07|x86.Build.0 = Debug|Win32
		{B955B0A2-E26B-4087-A2DA-465844F1A0FE}.CryptRelease2|x64.ActiveCfg = UBOMRelease07|x64
		{B955B0A2-E26B-4087-A2DA-465844F1A0FE}.CryptRelease2|x64.Build.0 = UBOMRelease07|x64
		{B955B0A2-E26B-4087-A2DA-465844F1A0FE}.CryptRelease2|x86.ActiveCfg = UBOMRelease07|Win32
		{B955B0A2-E26B-4087-A2DA-465844F1A0FE}.CryptRelease2|x86.Build.0 = UBOMRelease07|Win32
		{B955B0A2-E26B-4087-A2DA-465844F1A0FE}.Debug|x64.ActiveCfg = UBOMDebug05|Win32
		{B955B0A2-E26B-4087-A2DA-465844F1A0FE}.Debug|x64.Build.0 = UBOMDebug05|Win32
		{B955B0A2-E26B-4087-A2DA-465844F1A0FE}.Debug|x86.ActiveCfg = UBOMDebug7|Win32
		{B955B0A2-E26B-4087-A2DA-465844F1A0FE}.Debug|x86.Build.0 = UBOMDebug7|Win32
		{B955B0A2-E26B-4087-A2DA-465844F1A0FE}.Debug05|x64.ActiveCfg = Debug05|x64
		{B955B0A2-E26B-4087-A2DA-465844F1A0FE}.Debug05|x64.Build.0 = Debug05|x64
		{B955B0A2-E26B-4087-A2DA-465844F1A0FE}.Debug05|x86.ActiveCfg = Debug05|Win32
		{B955B0A2-E26B-4087-A2DA-465844F1A0FE}.Debug05|x86.Build.0 = Debug05|Win32
		{B955B0A2-E26B-4087-A2DA-465844F1A0FE}.Debug2007|x64.ActiveCfg = Debug2007|x64
		{B955B0A2-E26B-4087-A2DA-465844F1A0FE}.Debug2007|x64.Build.0 = Debug2007|x64
		{B955B0A2-E26B-4087-A2DA-465844F1A0FE}.Debug2007|x86.ActiveCfg = Debug2007|Win32
		{B955B0A2-E26B-4087-A2DA-465844F1A0FE}.Debug2007|x86.Build.0 = Debug2007|Win32
		{B955B0A2-E26B-4087-A2DA-465844F1A0FE}.Debug2010|x64.ActiveCfg = Debug2010|x64
		{B955B0A2-E26B-4087-A2DA-465844F1A0FE}.Debug2010|x64.Build.0 = Debug2010|x64
		{B955B0A2-E26B-4087-A2DA-465844F1A0FE}.Debug2010|x86.ActiveCfg = Debug2010|Win32
		{B955B0A2-E26B-4087-A2DA-465844F1A0FE}.Debug2010|x86.Build.0 = Debug2010|Win32
		{B955B0A2-E26B-4087-A2DA-465844F1A0FE}.DebugDll05|x64.ActiveCfg = UBOMDebug05|Win32
		{B955B0A2-E26B-4087-A2DA-465844F1A0FE}.DebugDll05|x64.Build.0 = UBOMDebug05|Win32
		{B955B0A2-E26B-4087-A2DA-465844F1A0FE}.DebugDll05|x86.ActiveCfg = DebugDll05|Win32
		{B955B0A2-E26B-4087-A2DA-465844F1A0FE}.DebugDll05|x86.Build.0 = DebugDll05|Win32
		{B955B0A2-E26B-4087-A2DA-465844F1A0FE}.InterDebug|x64.ActiveCfg = Debug|x64
		{B955B0A2-E26B-4087-A2DA-465844F1A0FE}.InterDebug|x64.Build.0 = Debug|x64
		{B955B0A2-E26B-4087-A2DA-465844F1A0FE}.InterDebug|x86.ActiveCfg = Debug|Win32
		{B955B0A2-E26B-4087-A2DA-465844F1A0FE}.InterDebug|x86.Build.0 = Debug|Win32
		{B955B0A2-E26B-4087-A2DA-465844F1A0FE}.InterRelease|x64.ActiveCfg = UBOMRelease07|x64
		{B955B0A2-E26B-4087-A2DA-465844F1A0FE}.InterRelease|x64.Build.0 = UBOMRelease07|x64
		{B955B0A2-E26B-4087-A2DA-465844F1A0FE}.InterRelease|x86.ActiveCfg = UBOMRelease07|Win32
		{B955B0A2-E26B-4087-A2DA-465844F1A0FE}.InterRelease|x86.Build.0 = UBOMRelease07|Win32
		{B955B0A2-E26B-4087-A2DA-465844F1A0FE}.LegacyDebug|x64.ActiveCfg = Debug|x64
		{B955B0A2-E26B-4087-A2DA-465844F1A0FE}.LegacyDebug|x64.Build.0 = Debug|x64
		{B955B0A2-E26B-4087-A2DA-465844F1A0FE}.LegacyDebug|x86.ActiveCfg = Debug|Win32
		{B955B0A2-E26B-4087-A2DA-465844F1A0FE}.LegacyDebug|x86.Build.0 = Debug|Win32
		{B955B0A2-E26B-4087-A2DA-465844F1A0FE}.PncRelease|x64.ActiveCfg = UBOMRelease10|x64
		{B955B0A2-E26B-4087-A2DA-465844F1A0FE}.PncRelease|x64.Build.0 = UBOMRelease10|x64
		{B955B0A2-E26B-4087-A2DA-465844F1A0FE}.PncRelease|x86.ActiveCfg = Release05|Win32
		{B955B0A2-E26B-4087-A2DA-465844F1A0FE}.PncRelease|x86.Build.0 = Release05|Win32
		{B955B0A2-E26B-4087-A2DA-465844F1A0FE}.Release|x64.ActiveCfg = UBOMRelease10|x64
		{B955B0A2-E26B-4087-A2DA-465844F1A0FE}.Release|x64.Build.0 = UBOMRelease10|x64
		{B955B0A2-E26B-4087-A2DA-465844F1A0FE}.Release|x86.ActiveCfg = UBOMRelease10|Win32
		{B955B0A2-E26B-4087-A2DA-465844F1A0FE}.Release|x86.Build.0 = UBOMRelease10|Win32
		{B955B0A2-E26B-4087-A2DA-465844F1A0FE}.Release05|x64.ActiveCfg = Release05|x64
		{B955B0A2-E26B-4087-A2DA-465844F1A0FE}.Release05|x64.Build.0 = Release05|x64
		{B955B0A2-E26B-4087-A2DA-465844F1A0FE}.Release05|x86.ActiveCfg = Release05|Win32
		{B955B0A2-E26B-4087-A2DA-465844F1A0FE}.Release05|x86.Build.0 = Release05|Win32
		{B955B0A2-E26B-4087-A2DA-465844F1A0FE}.Release07|x64.ActiveCfg = Release07|x64
		{B955B0A2-E26B-4087-A2DA-465844F1A0FE}.Release07|x64.Build.0 = Release07|x64
		{B955B0A2-E26B-4087-A2DA-465844F1A0FE}.Release07|x86.ActiveCfg = Release07|Win32
		{B955B0A2-E26B-4087-A2DA-465844F1A0FE}.Release07|x86.Build.0 = Release07|Win32
		{B955B0A2-E26B-4087-A2DA-465844F1A0FE}.Release10|x64.ActiveCfg = Release10|x64
		{B955B0A2-E26B-4087-A2DA-465844F1A0FE}.Release10|x64.Build.0 = Release10|x64
		{B955B0A2-E26B-4087-A2DA-465844F1A0FE}.Release10|x86.ActiveCfg = Release10|Win32
		{B955B0A2-E26B-4087-A2DA-465844F1A0FE}.Release10|x86.Build.0 = Release10|Win32
		{B955B0A2-E26B-4087-A2DA-465844F1A0FE}.Release2|x64.ActiveCfg = ReleaseZrx19|x64
		{B955B0A2-E26B-4087-A2DA-465844F1A0FE}.Release2|x64.Build.0 = ReleaseZrx19|x64
		{B955B0A2-E26B-4087-A2DA-465844F1A0FE}.Release2|x86.ActiveCfg = ReleaseZrx19|Win32
		{B955B0A2-E26B-4087-A2DA-465844F1A0FE}.Release2|x86.Build.0 = ReleaseZrx19|Win32
		{B955B0A2-E26B-4087-A2DA-465844F1A0FE}.Release3|x64.ActiveCfg = ReleaseZrx19|x64
		{B955B0A2-E26B-4087-A2DA-465844F1A0FE}.Release3|x64.Build.0 = ReleaseZrx19|x64
		{B955B0A2-E26B-4087-A2DA-465844F1A0FE}.Release3|x86.ActiveCfg = ReleaseZrx19|Win32
		{B955B0A2-E26B-4087-A2DA-465844F1A0FE}.Release3|x86.Build.0 = ReleaseZrx19|Win32
		{B955B0A2-E26B-4087-A2DA-465844F1A0FE}.ReleaseZrx19|x64.ActiveCfg = ReleaseZrx19|x64
		{B955B0A2-E26B-4087-A2DA-465844F1A0FE}.ReleaseZrx19|x64.Build.0 = ReleaseZrx19|x64
		{B955B0A2-E26B-4087-A2DA-465844F1A0FE}.ReleaseZrx19|x86.ActiveCfg = ReleaseZrx19|Win32
		{B955B0A2-E26B-4087-A2DA-465844F1A0FE}.ReleaseZrx19|x86.Build.0 = ReleaseZrx19|Win32
		{B955B0A2-E26B-4087-A2DA-465844F1A0FE}.ServerDebug|x64.ActiveCfg = Debug|x64
		{B955B0A2-E26B-4087-A2DA-465844F1A0FE}.ServerDebug|x64.Build.0 = Debug|x64
		{B955B0A2-E26B-4087-A2DA-465844F1A0FE}.ServerDebug|x86.ActiveCfg = Debug|Win32
		{B955B0A2-E26B-4087-A2DA-465844F1A0FE}.ServerDebug|x86.Build.0 = Debug|Win32
		{B955B0A2-E26B-4087-A2DA-465844F1A0FE}.ServerRelease|x64.ActiveCfg = UBOMRelease07|x64
		{B955B0A2-E26B-4087-A2DA-465844F1A0FE}.ServerRelease|x64.Build.0 = UBOMRelease07|x64
		{B955B0A2-E26B-4087-A2DA-465844F1A0FE}.ServerRelease|x86.ActiveCfg = UBOMRelease07|Win32
		{B955B0A2-E26B-4087-A2DA-465844F1A0FE}.ServerRelease|x86.Build.0 = UBOMRelease07|Win32
		{B955B0A2-E26B-4087-A2DA-465844F1A0FE}.UBOMDebug05|x64.ActiveCfg = UBOMDebug05|x64
		{B955B0A2-E26B-4087-A2DA-465844F1A0FE}.UBOMDebug05|x64.Build.0 = UBOMDebug05|x64
		{B955B0A2-E26B-4087-A2DA-465844F1A0FE}.UBOMDebug05|x86.ActiveCfg = UBOMDebug05|Win32
		{B955B0A2-E26B-4087-A2DA-465844F1A0FE}.UBOMDebug05|x86.Build.0 = UBOMDebug05|Win32
		{B955B0A2-E26B-4087-A2DA-465844F1A0FE}.UBOMDebug7|x64.ActiveCfg = UBOMDebug7|x64
		{B955B0A2-E26B-4087-A2DA-465844F1A0FE}.UBOMDebug7|x64.Build.0 = UBOMDebug7|x64
		{B955B0A2-E26B-4087-A2DA-465844F1A0FE}.UBOMDebug7|x86.ActiveCfg = UBOMDebug7|Win32
		{B955B0A2-E26B-4087-A2DA-465844F1A0FE}.UBOMDebug7|x86.Build.0 = UBOMDebug7|Win32
		{B955B0A2-E26B-4087-A2DA-465844F1A0FE}.UBOMRelease|x64.ActiveCfg = UBOMRelease10|x64
		{B955B0A2-E26B-4087-A2DA-465844F1A0FE}.UBOMRelease|x64.Build.0 = UBOMRelease10|x64
		{B955B0A2-E26B-4087-A2DA-465844F1A0FE}.UBOMRelease|x86.ActiveCfg = UBOMRelease10|Win32
		{B955B0A2-E26B-4087-A2DA-465844F1A0FE}.UBOMRelease|x86.Build.0 = UBOMRelease10|Win32
		{B955B0A2-E26B-4087-A2DA-465844F1A0FE}.UBOMRelease05|x64.ActiveCfg = UBOMRelease05|x64
		{B955B0A2-E26B-4087-A2DA-465844F1A0FE}.UBOMRelease05|x64.Build.0 = UBOMRelease05|x64
		{B955B0A2-E26B-4087-A2DA-465844F1A0FE}.UBOMRelease05|x86.ActiveCfg = UBOMRelease05|Win32
		{B955B0A2-E26B-4087-A2DA-465844F1A0FE}.UBOMRelease05|x86.Build.0 = UBOMRelease05|Win32
		{B955B0A2-E26B-4087-A2DA-465844F1A0FE}.UBOMRelease07|x64.ActiveCfg = UBOMRelease07|x64
		{B955B0A2-E26B-4087-A2DA-465844F1A0FE}.UBOMRelease07|x64.Build.0 = UBOMRelease07|x64
		{B955B0A2-E26B-4087-A2DA-465844F1A0FE}.UBOMRelease07|x86.ActiveCfg = UBOMRelease07|Win32
		{B955B0A2-E26B-4087-A2DA-465844F1A0FE}.UBOMRelease07|x86.Build.0 = UBOMRelease07|Win32
		{B955B0A2-E26B-4087-A2DA-465844F1A0FE}.UBOMRelease10|x64.ActiveCfg = UBOMRelease10|x64
		{B955B0A2-E26B-4087-A2DA-465844F1A0FE}.UBOMRelease10|x64.Build.0 = UBOMRelease10|x64
		{B955B0A2-E26B-4087-A2DA-465844F1A0FE}.UBOMRelease10|x86.ActiveCfg = UBOMRelease10|Win32
		{B955B0A2-E26B-4087-A2DA-465844F1A0FE}.UBOMRelease10|x86.Build.0 = UBOMRelease10|Win32
		{B955B0A2-E26B-4087-A2DA-465844F1A0FE}.ZrxTmaDebug|x64.ActiveCfg = Debug|x64
		{B955B0A2-E26B-4087-A2DA-465844F1A0FE}.ZrxTmaDebug|x64.Build.0 = Debug|x64
		{B955B0A2-E26B-4087-A2DA-465844F1A0FE}.ZrxTmaDebug|x86.ActiveCfg = Debug|Win32
		{B955B0A2-E26B-4087-A2DA-465844F1A0FE}.ZrxTmaDebug|x86.Build.0 = Debug|Win32
		{5FA2C8AD-8E29-4C6A-A598-EE4E802A33FB}.ArxLMADebug07|x64.ActiveCfg = PncRelease|Win32
		{5FA2C8AD-8E29-4C6A-A598-EE4E802A33FB}.ArxLMADebug07|x64.Build.0 = PncRelease|Win32
		{5FA2C8AD-8E29-4C6A-A598-EE4E802A33FB}.ArxLMADebug07|x86.ActiveCfg = Debug|Win32
		{5FA2C8AD-8E29-4C6A-A598-EE4E802A33FB}.ArxLMADebug07|x86.Build.0 = Debug|Win32
		{5FA2C8AD-8E29-4C6A-A598-EE4E802A33FB}.CryptRelease2|x64.ActiveCfg = PncRelease|Win32
		{5FA2C8AD-8E29-4C6A-A598-EE4E802A33FB}.CryptRelease2|x64.Build.0 = PncRelease|Win32
		{5FA2C8AD-8E29-4C6A-A598-EE4E802A33FB}.CryptRelease2|x86.ActiveCfg = Release|Win32
		{5FA2C8AD-8E29-4C6A-A598-EE4E802A33FB}.CryptRelease2|x86.Build.0 = Release|Win32
		{5FA2C8AD-8E29-4C6A-A598-EE4E802A33FB}.Debug|x64.ActiveCfg = Debug|Win32
		{5FA2C8AD-8E29-4C6A-A598-EE4E802A33FB}.Debug|x86.ActiveCfg = Debug|Win32
		{5FA2C8AD-8E29-4C6A-A598-EE4E802A33FB}.Debug|x86.Build.0 = Debug|Win32
		{5FA2C8AD-8E29-4C6A-A598-EE4E802A33FB}.Debug05|x64.ActiveCfg = UBOMRelease07|Win32
		{5FA2C8AD-8E29-4C6A-A598-EE4E802A33FB}.Debug05|x64.Build.0 = UBOMRelease07|Win32
		{5FA2C8AD-8E29-4C6A-A598-EE4E802A33FB}.Debug05|x86.ActiveCfg = Debug|Win32
		{5FA2C8AD-8E29-4C6A-A598-EE4E802A33FB}.Debug05|x86.Build.0 = Debug|Win32
		{5FA2C8AD-8E29-4C6A-A598-EE4E802A33FB}.Debug2007|x64.ActiveCfg = UBOMRelease07|Win32
		{5FA2C8AD-8E29-4C6A-A598-EE4E802A33FB}.Debug2007|x64.Build.0 = UBOMRelease07|Win32
		{5FA2C8AD-8E29-4C6A-A598-EE4E802A33FB}.Debug2007|x86.ActiveCfg = Debug|Win32
		{5FA2C8AD-8E29-4C6A-A598-EE4E802A33FB}.Debug2007|x86.Build.0 = Debug|Win32
		{5FA2C8AD-8E29-4C6A-A598-EE4E802A33FB}.Debug2010|x64.ActiveCfg = UBOMRelease07|Win32
		{5FA2C8AD-8E29-4C6A-A598-EE4E802A33FB}.Debug2010|x64.Build.0 = UBOMRelease07|Win32
		{5FA2C8AD-8E29-4C6A-A598-EE4E802A33FB}.Debug2010|x86.ActiveCfg = Debug|Win32
		{5FA2C8AD-8E29-4C6A-A598-EE4E802A33FB}.Debug2010|x86.Build.0 = Debug|Win32
		{5FA2C8AD-8E29-4C6A-A598-EE4E802A33FB}.DebugDll05|x64.ActiveCfg = Release|Win32
		{5FA2C8AD-8E29-4C6A-A598-EE4E802A33FB}.DebugDll05|x64.Build.0 = Release|Win32
		{5FA2C8AD-8E29-4C6A-A598-EE4E802A33FB}.DebugDll05|x86.ActiveCfg = Debug|Win32
		{5FA2C8AD-8E29-4C6A-A598-EE4E802A33FB}.DebugDll05|x86.Build.0 = Debug|Win32
		{5FA2C8AD-8E29-4C6A-A598-EE4E802A33FB}.InterDebug|x64.ActiveCfg = PncRelease|Win32
		{5FA2C8AD-8E29-4C6A-A598-EE4E802A33FB}.InterDebug|x64.Build.0 = PncRelease|Win32
		{5FA2C8AD-8E29-4C6A-A598-EE4E802A33FB}.InterDebug|x86.ActiveCfg = Debug|Win32
		{5FA2C8AD-8E29-4C6A-A598-EE4E802A33FB}.InterDebug|x86.Build.0 = Debug|Win32
		{5FA2C8AD-8E29-4C6A-A598-EE4E802A33FB}.InterRelease|x64.ActiveCfg = PncRelease|Win32
		{5FA2C8AD-8E29-4C6A-A598-EE4E802A33FB}.InterRelease|x64.Build.0 = PncRelease|Win32
		{5FA2C8AD-8E29-4C6A-A598-EE4E802A33FB}.InterRelease|x86.ActiveCfg = Release|Win32
		{5FA2C8AD-8E29-4C6A-A598-EE4E802A33FB}.InterRelease|x86.Build.0 = Release|Win32
		{5FA2C8AD-8E29-4C6A-A598-EE4E802A33FB}.LegacyDebug|x64.ActiveCfg = PncRelease|Win32
		{5FA2C8AD-8E29-4C6A-A598-EE4E802A33FB}.LegacyDebug|x64.Build.0 = PncRelease|Win32
		{5FA2C8AD-8E29-4C6A-A598-EE4E802A33FB}.LegacyDebug|x86.ActiveCfg = Debug|Win32
		{5FA2C8AD-8E29-4C6A-A598-EE4E802A33FB}.LegacyDebug|x86.Build.0 = Debug|Win32
		{5FA2C8AD-8E29-4C6A-A598-EE4E802A33FB}.PncRelease|x64.ActiveCfg = PncRelease|Win32
		{5FA2C8AD-8E29-4C6A-A598-EE4E802A33FB}.PncRelease|x86.ActiveCfg = PncRelease|Win32
		{5FA2C8AD-8E29-4C6A-A598-EE4E802A33FB}.PncRelease|x86.Build.0 = PncRelease|Win32
		{5FA2C8AD-8E29-4C6A-A598-EE4E802A33FB}.Release|x64.ActiveCfg = Release|Win32
		{5FA2C8AD-8E29-4C6A-A598-EE4E802A33FB}.Release|x86.ActiveCfg = Release|Win32
		{5FA2C8AD-8E29-4C6A-A598-EE4E802A33FB}.Release|x86.Build.0 = Release|Win32
		{5FA2C8AD-8E29-4C6A-A598-EE4E802A33FB}.Release05|x64.ActiveCfg = UBOMRelease07|Win32
		{5FA2C8AD-8E29-4C6A-A598-EE4E802A33FB}.Release05|x64.Build.0 = UBOMRelease07|Win32
		{5FA2C8AD-8E29-4C6A-A598-EE4E802A33FB}.Release05|x86.ActiveCfg = Release|Win32
		{5FA2C8AD-8E29-4C6A-A598-EE4E802A33FB}.Release05|x86.Build.0 = Release|Win32
		{5FA2C8AD-8E29-4C6A-A598-EE4E802A33FB}.Release07|x64.ActiveCfg = UBOMRelease07|Win32
		{5FA2C8AD-8E29-4C6A-A598-EE4E802A33FB}.Release07|x64.Build.0 = UBOMRelease07|Win32
		{5FA2C8AD-8E29-4C6A-A598-EE4E802A33FB}.Release07|x86.ActiveCfg = UBOMRelease07|Win32
		{5FA2C8AD-8E29-4C6A-A598-EE4E802A33FB}.Release07|x86.Build.0 = UBOMRelease07|Win32
		{5FA2C8AD-8E29-4C6A-A598-EE4E802A33FB}.Release10|x64.ActiveCfg = UBOMRelease07|Win32
		{5FA2C8AD-8E29-4C6A-A598-EE4E802A33FB}.Release10|x64.Build.0 = UBOMRelease07|Win32
		{5FA2C8AD-8E29-4C6A-A598-EE4E802A33FB}.Release10|x86.ActiveCfg = Release|Win32
		{5FA2C8AD-8E29-4C6A-A598-EE4E802A33FB}.Release10|x86.Build.0 = Release|Win32
		{5FA2C8AD-8E29-4C6A-A598-EE4E802A33FB}.Release2|x64.ActiveCfg = Release|Win32
		{5FA2C8AD-8E29-4C6A-A598-EE4E802A33FB}.Release2|x64.Build.0 = Release|Win32
		{5FA2C8AD-8E29-4C6A-A598-EE4E802A33FB}.Release2|x86.ActiveCfg = Release|Win32
		{5FA2C8AD-8E29-4C6A-A598-EE4E802A33FB}.Release2|x86.Build.0 = Release|Win32
		{5FA2C8AD-8E29-4C6A-A598-EE4E802A33FB}.Release3|x64.ActiveCfg = Release|Win32
		{5FA2C8AD-8E29-4C6A-A598-EE4E802A33FB}.Release3|x64.Build.0 = Release|Win32
		{5FA2C8AD-8E29-4C6A-A598-EE4E802A33FB}.Release3|x86.ActiveCfg = Release|Win32
		{5FA2C8AD-8E29-4C6A-A598-EE4E802A33FB}.Release3|x86.Build.0 = Release|Win32
		{5FA2C8AD-8E29-4C6A-A598-EE4E802A33FB}.ReleaseZrx19|x64.ActiveCfg = UBOMRelease07|Win32
		{5FA2C8AD-8E29-4C6A-A598-EE4E802A33FB}.ReleaseZrx19|x64.Build.0 = UBOMRelease07|Win32
		{5FA2C8AD-8E29-4C6A-A598-EE4E802A33FB}.ReleaseZrx19|x86.ActiveCfg = Release|Win32
		{5FA2C8AD-8E29-4C6A-A598-EE4E802A33FB}.ReleaseZrx19|x86.Build.0 = Release|Win32
		{5FA2C8AD-8E29-4C6A-A598-EE4E802A33FB}.ServerDebug|x64.ActiveCfg = PncRelease|Win32
		{5FA2C8AD-8E29-4C6A-A598-EE4E802A33FB}.ServerDebug|x64.Build.0 = PncRelease|Win32
		{5FA2C8AD-8E29-4C6A-A598-EE4E802A33FB}.ServerDebug|x86.ActiveCfg = Debug|Win32
		{5FA2C8AD-8E29-4C6A-A598-EE4E802A33FB}.ServerDebug|x86.Build.0 = Debug|Win32
		{5FA2C8AD-8E29-4C6A-A598-EE4E802A33FB}.ServerRelease|x64.ActiveCfg = PncRelease|Win32
		{5FA2C8AD-8E29-4C6A-A598-EE4E802A33FB}.ServerRelease|x64.Build.0 = PncRelease|Win32
		{5FA2C8AD-8E29-4C6A-A598-EE4E802A33FB}.ServerRelease|x86.ActiveCfg = Release|Win32
		{5FA2C8AD-8E29-4C6A-A598-EE4E802A33FB}.ServerRelease|x86.Build.0 = Release|Win32
		{5FA2C8AD-8E29-4C6A-A598-EE4E802A33FB}.UBOMDebug05|x64.ActiveCfg = UBOMRelease07|Win32
		{5FA2C8AD-8E29-4C6A-A598-EE4E802A33FB}.UBOMDebug05|x64.Build.0 = UBOMRelease07|Win32
		{5FA2C8AD-8E29-4C6A-A598-EE4E802A33FB}.UBOMDebug05|x86.ActiveCfg = Debug|Win32
		{5FA2C8AD-8E29-4C6A-A598-EE4E802A33FB}.UBOMDebug05|x86.Build.0 = Debug|Win32
		{5FA2C8AD-8E29-4C6A-A598-EE4E802A33FB}.UBOMDebug7|x64.ActiveCfg = UBOMRelease07|Win32
		{5FA2C8AD-8E29-4C6A-A598-EE4E802A33FB}.UBOMDebug7|x64.Build.0 = UBOMRelease07|Win32
		{5FA2C8AD-8E29-4C6A-A598-EE4E802A33FB}.UBOMDebug7|x86.ActiveCfg = Debug|Win32
		{5FA2C8AD-8E29-4C6A-A598-EE4E802A33FB}.UBOMDebug7|x86.Build.0 = Debug|Win32
		{5FA2C8AD-8E29-4C6A-A598-EE4E802A33FB}.UBOMRelease|x64.ActiveCfg = UBOMRelease07|Win32
		{5FA2C8AD-8E29-4C6A-A598-EE4E802A33FB}.UBOMRelease|x64.Build.0 = UBOMRelease07|Win32
		{5FA2C8AD-8E29-4C6A-A598-EE4E802A33FB}.UBOMRelease|x86.ActiveCfg = UBOMRelease07|Win32
		{5FA2C8AD-8E29-4C6A-A598-EE4E802A33FB}.UBOMRelease|x86.Build.0 = UBOMRelease07|Win32
		{5FA2C8AD-8E29-4C6A-A598-EE4E802A33FB}.UBOMRelease05|x64.ActiveCfg = UBOMRelease07|Win32
		{5FA2C8AD-8E29-4C6A-A598-EE4E802A33FB}.UBOMRelease05|x64.Build.0 = UBOMRelease07|Win32
		{5FA2C8AD-8E29-4C6A-A598-EE4E802A33FB}.UBOMRelease05|x86.ActiveCfg = UBOMRelease07|Win32
		{5FA2C8AD-8E29-4C6A-A598-EE4E802A33FB}.UBOMRelease05|x86.Build.0 = UBOMRelease07|Win32
		{5FA2C8AD-8E29-4C6A-A598-EE4E802A33FB}.UBOMRelease07|x64.ActiveCfg = UBOMRelease07|Win32
		{5FA2C8AD-8E29-4C6A-A598-EE4E802A33FB}.UBOMRelease07|x86.ActiveCfg = UBOMRelease07|Win32
		{5FA2C8AD-8E29-4C6A-A598-EE4E802A33FB}.UBOMRelease07|x86.Build.0 = UBOMRelease07|Win32
		{5FA2C8AD-8E29-4C6A-A598-EE4E802A33FB}.UBOMRelease10|x64.ActiveCfg = UBOMRelease07|Win32
		{5FA2C8AD-8E29-4C6A-A598-EE4E802A33FB}.UBOMRelease10|x64.Build.0 = UBOMRelease07|Win32
		{5FA2C8AD-8E29-4C6A-A598-EE4E802A33FB}.UBOMRelease10|x86.ActiveCfg = UBOMRelease07|Win32
		{5FA2C8AD-8E29-4C6A-A598-EE4E802A33FB}.UBOMRelease10|x86.Build.0 = UBOMRelease07|Win32
		{5FA2C8AD-8E29-4C6A-A598-EE4E802A33FB}.ZrxTmaDebug|x64.ActiveCfg = Release|Win32
		{5FA2C8AD-8E29-4C6A-A598-EE4E802A33FB}.ZrxTmaDebug|x64.Build.0 = Release|Win32
		{5FA2C8AD-8E29-4C6A-A598-EE4E802A33FB}.ZrxTmaDebug|x86.ActiveCfg = Debug|Win32
		{5FA2C8AD-8E29-4C6A-A598-EE4E802A33FB}.ZrxTmaDebug|x86.Build.0 = Debug|Win32
		{FD9BF80A-54D5-EF4C-ED57-F356C3A8EB6F}.ArxLMADebug07|x64.ActiveCfg = PncRelease|Win32
		{FD9BF80A-54D5-EF4C-ED57-F356C3A8EB6F}.ArxLMADebug07|x64.Build.0 = PncRelease|Win32
		{FD9BF80A-54D5-EF4C-ED57-F356C3A8EB6F}.ArxLMADebug07|x86.ActiveCfg = Debug|Win32
		{FD9BF80A-54D5-EF4C-ED57-F356C3A8EB6F}.ArxLMADebug07|x86.Build.0 = Debug|Win32
		{FD9BF80A-54D5-EF4C-ED57-F356C3A8EB6F}.CryptRelease2|x64.ActiveCfg = PncRelease|Win32
		{FD9BF80A-54D5-EF4C-ED57-F356C3A8EB6F}.CryptRelease2|x64.Build.0 = PncRelease|Win32
		{FD9BF80A-54D5-EF4C-ED57-F356C3A8EB6F}.CryptRelease2|x86.ActiveCfg = Release|Win32
		{FD9BF80A-54D5-EF4C-ED57-F356C3A8EB6F}.CryptRelease2|x86.Build.0 = Release|Win32
		{FD9BF80A-54D5-EF4C-ED57-F356C3A8EB6F}.Debug|x64.ActiveCfg = Debug|Win32
		{FD9BF80A-54D5-EF4C-ED57-F356C3A8EB6F}.Debug|x86.ActiveCfg = Debug|Win32
		{FD9BF80A-54D5-EF4C-ED57-F356C3A8EB6F}.Debug|x86.Build.0 = Debug|Win32
		{FD9BF80A-54D5-EF4C-ED57-F356C3A8EB6F}.Debug05|x64.ActiveCfg = UBOMRelease07|Win32
		{FD9BF80A-54D5-EF4C-ED57-F356C3A8EB6F}.Debug05|x64.Build.0 = UBOMRelease07|Win32
		{FD9BF80A-54D5-EF4C-ED57-F356C3A8EB6F}.Debug05|x86.ActiveCfg = Debug|Win32
		{FD9BF80A-54D5-EF4C-ED57-F356C3A8EB6F}.Debug05|x86.Build.0 = Debug|Win32
		{FD9BF80A-54D5-EF4C-ED57-F356C3A8EB6F}.Debug2007|x64.ActiveCfg = UBOMRelease07|Win32
		{FD9BF80A-54D5-EF4C-ED57-F356C3A8EB6F}.Debug2007|x64.Build.0 = UBOMRelease07|Win32
		{FD9BF80A-54D5-EF4C-ED57-F356C3A8EB6F}.Debug2007|x86.ActiveCfg = Debug|Win32
		{FD9BF80A-54D5-EF4C-ED57-F356C3A8EB6F}.Debug2007|x86.Build.0 = Debug|Win32
		{FD9BF80A-54D5-EF4C-ED57-F356C3A8EB6F}.Debug2010|x64.ActiveCfg = UBOMRelease07|Win32
		{FD9BF80A-54D5-EF4C-ED57-F356C3A8EB6F}.Debug2010|x64.Build.0 = UBOMRelease07|Win32
		{FD9BF80A-54D5-EF4C-ED57-F356C3A8EB6F}.Debug2010|x86.ActiveCfg = Debug|Win32
		{FD9BF80A-54D5-EF4C-ED57-F356C3A8EB6F}.Debug2010|x86.Build.0 = Debug|Win32
		{FD9BF80A-54D5-EF4C-ED57-F356C3A8EB6F}.DebugDll05|x64.ActiveCfg = Release|Win32
		{FD9BF80A-54D5-EF4C-ED57-F356C3A8EB6F}.DebugDll05|x64.Build.0 = Release|Win32
		{FD9BF80A-54D5-EF4C-ED57-F356C3A8EB6F}.DebugDll05|x86.ActiveCfg = Debug|Win32
		{FD9BF80A-54D5-EF4C-ED57-F356C3A8EB6F}.DebugDll05|x86.Build.0 = Debug|Win32
		{FD9BF80A-54D5-EF4C-ED57-F356C3A8EB6F}.InterDebug|x64.ActiveCfg = PncRelease|Win32
		{FD9BF80A-54D5-EF4C-ED57-F356C3A8EB6F}.InterDebug|x64.Build.0 = PncRelease|Win32
		{FD9BF80A-54D5-EF4C-ED57-F356C3A8EB6F}.InterDebug|x86.ActiveCfg = Debug|Win32
		{FD9BF80A-54D5-EF4C-ED57-F356C3A8EB6F}.InterDebug|x86.Build.0 = Debug|Win32
		{FD9BF80A-54D5-EF4C-ED57-F356C3A8EB6F}.InterRelease|x64.ActiveCfg = PncRelease|Win32
		{FD9BF80A-54D5-EF4C-ED57-F356C3A8EB6F}.InterRelease|x64.Build.0 = PncRelease|Win32
		{FD9BF80A-54D5-EF4C-ED57-F356C3A8EB6F}.InterRelease|x86.ActiveCfg = Release|Win32
		{FD9BF80A-54D5-EF4C-ED57-F356C3A8EB6F}.InterRelease|x86.Build.0 = Release|Win32
		{FD9BF80A-54D5-EF4C-ED57-F356C3A8EB6F}.LegacyDebug|x64.ActiveCfg = PncRelease|Win32
		{FD9BF80A-54D5-EF4C-ED57-F356C3A8EB6F}.LegacyDebug|x64.Build.0 = PncRelease|Win32
		{FD9BF80A-54D5-EF4C-ED57-F356C3A8EB6F}.LegacyDebug|x86.ActiveCfg = Debug|Win32
		{FD9BF80A-54D5-EF4C-ED57-F356C3A8EB6F}.LegacyDebug|x86.Build.0 = Debug|Win32
		{FD9BF80A-54D5-EF4C-ED57-F356C3A8EB6F}.PncRelease|x64.ActiveCfg = PncRelease|Win32
		{FD9BF80A-54D5-EF4C-ED57-F356C3A8EB6F}.PncRelease|x86.ActiveCfg = PncRelease|Win32
		{FD9BF80A-54D5-EF4C-ED57-F356C3A8EB6F}.PncRelease|x86.Build.0 = PncRelease|Win32
		{FD9BF80A-54D5-EF4C-ED57-F356C3A8EB6F}.Release|x64.ActiveCfg = Release|Win32
		{FD9BF80A-54D5-EF4C-ED57-F356C3A8EB6F}.Release|x86.ActiveCfg = Release|Win32
		{FD9BF80A-54D5-EF4C-ED57-F356C3A8EB6F}.Release|x86.Build.0 = Release|Win32
		{FD9BF80A-54D5-EF4C-ED57-F356C3A8EB6F}.Release05|x64.ActiveCfg = UBOMRelease07|Win32
		{FD9BF80A-54D5-EF4C-ED57-F356C3A8EB6F}.Release05|x64.Build.0 = UBOMRelease07|Win32
		{FD9BF80A-54D5-EF4C-ED57-F356C3A8EB6F}.Release05|x86.ActiveCfg = Release|Win32
		{FD9BF80A-54D5-EF4C-ED57-F356C3A8EB6F}.Release05|x86.Build.0 = Release|Win32
		{FD9BF80A-54D5-EF4C-ED57-F356C3A8EB6F}.Release07|x64.ActiveCfg = UBOMRelease07|Win32
		{FD9BF80A-54D5-EF4C-ED57-F356C3A8EB6F}.Release07|x64.Build.0 = UBOMRelease07|Win32
		{FD9BF80A-54D5-EF4C-ED57-F356C3A8EB6F}.Release07|x86.ActiveCfg = UBOMRelease07|Win32
		{FD9BF80A-54D5-EF4C-ED57-F356C3A8EB6F}.Release07|x86.Build.0 = UBOMRelease07|Win32
		{FD9BF80A-54D5-EF4C-ED57-F356C3A8EB6F}.Release10|x64.ActiveCfg = UBOMRelease07|Win32
		{FD9BF80A-54D5-EF4C-ED57-F356C3A8EB6F}.Release10|x64.Build.0 = UBOMRelease07|Win32
		{FD9BF80A-54D5-EF4C-ED57-F356C3A8EB6F}.Release10|x86.ActiveCfg = Release|Win32
		{FD9BF80A-54D5-EF4C-ED57-F356C3A8EB6F}.Release10|x86.Build.0 = Release|Win32
		{FD9BF80A-54D5-EF4C-ED57-F356C3A8EB6F}.Release2|x64.ActiveCfg = Release|Win32
		{FD9BF80A-54D5-EF4C-ED57-F356C3A8EB6F}.Release2|x64.Build.0 = Release|Win32
		{FD9BF80A-54D5-EF4C-ED57-F356C3A8EB6F}.Release2|x86.ActiveCfg = Release|Win32
		{FD9BF80A-54D5-EF4C-ED57-F356C3A8EB6F}.Release2|x86.Build.0 = Release|Win32
		{FD9BF80A-54D5-EF4C-ED57-F356C3A8EB6F}.Release3|x64.ActiveCfg = Release|Win32
		{FD9BF80A-54D5-EF4C-ED57-F356C3A8EB6F}.Release3|x64.Build.0 = Release|Win32
		{FD9BF80A-54D5-EF4C-ED57-F356C3A8EB6F}.Release3|x86.ActiveCfg = Release|Win32
		{FD9BF80A-54D5-EF4C-ED57-F356C3A8EB6F}.Release3|x86.Build.0 = Release|Win32
		{FD9BF80A-54D5-EF4C-ED57-F356C3A8EB6F}.ReleaseZrx19|x64.ActiveCfg = UBOMRelease07|Win32
		{FD9BF80A-54D5-EF4C-ED57-F356C3A8EB6F}.ReleaseZrx19|x64.Build.0 = UBOMRelease07|Win32
		{FD9BF80A-54D5-EF4C-ED57-F356C3A8EB6F}.ReleaseZrx19|x86.ActiveCfg = Release|Win32
		{FD9BF80A-54D5-EF4C-ED57-F356C3A8EB6F}.ReleaseZrx19|x86.Build.0 = Release|Win32
		{FD9BF80A-54D5-EF4C-ED57-F356C3A8EB6F}.ServerDebug|x64.ActiveCfg = PncRelease|Win32
		{FD9BF80A-54D5-EF4C-ED57-F356C3A8EB6F}.ServerDebug|x64.Build.0 = PncRelease|Win32
		{FD9BF80A-54D5-EF4C-ED57-F356C3A8EB6F}.ServerDebug|x86.ActiveCfg = Debug|Win32
		{FD9BF80A-54D5-EF4C-ED57-F356C3A8EB6F}.ServerDebug|x86.Build.0 = Debug|Win32
		{FD9BF80A-54D5-EF4C-ED57-F356C3A8EB6F}.ServerRelease|x64.ActiveCfg = PncRelease|Win32
		{FD9BF80A-54D5-EF4C-ED57-F356C3A8EB6F}.ServerRelease|x64.Build.0 = PncRelease|Win32
		{FD9BF80A-54D5-EF4C-ED57-F356C3A8EB6F}.ServerRelease|x86.ActiveCfg = Release|Win32
		{FD9BF80A-54D5-EF4C-ED57-F356C3A8EB6F}.ServerRelease|x86.Build.0 = Release|Win32
		{FD9BF80A-54D5-EF4C-ED57-F356C3A8EB6F}.UBOMDebug05|x64.ActiveCfg = UBOMRelease07|Win32
		{FD9BF80A-54D5-EF4C-ED57-F356C3A8EB6F}.UBOMDebug05|x64.Build.0 = UBOMRelease07|Win32
		{FD9BF80A-54D5-EF4C-ED57-F356C3A8EB6F}.UBOMDebug05|x86.ActiveCfg = Debug|Win32
		{FD9BF80A-54D5-EF4C-ED57-F356C3A8EB6F}.UBOMDebug05|x86.Build.0 = Debug|Win32
		{FD9BF80A-54D5-EF4C-ED57-F356C3A8EB6F}.UBOMDebug7|x64.ActiveCfg = UBOMRelease07|Win32
		{FD9BF80A-54D5-EF4C-ED57-F356C3A8EB6F}.UBOMDebug7|x64.Build.0 = UBOMRelease07|Win32
		{FD9BF80A-54D5-EF4C-ED57-F356C3A8EB6F}.UBOMDebug7|x86.ActiveCfg = Debug|Win32
		{FD9BF80A-54D5-EF4C-ED57-F356C3A8EB6F}.UBOMDebug7|x86.Build.0 = Debug|Win32
		{FD9BF80A-54D5-EF4C-ED57-F356C3A8EB6F}.UBOMRelease|x64.ActiveCfg = UBOMRelease07|Win32
		{FD9BF80A-54D5-EF4C-ED57-F356C3A8EB6F}.UBOMRelease|x64.Build.0 = UBOMRelease07|Win32
		{FD9BF80A-54D5-EF4C-ED57-F356C3A8EB6F}.UBOMRelease|x86.ActiveCfg = UBOMRelease07|Win32
		{FD9BF80A-54D5-EF4C-ED57-F356C3A8EB6F}.UBOMRelease|x86.Build.0 = UBOMRelease07|Win32
		{FD9BF80A-54D5-EF4C-ED57-F356C3A8EB6F}.UBOMRelease05|x64.ActiveCfg = UBOMRelease07|Win32
		{FD9BF80A-54D5-EF4C-ED57-F356C3A8EB6F}.UBOMRelease05|x64.Build.0 = UBOMRelease07|Win32
		{FD9BF80A-54D5-EF4C-ED57-F356C3A8EB6F}.UBOMRelease05|x86.ActiveCfg = UBOMRelease07|Win32
		{FD9BF80A-54D5-EF4C-ED57-F356C3A8EB6F}.UBOMRelease05|x86.Build.0 = UBOMRelease07|Win32
		{FD9BF80A-54D5-EF4C-ED57-F356C3A8EB6F}.UBOMRelease07|x64.ActiveCfg = UBOMRelease07|Win32
		{FD9BF80A-54D5-EF4C-ED57-F356C3A8EB6F}.UBOMRelease07|x86.ActiveCfg = UBOMRelease07|Win32
		{FD9BF80A-54D5-EF4C-ED57-F356C3A8EB6F}.UBOMRelease07|x86.Build.0 = UBOMRelease07|Win32
		{FD9BF80A-54D5-EF4C-ED57-F356C3A8EB6F}.UBOMRelease10|x64.ActiveCfg = UBOMRelease07|Win32
		{FD9BF80A-54D5-EF4C-ED57-F356C3A8EB6F}.UBOMRelease10|x64.Build.0 = UBOMRelease07|Win32
		{FD9BF80A-54D5-EF4C-ED57-F356C3A8EB6F}.UBOMRelease10|x86.ActiveCfg = UBOMRelease07|Win32
		{FD9BF80A-54D5-EF4C-ED57-F356C3A8EB6F}.UBOMRelease10|x86.Build.0 = UBOMRelease07|Win32
		{FD9BF80A-54D5-EF4C-ED57-F356C3A8EB6F}.ZrxTmaDebug|x64.ActiveCfg = Release|Win32
		{FD9BF80A-54D5-EF4C-ED57-F356C3A8EB6F}.ZrxTmaDebug|x64.Build.0 = Release|Win32
		{FD9BF80A-54D5-EF4C-ED57-F356C3A8EB6F}.ZrxTmaDebug|x86.ActiveCfg = Debug|Win32
		{FD9BF80A-54D5-EF4C-ED57-F356C3A8EB6F}.ZrxTmaDebug|x86.Build.0 = Debug|Win32
		{41DB49B9-E6BE-4666-89A9-D159A9A9CACB}.ArxLMADebug07|x64.ActiveCfg = Release|Win32
		{41DB49B9-E6BE-4666-89A9-D159A9A9CACB}.ArxLMADebug07|x64.Build.0 = Release|Win32
		{41DB49B9-E6BE-4666-89A9-D159A9A9CACB}.ArxLMADebug07|x86.ActiveCfg = Debug|Win32
		{41DB49B9-E6BE-4666-89A9-D159A9A9CACB}.ArxLMADebug07|x86.Build.0 = Debug|Win32
		{41DB49B9-E6BE-4666-89A9-D159A9A9CACB}.CryptRelease2|x64.ActiveCfg = Release|Win32
		{41DB49B9-E6BE-4666-89A9-D159A9A9CACB}.CryptRelease2|x64.Build.0 = Release|Win32
		{41DB49B9-E6BE-4666-89A9-D159A9A9CACB}.CryptRelease2|x86.ActiveCfg = Release|Win32
		{41DB49B9-E6BE-4666-89A9-D159A9A9CACB}.CryptRelease2|x86.Build.0 = Release|Win32
		{41DB49B9-E6BE-4666-89A9-D159A9A9CACB}.Debug|x64.ActiveCfg = Debug|Win32
		{41DB49B9-E6BE-4666-89A9-D159A9A9CACB}.Debug|x86.ActiveCfg = Debug|Win32
		{41DB49B9-E6BE-4666-89A9-D159A9A9CACB}.Debug|x86.Build.0 = Debug|Win32
		{41DB49B9-E6BE-4666-89A9-D159A9A9CACB}.Debug05|x64.ActiveCfg = UBOMRelease|Win32
		{41DB49B9-E6BE-4666-89A9-D159A9A9CACB}.Debug05|x64.Build.0 = UBOMRelease|Win32
		{41DB49B9-E6BE-4666-89A9-D159A9A9CACB}.Debug05|x86.ActiveCfg = Debug|Win32
		{41DB49B9-E6BE-4666-89A9-D159A9A9CACB}.Debug05|x86.Build.0 = Debug|Win32
		{41DB49B9-E6BE-4666-89A9-D159A9A9CACB}.Debug2007|x64.ActiveCfg = UBOMRelease|Win32
		{41DB49B9-E6BE-4666-89A9-D159A9A9CACB}.Debug2007|x64.Build.0 = UBOMRelease|Win32
		{41DB49B9-E6BE-4666-89A9-D159A9A9CACB}.Debug2007|x86.ActiveCfg = Debug|Win32
		{41DB49B9-E6BE-4666-89A9-D159A9A9CACB}.Debug2007|x86.Build.0 = Debug|Win32
		{41DB49B9-E6BE-4666-89A9-D159A9A9CACB}.Debug2010|x64.ActiveCfg = UBOMRelease|Win32
		{41DB49B9-E6BE-4666-89A9-D159A9A9CACB}.Debug2010|x64.Build.0 = UBOMRelease|Win32
		{41DB49B9-E6BE-4666-89A9-D159A9A9CACB}.Debug2010|x86.ActiveCfg = Debug|Win32
		{41DB49B9-E6BE-4666-89A9-D159A9A9CACB}.Debug2010|x86.Build.0 = Debug|Win32
		{41DB49B9-E6BE-4666-89A9-D159A9A9CACB}.DebugDll05|x64.ActiveCfg = UBOMRelease07|Win32
		{41DB49B9-E6BE-4666-89A9-D159A9A9CACB}.DebugDll05|x64.Build.0 = UBOMRelease07|Win32
		{41DB49B9-E6BE-4666-89A9-D159A9A9CACB}.DebugDll05|x86.ActiveCfg = Debug|Win32
		{41DB49B9-E6BE-4666-89A9-D159A9A9CACB}.DebugDll05|x86.Build.0 = Debug|Win32
		{41DB49B9-E6BE-4666-89A9-D159A9A9CACB}.InterDebug|x64.ActiveCfg = Release|Win32
		{41DB49B9-E6BE-4666-89A9-D159A9A9CACB}.InterDebug|x64.Build.0 = Release|Win32
		{41DB49B9-E6BE-4666-89A9-D159A9A9CACB}.InterDebug|x86.ActiveCfg = Debug|Win32
		{41DB49B9-E6BE-4666-89A9-D159A9A9CACB}.InterDebug|x86.Build.0 = Debug|Win32
		{41DB49B9-E6BE-4666-89A9-D159A9A9CACB}.InterRelease|x64.ActiveCfg = Release|Win32
		{41DB49B9-E6BE-4666-89A9-D159A9A9CACB}.InterRelease|x64.Build.0 = Release|Win32
		{41DB49B9-E6BE-4666-89A9-D159A9A9CACB}.InterRelease|x86.ActiveCfg = Release|Win32
		{41DB49B9-E6BE-4666-89A9-D159A9A9CACB}.InterRelease|x86.Build.0 = Release|Win32
		{41DB49B9-E6BE-4666-89A9-D159A9A9CACB}.LegacyDebug|x64.ActiveCfg = Release|Win32
		{41DB49B9-E6BE-4666-89A9-D159A9A9CACB}.LegacyDebug|x64.Build.0 = Release|Win32
		{41DB49B9-E6BE-4666-89A9-D159A9A9CACB}.LegacyDebug|x86.ActiveCfg = Debug|Win32
		{41DB49B9-E6BE-4666-89A9-D159A9A9CACB}.LegacyDebug|x86.Build.0 = Debug|Win32
		{41DB49B9-E6BE-4666-89A9-D159A9A9CACB}.PncRelease|x64.ActiveCfg = UBOMRelease|Win32
		{41DB49B9-E6BE-4666-89A9-D159A9A9CACB}.PncRelease|x64.Build.0 = UBOMRelease|Win32
		{41DB49B9-E6BE-4666-89A9-D159A9A9CACB}.PncRelease|x86.ActiveCfg = Release|Win32
		{41DB49B9-E6BE-4666-89A9-D159A9A9CACB}.PncRelease|x86.Build.0 = Release|Win32
		{41DB49B9-E6BE-4666-89A9-D159A9A9CACB}.Release|x64.ActiveCfg = Release|Win32
		{41DB49B9-E6BE-4666-89A9-D159A9A9CACB}.Release|x86.ActiveCfg = Release|Win32
		{41DB49B9-E6BE-4666-89A9-D159A9A9CACB}.Release|x86.Build.0 = Release|Win32
		{41DB49B9-E6BE-4666-89A9-D159A9A9CACB}.Release05|x64.ActiveCfg = UBOMRelease|Win32
		{41DB49B9-E6BE-4666-89A9-D159A9A9CACB}.Release05|x64.Build.0 = UBOMRelease|Win32
		{41DB49B9-E6BE-4666-89A9-D159A9A9CACB}.Release05|x86.ActiveCfg = Release|Win32
		{41DB49B9-E6BE-4666-89A9-D159A9A9CACB}.Release05|x86.Build.0 = Release|Win32
		{41DB49B9-E6BE-4666-89A9-D159A9A9CACB}.Release07|x64.ActiveCfg = UBOMRelease|Win32
		{41DB49B9-E6BE-4666-89A9-D159A9A9CACB}.Release07|x64.Build.0 = UBOMRelease|Win32
		{41DB49B9-E6BE-4666-89A9-D159A9A9CACB}.Release07|x86.ActiveCfg = UBOMRelease07|Win32
		{41DB49B9-E6BE-4666-89A9-D159A9A9CACB}.Release07|x86.Build.0 = UBOMRelease07|Win32
		{41DB49B9-E6BE-4666-89A9-D159A9A9CACB}.Release10|x64.ActiveCfg = UBOMRelease|Win32
		{41DB49B9-E6BE-4666-89A9-D159A9A9CACB}.Release10|x64.Build.0 = UBOMRelease|Win32
		{41DB49B9-E6BE-4666-89A9-D159A9A9CACB}.Release10|x86.ActiveCfg = Release|Win32
		{41DB49B9-E6BE-4666-89A9-D159A9A9CACB}.Release10|x86.Build.0 = Release|Win32
		{41DB49B9-E6BE-4666-89A9-D159A9A9CACB}.Release2|x64.ActiveCfg = UBOMRelease07|Win32
		{41DB49B9-E6BE-4666-89A9-D159A9A9CACB}.Release2|x64.Build.0 = UBOMRelease07|Win32
		{41DB49B9-E6BE-4666-89A9-D159A9A9CACB}.Release2|x86.ActiveCfg = Release|Win32
		{41DB49B9-E6BE-4666-89A9-D159A9A9CACB}.Release2|x86.Build.0 = Release|Win32
		{41DB49B9-E6BE-4666-89A9-D159A9A9CACB}.Release3|x64.ActiveCfg = UBOMRelease07|Win32
		{41DB49B9-E6BE-4666-89A9-D159A9A9CACB}.Release3|x64.Build.0 = UBOMRelease07|Win32
		{41DB49B9-E6BE-4666-89A9-D159A9A9CACB}.Release3|x86.ActiveCfg = Release|Win32
		{41DB49B9-E6BE-4666-89A9-D159A9A9CACB}.Release3|x86.Build.0 = Release|Win32
		{41DB49B9-E6BE-4666-89A9-D159A9A9CACB}.ReleaseZrx19|x64.ActiveCfg = UBOMRelease|Win32
		{41DB49B9-E6BE-4666-89A9-D159A9A9CACB}.ReleaseZrx19|x64.Build.0 = UBOMRelease|Win32
		{41DB49B9-E6BE-4666-89A9-D159A9A9CACB}.ReleaseZrx19|x86.ActiveCfg = Release|Win32
		{41DB49B9-E6BE-4666-89A9-D159A9A9CACB}.ReleaseZrx19|x86.Build.0 = Release|Win32
		{41DB49B9-E6BE-4666-89A9-D159A9A9CACB}.ServerDebug|x64.ActiveCfg = Release|Win32
		{41DB49B9-E6BE-4666-89A9-D159A9A9CACB}.ServerDebug|x64.Build.0 = Release|Win32
		{41DB49B9-E6BE-4666-89A9-D159A9A9CACB}.ServerDebug|x86.ActiveCfg = Debug|Win32
		{41DB49B9-E6BE-4666-89A9-D159A9A9CACB}.ServerDebug|x86.Build.0 = Debug|Win32
		{41DB49B9-E6BE-4666-89A9-D159A9A9CACB}.ServerRelease|x64.ActiveCfg = Release|Win32
		{41DB49B9-E6BE-4666-89A9-D159A9A9CACB}.ServerRelease|x64.Build.0 = Release|Win32
		{41DB49B9-E6BE-4666-89A9-D159A9A9CACB}.ServerRelease|x86.ActiveCfg = Release|Win32
		{41DB49B9-E6BE-4666-89A9-D159A9A9CACB}.ServerRelease|x86.Build.0 = Release|Win32
		{41DB49B9-E6BE-4666-89A9-D159A9A9CACB}.UBOMDebug05|x64.ActiveCfg = UBOMRelease07|Win32
		{41DB49B9-E6BE-4666-89A9-D159A9A9CACB}.UBOMDebug05|x64.Build.0 = UBOMRelease07|Win32
		{41DB49B9-E6BE-4666-89A9-D159A9A9CACB}.UBOMDebug05|x86.ActiveCfg = Debug|Win32
		{41DB49B9-E6BE-4666-89A9-D159A9A9CACB}.UBOMDebug05|x86.Build.0 = Debug|Win32
		{41DB49B9-E6BE-4666-89A9-D159A9A9CACB}.UBOMDebug7|x64.ActiveCfg = UBOMRelease|Win32
		{41DB49B9-E6BE-4666-89A9-D159A9A9CACB}.UBOMDebug7|x64.Build.0 = UBOMRelease|Win32
		{41DB49B9-E6BE-4666-89A9-D159A9A9CACB}.UBOMDebug7|x86.ActiveCfg = Debug|Win32
		{41DB49B9-E6BE-4666-89A9-D159A9A9CACB}.UBOMDebug7|x86.Build.0 = Debug|Win32
		{41DB49B9-E6BE-4666-89A9-D159A9A9CACB}.UBOMRelease|x64.ActiveCfg = UBOMRelease|Win32
		{41DB49B9-E6BE-4666-89A9-D159A9A9CACB}.UBOMRelease|x86.ActiveCfg = UBOMRelease|Win32
		{41DB49B9-E6BE-4666-89A9-D159A9A9CACB}.UBOMRelease|x86.Build.0 = UBOMRelease|Win32
		{41DB49B9-E6BE-4666-89A9-D159A9A9CACB}.UBOMRelease05|x64.ActiveCfg = UBOMRelease|Win32
		{41DB49B9-E6BE-4666-89A9-D159A9A9CACB}.UBOMRelease05|x64.Build.0 = UBOMRelease|Win32
		{41DB49B9-E6BE-4666-89A9-D159A9A9CACB}.UBOMRelease05|x86.ActiveCfg = UBOMRelease07|Win32
		{41DB49B9-E6BE-4666-89A9-D159A9A9CACB}.UBOMRelease05|x86.Build.0 = UBOMRelease07|Win32
		{41DB49B9-E6BE-4666-89A9-D159A9A9CACB}.UBOMRelease07|x64.ActiveCfg = UBOMRelease07|Win32
		{41DB49B9-E6BE-4666-89A9-D159A9A9CACB}.UBOMRelease07|x86.ActiveCfg = UBOMRelease07|Win32
		{41DB49B9-E6BE-4666-89A9-D159A9A9CACB}.UBOMRelease07|x86.Build.0 = UBOMRelease07|Win32
		{41DB49B9-E6BE-4666-89A9-D159A9A9CACB}.UBOMRelease10|x64.ActiveCfg = UBOMRelease|Win32
		{41DB49B9-E6BE-4666-89A9-D159A9A9CACB}.UBOMRelease10|x64.Build.0 = UBOMRelease|Win32
		{41DB49B9-E6BE-4666-89A9-D159A9A9CACB}.UBOMRelease10|x86.ActiveCfg = UBOMRelease|Win32
		{41DB49B9-E6BE-4666-89A9-D159A9A9CACB}.UBOMRelease10|x86.Build.0 = UBOMRelease|Win32
		{41DB49B9-E6BE-4666-89A9-D159A9A9CACB}.ZrxTmaDebug|x64.ActiveCfg = UBOMRelease07|Win32
		{41DB49B9-E6BE-4666-89A9-D159A9A9CACB}.ZrxTmaDebug|x64.Build.0 = UBOMRelease07|Win32
		{41DB49B9-E6BE-4666-89A9-D159A9A9CACB}.ZrxTmaDebug|x86.ActiveCfg = Debug|Win32
		{41DB49B9-E6BE-4666-89A9-D159A9A9CACB}.ZrxTmaDebug|x86.Build.0 = Debug|Win32
		{C26EEFA0-001B-4099-97D9-15180514FF8E}.ArxLMADebug07|x64.ActiveCfg = UBOMRelease07|Win32
		{C26EEFA0-001B-4099-97D9-15180514FF8E}.ArxLMADebug07|x64.Build.0 = UBOMRelease07|Win32
		{C26EEFA0-001B-4099-97D9-15180514FF8E}.ArxLMADebug07|x86.ActiveCfg = Debug|Win32
		{C26EEFA0-001B-4099-97D9-15180514FF8E}.ArxLMADebug07|x86.Build.0 = Debug|Win32
		{C26EEFA0-001B-4099-97D9-15180514FF8E}.CryptRelease2|x64.ActiveCfg = UBOMRelease07|Win32
		{C26EEFA0-001B-4099-97D9-15180514FF8E}.CryptRelease2|x64.Build.0 = UBOMRelease07|Win32
		{C26EEFA0-001B-4099-97D9-15180514FF8E}.CryptRelease2|x86.ActiveCfg = Release|Win32
		{C26EEFA0-001B-4099-97D9-15180514FF8E}.CryptRelease2|x86.Build.0 = Release|Win32
		{C26EEFA0-001B-4099-97D9-15180514FF8E}.Debug|x64.ActiveCfg = Debug|Win32
		{C26EEFA0-001B-4099-97D9-15180514FF8E}.Debug|x86.ActiveCfg = Debug|Win32
		{C26EEFA0-001B-4099-97D9-15180514FF8E}.Debug|x86.Build.0 = Debug|Win32
		{C26EEFA0-001B-4099-97D9-15180514FF8E}.Debug05|x64.ActiveCfg = Release|Win32
		{C26EEFA0-001B-4099-97D9-15180514FF8E}.Debug05|x64.Build.0 = Release|Win32
		{C26EEFA0-001B-4099-97D9-15180514FF8E}.Debug05|x86.ActiveCfg = Debug|Win32
		{C26EEFA0-001B-4099-97D9-15180514FF8E}.Debug05|x86.Build.0 = Debug|Win32
		{C26EEFA0-001B-4099-97D9-15180514FF8E}.Debug2007|x64.ActiveCfg = Release|Win32
		{C26EEFA0-001B-4099-97D9-15180514FF8E}.Debug2007|x64.Build.0 = Release|Win32
		{C26EEFA0-001B-4099-97D9-15180514FF8E}.Debug2007|x86.ActiveCfg = Debug|Win32
		{C26EEFA0-001B-4099-97D9-15180514FF8E}.Debug2007|x86.Build.0 = Debug|Win32
		{C26EEFA0-001B-4099-97D9-15180514FF8E}.Debug2010|x64.ActiveCfg = Release|Win32
		{C26EEFA0-001B-4099-97D9-15180514FF8E}.Debug2010|x64.Build.0 = Release|Win32
		{C26EEFA0-001B-4099-97D9-15180514FF8E}.Debug2010|x86.ActiveCfg = Debug|Win32
		{C26EEFA0-001B-4099-97D9-15180514FF8E}.Debug2010|x86.Build.0 = Debug|Win32
		{C26EEFA0-001B-4099-97D9-15180514FF8E}.DebugDll05|x64.ActiveCfg = Release|Win32
		{C26EEFA0-001B-4099-97D9-15180514FF8E}.DebugDll05|x64.Build.0 = Release|Win32
		{C26EEFA0-001B-4099-97D9-15180514FF8E}.DebugDll05|x86.ActiveCfg = Debug|Win32
		{C26EEFA0-001B-4099-97D9-15180514FF8E}.DebugDll05|x86.Build.0 = Debug|Win32
		{C26EEFA0-001B-4099-97D9-15180514FF8E}.InterDebug|x64.ActiveCfg = UBOMRelease07|Win32
		{C26EEFA0-001B-4099-97D9-15180514FF8E}.InterDebug|x64.Build.0 = UBOMRelease07|Win32
		{C26EEFA0-001B-4099-97D9-15180514FF8E}.InterDebug|x86.ActiveCfg = Debug|Win32
		{C26EEFA0-001B-4099-97D9-15180514FF8E}.InterDebug|x86.Build.0 = Debug|Win32
		{C26EEFA0-001B-4099-97D9-15180514FF8E}.InterRelease|x64.ActiveCfg = UBOMRelease07|Win32
		{C26EEFA0-001B-4099-97D9-15180514FF8E}.InterRelease|x64.Build.0 = UBOMRelease07|Win32
		{C26EEFA0-001B-4099-97D9-15180514FF8E}.InterRelease|x86.ActiveCfg = Release|Win32
		{C26EEFA0-001B-4099-97D9-15180514FF8E}.InterRelease|x86.Build.0 = Release|Win32
		{C26EEFA0-001B-4099-97D9-15180514FF8E}.LegacyDebug|x64.ActiveCfg = UBOMRelease07|Win32
		{C26EEFA0-001B-4099-97D9-15180514FF8E}.LegacyDebug|x64.Build.0 = UBOMRelease07|Win32
		{C26EEFA0-001B-4099-97D9-15180514FF8E}.LegacyDebug|x86.ActiveCfg = Debug|Win32
		{C26EEFA0-001B-4099-97D9-15180514FF8E}.LegacyDebug|x86.Build.0 = Debug|Win32
		{C26EEFA0-001B-4099-97D9-15180514FF8E}.PncRelease|x64.ActiveCfg = Release|Win32
		{C26EEFA0-001B-4099-97D9-15180514FF8E}.PncRelease|x64.Build.0 = Release|Win32
		{C26EEFA0-001B-4099-97D9-15180514FF8E}.PncRelease|x86.ActiveCfg = Release|Win32
		{C26EEFA0-001B-4099-97D9-15180514FF8E}.PncRelease|x86.Build.0 = Release|Win32
		{C26EEFA0-001B-4099-97D9-15180514FF8E}.Release|x64.ActiveCfg = Release|Win32
		{C26EEFA0-001B-4099-97D9-15180514FF8E}.Release|x86.ActiveCfg = Release|Win32
		{C26EEFA0-001B-4099-97D9-15180514FF8E}.Release|x86.Build.0 = Release|Win32
		{C26EEFA0-001B-4099-97D9-15180514FF8E}.Release05|x64.ActiveCfg = Release|Win32
		{C26EEFA0-001B-4099-97D9-15180514FF8E}.Release05|x64.Build.0 = Release|Win32
		{C26EEFA0-001B-4099-97D9-15180514FF8E}.Release05|x86.ActiveCfg = Release|Win32
		{C26EEFA0-001B-4099-97D9-15180514FF8E}.Release05|x86.Build.0 = Release|Win32
		{C26EEFA0-001B-4099-97D9-15180514FF8E}.Release07|x64.ActiveCfg = Release|Win32
		{C26EEFA0-001B-4099-97D9-15180514FF8E}.Release07|x64.Build.0 = Release|Win32
		{C26EEFA0-001B-4099-97D9-15180514FF8E}.Release07|x86.ActiveCfg = Release|Win32
		{C26EEFA0-001B-4099-97D9-15180514FF8E}.Release07|x86.Build.0 = Release|Win32
		{C26EEFA0-001B-4099-97D9-15180514FF8E}.Release10|x64.ActiveCfg = Release|Win32
		{C26EEFA0-001B-4099-97D9-15180514FF8E}.Release10|x64.Build.0 = Release|Win32
		{C26EEFA0-001B-4099-97D9-15180514FF8E}.Release10|x86.ActiveCfg = Release|Win32
		{C26EEFA0-001B-4099-97D9-15180514FF8E}.Release10|x86.Build.0 = Release|Win32
		{C26EEFA0-001B-4099-97D9-15180514FF8E}.Release2|x64.ActiveCfg = Release|Win32
		{C26EEFA0-001B-4099-97D9-15180514FF8E}.Release2|x64.Build.0 = Release|Win32
		{C26EEFA0-001B-4099-97D9-15180514FF8E}.Release2|x86.ActiveCfg = Release|Win32
		{C26EEFA0-001B-4099-97D9-15180514FF8E}.Release2|x86.Build.0 = Release|Win32
		{C26EEFA0-001B-4099-97D9-15180514FF8E}.Release3|x64.ActiveCfg = Release|Win32
		{C26EEFA0-001B-4099-97D9-15180514FF8E}.Release3|x64.Build.0 = Release|Win32
		{C26EEFA0-001B-4099-97D9-15180514FF8E}.Release3|x86.ActiveCfg = Release|Win32
		{C26EEFA0-001B-4099-97D9-15180514FF8E}.Release3|x86.Build.0 = Release|Win32
		{C26EEFA0-001B-4099-97D9-15180514FF8E}.ReleaseZrx19|x64.ActiveCfg = Release|Win32
		{C26EEFA0-001B-4099-97D9-15180514FF8E}.ReleaseZrx19|x64.Build.0 = Release|Win32
		{C26EEFA0-001B-4099-97D9-15180514FF8E}.ReleaseZrx19|x86.ActiveCfg = Release|Win32
		{C26EEFA0-001B-4099-97D9-15180514FF8E}.ReleaseZrx19|x86.Build.0 = Release|Win32
		{C26EEFA0-001B-4099-97D9-15180514FF8E}.ServerDebug|x64.ActiveCfg = UBOMRelease07|Win32
		{C26EEFA0-001B-4099-97D9-15180514FF8E}.ServerDebug|x64.Build.0 = UBOMRelease07|Win32
		{C26EEFA0-001B-4099-97D9-15180514FF8E}.ServerDebug|x86.ActiveCfg = Debug|Win32
		{C26EEFA0-001B-4099-97D9-15180514FF8E}.ServerDebug|x86.Build.0 = Debug|Win32
		{C26EEFA0-001B-4099-97D9-15180514FF8E}.ServerRelease|x64.ActiveCfg = UBOMRelease07|Win32
		{C26EEFA0-001B-4099-97D9-15180514FF8E}.ServerRelease|x64.Build.0 = UBOMRelease07|Win32
		{C26EEFA0-001B-4099-97D9-15180514FF8E}.ServerRelease|x86.ActiveCfg = Release|Win32
		{C26EEFA0-001B-4099-97D9-15180514FF8E}.ServerRelease|x86.Build.0 = Release|Win32
		{C26EEFA0-001B-4099-97D9-15180514FF8E}.UBOMDebug05|x64.ActiveCfg = Release|Win32
		{C26EEFA0-001B-4099-97D9-15180514FF8E}.UBOMDebug05|x86.ActiveCfg = Debug|Win32
		{C26EEFA0-001B-4099-97D9-15180514FF8E}.UBOMDebug7|x64.ActiveCfg = Release|Win32
		{C26EEFA0-001B-4099-97D9-15180514FF8E}.UBOMDebug7|x64.Build.0 = Release|Win32
		{C26EEFA0-001B-4099-97D9-15180514FF8E}.UBOMDebug7|x86.ActiveCfg = Debug|Win32
		{C26EEFA0-001B-4099-97D9-15180514FF8E}.UBOMDebug7|x86.Build.0 = Debug|Win32
		{C26EEFA0-001B-4099-97D9-15180514FF8E}.UBOMRelease|x64.ActiveCfg = Release|Win32
		{C26EEFA0-001B-4099-97D9-15180514FF8E}.UBOMRelease|x64.Build.0 = Release|Win32
		{C26EEFA0-001B-4099-97D9-15180514FF8E}.UBOMRelease|x86.ActiveCfg = Release|Win32
		{C26EEFA0-001B-4099-97D9-15180514FF8E}.UBOMRelease|x86.Build.0 = Release|Win32
		{C26EEFA0-001B-4099-97D9-15180514FF8E}.UBOMRelease05|x64.ActiveCfg = Release|Win32
		{C26EEFA0-001B-4099-97D9-15180514FF8E}.UBOMRelease05|x64.Build.0 = Release|Win32
		{C26EEFA0-001B-4099-97D9-15180514FF8E}.UBOMRelease05|x86.ActiveCfg = Release|Win32
		{C26EEFA0-001B-4099-97D9-15180514FF8E}.UBOMRelease05|x86.Build.0 = Release|Win32
		{C26EEFA0-001B-4099-97D9-15180514FF8E}.UBOMRelease07|x64.ActiveCfg = Release|Win32
		{C26EEFA0-001B-4099-97D9-15180514FF8E}.UBOMRelease07|x64.Build.0 = Release|Win32
		{C26EEFA0-001B-4099-97D9-15180514FF8E}.UBOMRelease07|x86.ActiveCfg = Release|Win32
		{C26EEFA0-001B-4099-97D9-15180514FF8E}.UBOMRelease07|x86.Build.0 = Release|Win32
		{C26EEFA0-001B-4099-97D9-15180514FF8E}.UBOMRelease10|x64.ActiveCfg = Release|Win32
		{C26EEFA0-001B-4099-97D9-15180514FF8E}.UBOMRelease10|x64.Build.0 = Release|Win32
		{C26EEFA0-001B-4099-97D9-15180514FF8E}.UBOMRelease10|x86.ActiveCfg = Release|Win32
		{C26EEFA0-001B-4099-97D9-15180514FF8E}.UBOMRelease10|x86.Build.0 = Release|Win32
		{C26EEFA0-001B-4099-97D9-15180514FF8E}.ZrxTmaDebug|x64.ActiveCfg = Release|Win32
		{C26EEFA0-001B-4099-97D9-15180514FF8E}.ZrxTmaDebug|x64.Build.0 = Release|Win32
		{C26EEFA0-001B-4099-97D9-15180514FF8E}.ZrxTmaDebug|x86.ActiveCfg = Debug|Win32
		{C26EEFA0-001B-4099-97D9-15180514FF8E}.ZrxTmaDebug|x86.Build.0 = Debug|Win32
		{242DD998-71A3-4FD8-A420-0529EBB7199B}.ArxLMADebug07|x64.ActiveCfg = Release|Win32
		{242DD998-71A3-4FD8-A420-0529EBB7199B}.ArxLMADebug07|x64.Build.0 = Release|Win32
		{242DD998-71A3-4FD8-A420-0529EBB7199B}.ArxLMADebug07|x86.ActiveCfg = Debug|Win32
		{242DD998-71A3-4FD8-A420-0529EBB7199B}.ArxLMADebug07|x86.Build.0 = Debug|Win32
		{242DD998-71A3-4FD8-A420-0529EBB7199B}.CryptRelease2|x64.ActiveCfg = Release|Win32
		{242DD998-71A3-4FD8-A420-0529EBB7199B}.CryptRelease2|x64.Build.0 = Release|Win32
		{242DD998-71A3-4FD8-A420-0529EBB7199B}.CryptRelease2|x86.ActiveCfg = Release|Win32
		{242DD998-71A3-4FD8-A420-0529EBB7199B}.CryptRelease2|x86.Build.0 = Release|Win32
		{242DD998-71A3-4FD8-A420-0529EBB7199B}.Debug|x64.ActiveCfg = Debug|Win32
		{242DD998-71A3-4FD8-A420-0529EBB7199B}.Debug|x86.ActiveCfg = Debug|Win32
		{242DD998-71A3-4FD8-A420-0529EBB7199B}.Debug|x86.Build.0 = Debug|Win32
		{242DD998-71A3-4FD8-A420-0529EBB7199B}.Debug05|x64.ActiveCfg = Release|Win32
		{242DD998-71A3-4FD8-A420-0529EBB7199B}.Debug05|x64.Build.0 = Release|Win32
		{242DD998-71A3-4FD8-A420-0529EBB7199B}.Debug05|x86.ActiveCfg = Debug|Win32
		{242DD998-71A3-4FD8-A420-0529EBB7199B}.Debug05|x86.Build.0 = Debug|Win32
		{242DD998-71A3-4FD8-A420-0529EBB7199B}.Debug2007|x64.ActiveCfg = Release|Win32
		{242DD998-71A3-4FD8-A420-0529EBB7199B}.Debug2007|x64.Build.0 = Release|Win32
		{242DD998-71A3-4FD8-A420-0529EBB7199B}.Debug2007|x86.ActiveCfg = Debug|Win32
		{242DD998-71A3-4FD8-A420-0529EBB7199B}.Debug2007|x86.Build.0 = Debug|Win32
		{242DD998-71A3-4FD8-A420-0529EBB7199B}.Debug2010|x64.ActiveCfg = Release|Win32
		{242DD998-71A3-4FD8-A420-0529EBB7199B}.Debug2010|x64.Build.0 = Release|Win32
		{242DD998-71A3-4FD8-A420-0529EBB7199B}.Debug2010|x86.ActiveCfg = Debug|Win32
		{242DD998-71A3-4FD8-A420-0529EBB7199B}.Debug2010|x86.Build.0 = Debug|Win32
		{242DD998-71A3-4FD8-A420-0529EBB7199B}.DebugDll05|x64.ActiveCfg = Release|Win32
		{242DD998-71A3-4FD8-A420-0529EBB7199B}.DebugDll05|x64.Build.0 = Release|Win32
		{242DD998-71A3-4FD8-A420-0529EBB7199B}.DebugDll05|x86.ActiveCfg = Debug|Win32
		{242DD998-71A3-4FD8-A420-0529EBB7199B}.DebugDll05|x86.Build.0 = Debug|Win32
		{242DD998-71A3-4FD8-A420-0529EBB7199B}.InterDebug|x64.ActiveCfg = Release|Win32
		{242DD998-71A3-4FD8-A420-0529EBB7199B}.InterDebug|x64.Build.0 = Release|Win32
		{242DD998-71A3-4FD8-A420-0529EBB7199B}.InterDebug|x86.ActiveCfg = Debug|Win32
		{242DD998-71A3-4FD8-A420-0529EBB7199B}.InterDebug|x86.Build.0 = Debug|Win32
		{242DD998-71A3-4FD8-A420-0529EBB7199B}.InterRelease|x64.ActiveCfg = Release|Win32
		{242DD998-71A3-4FD8-A420-0529EBB7199B}.InterRelease|x64.Build.0 = Release|Win32
		{242DD998-71A3-4FD8-A420-0529EBB7199B}.InterRelease|x86.ActiveCfg = Release|Win32
		{242DD998-71A3-4FD8-A420-0529EBB7199B}.InterRelease|x86.Build.0 = Release|Win32
		{242DD998-71A3-4FD8-A420-0529EBB7199B}.LegacyDebug|x64.ActiveCfg = Release|Win32
		{242DD998-71A3-4FD8-A420-0529EBB7199B}.LegacyDebug|x64.Build.0 = Release|Win32
		{242DD998-71A3-4FD8-A420-0529EBB7199B}.LegacyDebug|x86.ActiveCfg = Debug|Win32
		{242DD998-71A3-4FD8-A420-0529EBB7199B}.LegacyDebug|x86.Build.0 = Debug|Win32
		{242DD998-71A3-4FD8-A420-0529EBB7199B}.PncRelease|x64.ActiveCfg = Release|Win32
		{242DD998-71A3-4FD8-A420-0529EBB7199B}.PncRelease|x64.Build.0 = Release|Win32
		{242DD998-71A3-4FD8-A420-0529EBB7199B}.PncRelease|x86.ActiveCfg = Release|Win32
		{242DD998-71A3-4FD8-A420-0529EBB7199B}.PncRelease|x86.Build.0 = Release|Win32
		{242DD998-71A3-4FD8-A420-0529EBB7199B}.Release|x64.ActiveCfg = Release|Win32
		{242DD998-71A3-4FD8-A420-0529EBB7199B}.Release|x86.ActiveCfg = Release|Win32
		{242DD998-71A3-4FD8-A420-0529EBB7199B}.Release|x86.Build.0 = Release|Win32
		{242DD998-71A3-4FD8-A420-0529EBB7199B}.Release05|x64.ActiveCfg = Release|Win32
		{242DD998-71A3-4FD8-A420-0529EBB7199B}.Release05|x64.Build.0 = Release|Win32
		{242DD998-71A3-4FD8-A420-0529EBB7199B}.Release05|x86.ActiveCfg = Release|Win32
		{242DD998-71A3-4FD8-A420-0529EBB7199B}.Release05|x86.Build.0 = Release|Win32
		{242DD998-71A3-4FD8-A420-0529EBB7199B}.Release07|x64.ActiveCfg = Release|Win32
		{242DD998-71A3-4FD8-A420-0529EBB7199B}.Release07|x64.Build.0 = Release|Win32
		{242DD998-71A3-4FD8-A420-0529EBB7199B}.Release07|x86.ActiveCfg = Release|Win32
		{242DD998-71A3-4FD8-A420-0529EBB7199B}.Release07|x86.Build.0 = Release|Win32
		{242DD998-71A3-4FD8-A420-0529EBB7199B}.Release10|x64.ActiveCfg = Release|Win32
		{242DD998-71A3-4FD8-A420-0529EBB7199B}.Release10|x64.Build.0 = Release|Win32
		{242DD998-71A3-4FD8-A420-0529EBB7199B}.Release10|x86.ActiveCfg = Release|Win32
		{242DD998-71A3-4FD8-A420-0529EBB7199B}.Release10|x86.Build.0 = Release|Win32
		{242DD998-71A3-4FD8-A420-0529EBB7199B}.Release2|x64.ActiveCfg = Release|Win32
		{242DD998-71A3-4FD8-A420-0529EBB7199B}.Release2|x64.Build.0 = Release|Win32
		{242DD998-71A3-4FD8-A420-0529EBB7199B}.Release2|x86.ActiveCfg = Release|Win32
		{242DD998-71A3-4FD8-A420-0529EBB7199B}.Release2|x86.Build.0 = Release|Win32
		{242DD998-71A3-4FD8-A420-0529EBB7199B}.Release3|x64.ActiveCfg = Release|Win32
		{242DD998-71A3-4FD8-A420-0529EBB7199B}.Release3|x64.Build.0 = Release|Win32
		{242DD998-71A3-4FD8-A420-0529EBB7199B}.Release3|x86.ActiveCfg = Release|Win32
		{242DD998-71A3-4FD8-A420-0529EBB7199B}.Release3|x86.Build.0 = Release|Win32
		{242DD998-71A3-4FD8-A420-0529EBB7199B}.ReleaseZrx19|x64.ActiveCfg = Release|Win32
		{242DD998-71A3-4FD8-A420-0529EBB7199B}.ReleaseZrx19|x64.Build.0 = Release|Win32
		{242DD998-71A3-4FD8-A420-0529EBB7199B}.ReleaseZrx19|x86.ActiveCfg = Release|Win32
		{242DD998-71A3-4FD8-A420-0529EBB7199B}.ReleaseZrx19|x86.Build.0 = Release|Win32
		{242DD998-71A3-4FD8-A420-0529EBB7199B}.ServerDebug|x64.ActiveCfg = Release|Win32
		{242DD998-71A3-4FD8-A420-0529EBB7199B}.ServerDebug|x64.Build.0 = Release|Win32
		{242DD998-71A3-4FD8-A420-0529EBB7199B}.ServerDebug|x86.ActiveCfg = Debug|Win32
		{242DD998-71A3-4FD8-A420-0529EBB7199B}.ServerDebug|x86.Build.0 = Debug|Win32
		{242DD998-71A3-4FD8-A420-0529EBB7199B}.ServerRelease|x64.ActiveCfg = Release|Win32
		{242DD998-71A3-4FD8-A420-0529EBB7199B}.ServerRelease|x64.Build.0 = Release|Win32
		{242DD998-71A3-4FD8-A420-0529EBB7199B}.ServerRelease|x86.ActiveCfg = Release|Win32
		{242DD998-71A3-4FD8-A420-0529EBB7199B}.ServerRelease|x86.Build.0 = Release|Win32
		{242DD998-71A3-4FD8-A420-0529EBB7199B}.UBOMDebug05|x64.ActiveCfg = Debug|Win32
		{242DD998-71A3-4FD8-A420-0529EBB7199B}.UBOMDebug05|x86.ActiveCfg = Debug|Win32
		{242DD998-71A3-4FD8-A420-0529EBB7199B}.UBOMDebug7|x64.ActiveCfg = Release|Win32
		{242DD998-71A3-4FD8-A420-0529EBB7199B}.UBOMDebug7|x64.Build.0 = Release|Win32
		{242DD998-71A3-4FD8-A420-0529EBB7199B}.UBOMDebug7|x86.ActiveCfg = Debug|Win32
		{242DD998-71A3-4FD8-A420-0529EBB7199B}.UBOMDebug7|x86.Build.0 = Debug|Win32
		{242DD998-71A3-4FD8-A420-0529EBB7199B}.UBOMRelease|x64.ActiveCfg = Release|Win32
		{242DD998-71A3-4FD8-A420-0529EBB7199B}.UBOMRelease|x64.Build.0 = Release|Win32
		{242DD998-71A3-4FD8-A420-0529EBB7199B}.UBOMRelease|x86.ActiveCfg = Release|Win32
		{242DD998-71A3-4FD8-A420-0529EBB7199B}.UBOMRelease|x86.Build.0 = Release|Win32
		{242DD998-71A3-4FD8-A420-0529EBB7199B}.UBOMRelease05|x64.ActiveCfg = Release|Win32
		{242DD998-71A3-4FD8-A420-0529EBB7199B}.UBOMRelease05|x64.Build.0 = Release|Win32
		{242DD998-71A3-4FD8-A420-0529EBB7199B}.UBOMRelease05|x86.ActiveCfg = Release|Win32
		{242DD998-71A3-4FD8-A420-0529EBB7199B}.UBOMRelease05|x86.Build.0 = Release|Win32
		{242DD998-71A3-4FD8-A420-0529EBB7199B}.UBOMRelease07|x64.ActiveCfg = Release|Win32
		{242DD998-71A3-4FD8-A420-0529EBB7199B}.UBOMRelease07|x64.Build.0 = Release|Win32
		{242DD998-71A3-4FD8-A420-0529EBB7199B}.UBOMRelease07|x86.ActiveCfg = Release|Win32
		{242DD998-71A3-4FD8-A420-0529EBB7199B}.UBOMRelease07|x86.Build.0 = Release|Win32
		{242DD998-71A3-4FD8-A420-0529EBB7199B}.UBOMRelease10|x64.ActiveCfg = Release|Win32
		{242DD998-71A3-4FD8-A420-0529EBB7199B}.UBOMRelease10|x64.Build.0 = Release|Win32
		{242DD998-71A3-4FD8-A420-0529EBB7199B}.UBOMRelease10|x86.ActiveCfg = Release|Win32
		{242DD998-71A3-4FD8-A420-0529EBB7199B}.UBOMRelease10|x86.Build.0 = Release|Win32
		{242DD998-71A3-4FD8-A420-0529EBB7199B}.ZrxTmaDebug|x64.ActiveCfg = Release|Win32
		{242DD998-71A3-4FD8-A420-0529EBB7199B}.ZrxTmaDebug|x64.Build.0 = Release|Win32
		{242DD998-71A3-4FD8-A420-0529EBB7199B}.ZrxTmaDebug|x86.ActiveCfg = Debug|Win32
		{242DD998-71A3-4FD8-A420-0529EBB7199B}.ZrxTmaDebug|x86.Build.0 = Debug|Win32
		{2ABA5B96-8DE6-462A-84DC-C2E4F365B1A3}.ArxLMADebug07|x64.ActiveCfg = Release|Win32
		{2ABA5B96-8DE6-462A-84DC-C2E4F365B1A3}.ArxLMADebug07|x64.Build.0 = Release|Win32
		{2ABA5B96-8DE6-462A-84DC-C2E4F365B1A3}.ArxLMADebug07|x86.ActiveCfg = Debug|Win32
		{2ABA5B96-8DE6-462A-84DC-C2E4F365B1A3}.ArxLMADebug07|x86.Build.0 = Debug|Win32
		{2ABA5B96-8DE6-462A-84DC-C2E4F365B1A3}.CryptRelease2|x64.ActiveCfg = Release|Win32
		{2ABA5B96-8DE6-462A-84DC-C2E4F365B1A3}.CryptRelease2|x64.Build.0 = Release|Win32
		{2ABA5B96-8DE6-462A-84DC-C2E4F365B1A3}.CryptRelease2|x86.ActiveCfg = Release|Win32
		{2ABA5B96-8DE6-462A-84DC-C2E4F365B1A3}.CryptRelease2|x86.Build.0 = Release|Win32
		{2ABA5B96-8DE6-462A-84DC-C2E4F365B1A3}.Debug|x64.ActiveCfg = Debug|Win32
		{2ABA5B96-8DE6-462A-84DC-C2E4F365B1A3}.Debug|x86.ActiveCfg = Debug|Win32
		{2ABA5B96-8DE6-462A-84DC-C2E4F365B1A3}.Debug|x86.Build.0 = Debug|Win32
		{2ABA5B96-8DE6-462A-84DC-C2E4F365B1A3}.Debug05|x64.ActiveCfg = Release|Win32
		{2ABA5B96-8DE6-462A-84DC-C2E4F365B1A3}.Debug05|x64.Build.0 = Release|Win32
		{2ABA5B96-8DE6-462A-84DC-C2E4F365B1A3}.Debug05|x86.ActiveCfg = Debug|Win32
		{2ABA5B96-8DE6-462A-84DC-C2E4F365B1A3}.Debug05|x86.Build.0 = Debug|Win32
		{2ABA5B96-8DE6-462A-84DC-C2E4F365B1A3}.Debug2007|x64.ActiveCfg = Release|Win32
		{2ABA5B96-8DE6-462A-84DC-C2E4F365B1A3}.Debug2007|x64.Build.0 = Release|Win32
		{2ABA5B96-8DE6-462A-84DC-C2E4F365B1A3}.Debug2007|x86.ActiveCfg = Debug|Win32
		{2ABA5B96-8DE6-462A-84DC-C2E4F365B1A3}.Debug2007|x86.Build.0 = Debug|Win32
		{2ABA5B96-8DE6-462A-84DC-C2E4F365B1A3}.Debug2010|x64.ActiveCfg = Release|Win32
		{2ABA5B96-8DE6-462A-84DC-C2E4F365B1A3}.Debug2010|x64.Build.0 = Release|Win32
		{2ABA5B96-8DE6-462A-84DC-C2E4F365B1A3}.Debug2010|x86.ActiveCfg = Debug|Win32
		{2ABA5B96-8DE6-462A-84DC-C2E4F365B1A3}.Debug2010|x86.Build.0 = Debug|Win32
		{2ABA5B96-8DE6-462A-84DC-C2E4F365B1A3}.DebugDll05|x64.ActiveCfg = Release|Win32
		{2ABA5B96-8DE6-462A-84DC-C2E4F365B1A3}.DebugDll05|x64.Build.0 = Release|Win32
		{2ABA5B96-8DE6-462A-84DC-C2E4F365B1A3}.DebugDll05|x86.ActiveCfg = Debug|Win32
		{2ABA5B96-8DE6-462A-84DC-C2E4F365B1A3}.DebugDll05|x86.Build.0 = Debug|Win32
		{2ABA5B96-8DE6-462A-84DC-C2E4F365B1A3}.InterDebug|x64.ActiveCfg = Release|Win32
		{2ABA5B96-8DE6-462A-84DC-C2E4F365B1A3}.InterDebug|x64.Build.0 = Release|Win32
		{2ABA5B96-8DE6-462A-84DC-C2E4F365B1A3}.InterDebug|x86.ActiveCfg = Debug|Win32
		{2ABA5B96-8DE6-462A-84DC-C2E4F365B1A3}.InterDebug|x86.Build.0 = Debug|Win32
		{2ABA5B96-8DE6-462A-84DC-C2E4F365B1A3}.InterRelease|x64.ActiveCfg = Release|Win32
		{2ABA5B96-8DE6-462A-84DC-C2E4F365B1A3}.InterRelease|x64.Build.0 = Release|Win32
		{2ABA5B96-8DE6-462A-84DC-C2E4F365B1A3}.InterRelease|x86.ActiveCfg = Release|Win32
		{2ABA5B96-8DE6-462A-84DC-C2E4F365B1A3}.InterRelease|x86.Build.0 = Release|Win32
		{2ABA5B96-8DE6-462A-84DC-C2E4F365B1A3}.LegacyDebug|x64.ActiveCfg = Release|Win32
		{2ABA5B96-8DE6-462A-84DC-C2E4F365B1A3}.LegacyDebug|x64.Build.0 = Release|Win32
		{2ABA5B96-8DE6-462A-84DC-C2E4F365B1A3}.LegacyDebug|x86.ActiveCfg = Debug|Win32
		{2ABA5B96-8DE6-462A-84DC-C2E4F365B1A3}.LegacyDebug|x86.Build.0 = Debug|Win32
		{2ABA5B96-8DE6-462A-84DC-C2E4F365B1A3}.PncRelease|x64.ActiveCfg = Release|Win32
		{2ABA5B96-8DE6-462A-84DC-C2E4F365B1A3}.PncRelease|x64.Build.0 = Release|Win32
		{2ABA5B96-8DE6-462A-84DC-C2E4F365B1A3}.PncRelease|x86.ActiveCfg = Release|Win32
		{2ABA5B96-8DE6-462A-84DC-C2E4F365B1A3}.PncRelease|x86.Build.0 = Release|Win32
		{2ABA5B96-8DE6-462A-84DC-C2E4F365B1A3}.Release|x64.ActiveCfg = Release|Win32
		{2ABA5B96-8DE6-462A-84DC-C2E4F365B1A3}.Release|x86.ActiveCfg = Release|Win32
		{2ABA5B96-8DE6-462A-84DC-C2E4F365B1A3}.Release|x86.Build.0 = Release|Win32
		{2ABA5B96-8DE6-462A-84DC-C2E4F365B1A3}.Release05|x64.ActiveCfg = Release|Win32
		{2ABA5B96-8DE6-462A-84DC-C2E4F365B1A3}.Release05|x64.Build.0 = Release|Win32
		{2ABA5B96-8DE6-462A-84DC-C2E4F365B1A3}.Release05|x86.ActiveCfg = Release|Win32
		{2ABA5B96-8DE6-462A-84DC-C2E4F365B1A3}.Release05|x86.Build.0 = Release|Win32
		{2ABA5B96-8DE6-462A-84DC-C2E4F365B1A3}.Release07|x64.ActiveCfg = Release|Win32
		{2ABA5B96-8DE6-462A-84DC-C2E4F365B1A3}.Release07|x64.Build.0 = Release|Win32
		{2ABA5B96-8DE6-462A-84DC-C2E4F365B1A3}.Release07|x86.ActiveCfg = Release|Win32
		{2ABA5B96-8DE6-462A-84DC-C2E4F365B1A3}.Release07|x86.Build.0 = Release|Win32
		{2ABA5B96-8DE6-462A-84DC-C2E4F365B1A3}.Release10|x64.ActiveCfg = Release|Win32
		{2ABA5B96-8DE6-462A-84DC-C2E4F365B1A3}.Release10|x64.Build.0 = Release|Win32
		{2ABA5B96-8DE6-462A-84DC-C2E4F365B1A3}.Release10|x86.ActiveCfg = Release|Win32
		{2ABA5B96-8DE6-462A-84DC-C2E4F365B1A3}.Release10|x86.Build.0 = Release|Win32
		{2ABA5B96-8DE6-462A-84DC-C2E4F365B1A3}.Release2|x64.ActiveCfg = Release|Win32
		{2ABA5B96-8DE6-462A-84DC-C2E4F365B1A3}.Release2|x64.Build.0 = Release|Win32
		{2ABA5B96-8DE6-462A-84DC-C2E4F365B1A3}.Release2|x86.ActiveCfg = Release|Win32
		{2ABA5B96-8DE6-462A-84DC-C2E4F365B1A3}.Release2|x86.Build.0 = Release|Win32
		{2ABA5B96-8DE6-462A-84DC-C2E4F365B1A3}.Release3|x64.ActiveCfg = Release|Win32
		{2ABA5B96-8DE6-462A-84DC-C2E4F365B1A3}.Release3|x64.Build.0 = Release|Win32
		{2ABA5B96-8DE6-462A-84DC-C2E4F365B1A3}.Release3|x86.ActiveCfg = Release|Win32
		{2ABA5B96-8DE6-462A-84DC-C2E4F365B1A3}.Release3|x86.Build.0 = Release|Win32
		{2ABA5B96-8DE6-462A-84DC-C2E4F365B1A3}.ReleaseZrx19|x64.ActiveCfg = Release|Win32
		{2ABA5B96-8DE6-462A-84DC-C2E4F365B1A3}.ReleaseZrx19|x64.Build.0 = Release|Win32
		{2ABA5B96-8DE6-462A-84DC-C2E4F365B1A3}.ReleaseZrx19|x86.ActiveCfg = Release|Win32
		{2ABA5B96-8DE6-462A-84DC-C2E4F365B1A3}.ReleaseZrx19|x86.Build.0 = Release|Win32
		{2ABA5B96-8DE6-462A-84DC-C2E4F365B1A3}.ServerDebug|x64.ActiveCfg = Release|Win32
		{2ABA5B96-8DE6-462A-84DC-C2E4F365B1A3}.ServerDebug|x64.Build.0 = Release|Win32
		{2ABA5B96-8DE6-462A-84DC-C2E4F365B1A3}.ServerDebug|x86.ActiveCfg = Debug|Win32
		{2ABA5B96-8DE6-462A-84DC-C2E4F365B1A3}.ServerDebug|x86.Build.0 = Debug|Win32
		{2ABA5B96-8DE6-462A-84DC-C2E4F365B1A3}.ServerRelease|x64.ActiveCfg = Release|Win32
		{2ABA5B96-8DE6-462A-84DC-C2E4F365B1A3}.ServerRelease|x64.Build.0 = Release|Win32
		{2ABA5B96-8DE6-462A-84DC-C2E4F365B1A3}.ServerRelease|x86.ActiveCfg = Release|Win32
		{2ABA5B96-8DE6-462A-84DC-C2E4F365B1A3}.ServerRelease|x86.Build.0 = Release|Win32
		{2ABA5B96-8DE6-462A-84DC-C2E4F365B1A3}.UBOMDebug05|x64.ActiveCfg = Debug|Win32
		{2ABA5B96-8DE6-462A-84DC-C2E4F365B1A3}.UBOMDebug05|x86.ActiveCfg = Debug|Win32
		{2ABA5B96-8DE6-462A-84DC-C2E4F365B1A3}.UBOMDebug7|x64.ActiveCfg = Release|Win32
		{2ABA5B96-8DE6-462A-84DC-C2E4F365B1A3}.UBOMDebug7|x64.Build.0 = Release|Win32
		{2ABA5B96-8DE6-462A-84DC-C2E4F365B1A3}.UBOMDebug7|x86.ActiveCfg = Debug|Win32
		{2ABA5B96-8DE6-462A-84DC-C2E4F365B1A3}.UBOMDebug7|x86.Build.0 = Debug|Win32
		{2ABA5B96-8DE6-462A-84DC-C2E4F365B1A3}.UBOMRelease|x64.ActiveCfg = Release|Win32
		{2ABA5B96-8DE6-462A-84DC-C2E4F365B1A3}.UBOMRelease|x64.Build.0 = Release|Win32
		{2ABA5B96-8DE6-462A-84DC-C2E4F365B1A3}.UBOMRelease|x86.ActiveCfg = Release|Win32
		{2ABA5B96-8DE6-462A-84DC-C2E4F365B1A3}.UBOMRelease|x86.Build.0 = Release|Win32
		{2ABA5B96-8DE6-462A-84DC-C2E4F365B1A3}.UBOMRelease05|x64.ActiveCfg = Release|Win32
		{2ABA5B96-8DE6-462A-84DC-C2E4F365B1A3}.UBOMRelease05|x64.Build.0 = Release|Win32
		{2ABA5B96-8DE6-462A-84DC-C2E4F365B1A3}.UBOMRelease05|x86.ActiveCfg = Release|Win32
		{2ABA5B96-8DE6-462A-84DC-C2E4F365B1A3}.UBOMRelease05|x86.Build.0 = Release|Win32
		{2ABA5B96-8DE6-462A-84DC-C2E4F365B1A3}.UBOMRelease07|x64.ActiveCfg = Release|Win32
		{2ABA5B96-8DE6-462A-84DC-C2E4F365B1A3}.UBOMRelease07|x64.Build.0 = Release|Win32
		{2ABA5B96-8DE6-462A-84DC-C2E4F365B1A3}.UBOMRelease07|x86.ActiveCfg = Release|Win32
		{2ABA5B96-8DE6-462A-84DC-C2E4F365B1A3}.UBOMRelease07|x86.Build.0 = Release|Win32
		{2ABA5B96-8DE6-462A-84DC-C2E4F365B1A3}.UBOMRelease10|x64.ActiveCfg = Release|Win32
		{2ABA5B96-8DE6-462A-84DC-C2E4F365B1A3}.UBOMRelease10|x64.Build.0 = Release|Win32
		{2ABA5B96-8DE6-462A-84DC-C2E4F365B1A3}.UBOMRelease10|x86.ActiveCfg = Release|Win32
		{2ABA5B96-8DE6-462A-84DC-C2E4F365B1A3}.UBOMRelease10|x86.Build.0 = Release|Win32
		{2ABA5B96-8DE6-462A-84DC-C2E4F365B1A3}.ZrxTmaDebug|x64.ActiveCfg = Release|Win32
		{2ABA5B96-8DE6-462A-84DC-C2E4F365B1A3}.ZrxTmaDebug|x64.Build.0 = Release|Win32
		{2ABA5B96-8DE6-462A-84DC-C2E4F365B1A3}.ZrxTmaDebug|x86.ActiveCfg = Debug|Win32
		{2ABA5B96-8DE6-462A-84DC-C2E4F365B1A3}.ZrxTmaDebug|x86.Build.0 = Debug|Win32
		{B157E440-6FFE-4028-932E-F9300CE7B8CA}.ArxLMADebug07|x64.ActiveCfg = Release|Win32
		{B157E440-6FFE-4028-932E-F9300CE7B8CA}.ArxLMADebug07|x64.Build.0 = Release|Win32
		{B157E440-6FFE-4028-932E-F9300CE7B8CA}.ArxLMADebug07|x86.ActiveCfg = Debug|Win32
		{B157E440-6FFE-4028-932E-F9300CE7B8CA}.ArxLMADebug07|x86.Build.0 = Debug|Win32
		{B157E440-6FFE-4028-932E-F9300CE7B8CA}.CryptRelease2|x64.ActiveCfg = Release|Win32
		{B157E440-6FFE-4028-932E-F9300CE7B8CA}.CryptRelease2|x64.Build.0 = Release|Win32
		{B157E440-6FFE-4028-932E-F9300CE7B8CA}.CryptRelease2|x86.ActiveCfg = Release|Win32
		{B157E440-6FFE-4028-932E-F9300CE7B8CA}.CryptRelease2|x86.Build.0 = Release|Win32
		{B157E440-6FFE-4028-932E-F9300CE7B8CA}.Debug|x64.ActiveCfg = Debug|Win32
		{B157E440-6FFE-4028-932E-F9300CE7B8CA}.Debug|x86.ActiveCfg = Debug|Win32
		{B157E440-6FFE-4028-932E-F9300CE7B8CA}.Debug|x86.Build.0 = Debug|Win32
		{B157E440-6FFE-4028-932E-F9300CE7B8CA}.Debug05|x64.ActiveCfg = Release|Win32
		{B157E440-6FFE-4028-932E-F9300CE7B8CA}.Debug05|x64.Build.0 = Release|Win32
		{B157E440-6FFE-4028-932E-F9300CE7B8CA}.Debug05|x86.ActiveCfg = Debug|Win32
		{B157E440-6FFE-4028-932E-F9300CE7B8CA}.Debug05|x86.Build.0 = Debug|Win32
		{B157E440-6FFE-4028-932E-F9300CE7B8CA}.Debug2007|x64.ActiveCfg = Release|Win32
		{B157E440-6FFE-4028-932E-F9300CE7B8CA}.Debug2007|x64.Build.0 = Release|Win32
		{B157E440-6FFE-4028-932E-F9300CE7B8CA}.Debug2007|x86.ActiveCfg = Debug|Win32
		{B157E440-6FFE-4028-932E-F9300CE7B8CA}.Debug2007|x86.Build.0 = Debug|Win32
		{B157E440-6FFE-4028-932E-F9300CE7B8CA}.Debug2010|x64.ActiveCfg = Release|Win32
		{B157E440-6FFE-4028-932E-F9300CE7B8CA}.Debug2010|x64.Build.0 = Release|Win32
		{B157E440-6FFE-4028-932E-F9300CE7B8CA}.Debug2010|x86.ActiveCfg = Debug|Win32
		{B157E440-6FFE-4028-932E-F9300CE7B8CA}.Debug2010|x86.Build.0 = Debug|Win32
		{B157E440-6FFE-4028-932E-F9300CE7B8CA}.DebugDll05|x64.ActiveCfg = Release|Win32
		{B157E440-6FFE-4028-932E-F9300CE7B8CA}.DebugDll05|x64.Build.0 = Release|Win32
		{B157E440-6FFE-4028-932E-F9300CE7B8CA}.DebugDll05|x86.ActiveCfg = Debug|Win32
		{B157E440-6FFE-4028-932E-F9300CE7B8CA}.DebugDll05|x86.Build.0 = Debug|Win32
		{B157E440-6FFE-4028-932E-F9300CE7B8CA}.InterDebug|x64.ActiveCfg = Release|Win32
		{B157E440-6FFE-4028-932E-F9300CE7B8CA}.InterDebug|x64.Build.0 = Release|Win32
		{B157E440-6FFE-4028-932E-F9300CE7B8CA}.InterDebug|x86.ActiveCfg = Debug|Win32
		{B157E440-6FFE-4028-932E-F9300CE7B8CA}.InterDebug|x86.Build.0 = Debug|Win32
		{B157E440-6FFE-4028-932E-F9300CE7B8CA}.InterRelease|x64.ActiveCfg = Release|Win32
		{B157E440-6FFE-4028-932E-F9300CE7B8CA}.InterRelease|x64.Build.0 = Release|Win32
		{B157E440-6FFE-4028-932E-F9300CE7B8CA}.InterRelease|x86.ActiveCfg = Release|Win32
		{B157E440-6FFE-4028-932E-F9300CE7B8CA}.InterRelease|x86.Build.0 = Release|Win32
		{B157E440-6FFE-4028-932E-F9300CE7B8CA}.LegacyDebug|x64.ActiveCfg = Release|Win32
		{B157E440-6FFE-4028-932E-F9300CE7B8CA}.LegacyDebug|x64.Build.0 = Release|Win32
		{B157E440-6FFE-4028-932E-F9300CE7B8CA}.LegacyDebug|x86.ActiveCfg = Debug|Win32
		{B157E440-6FFE-4028-932E-F9300CE7B8CA}.LegacyDebug|x86.Build.0 = Debug|Win32
		{B157E440-6FFE-4028-932E-F9300CE7B8CA}.PncRelease|x64.ActiveCfg = Release|Win32
		{B157E440-6FFE-4028-932E-F9300CE7B8CA}.PncRelease|x64.Build.0 = Release|Win32
		{B157E440-6FFE-4028-932E-F9300CE7B8CA}.PncRelease|x86.ActiveCfg = Release|Win32
		{B157E440-6FFE-4028-932E-F9300CE7B8CA}.PncRelease|x86.Build.0 = Release|Win32
		{B157E440-6FFE-4028-932E-F9300CE7B8CA}.Release|x64.ActiveCfg = Release|Win32
		{B157E440-6FFE-4028-932E-F9300CE7B8CA}.Release|x86.ActiveCfg = Release|Win32
		{B157E440-6FFE-4028-932E-F9300CE7B8CA}.Release|x86.Build.0 = Release|Win32
		{B157E440-6FFE-4028-932E-F9300CE7B8CA}.Release05|x64.ActiveCfg = Release|Win32
		{B157E440-6FFE-4028-932E-F9300CE7B8CA}.Release05|x64.Build.0 = Release|Win32
		{B157E440-6FFE-4028-932E-F9300CE7B8CA}.Release05|x86.ActiveCfg = Release|Win32
		{B157E440-6FFE-4028-932E-F9300CE7B8CA}.Release05|x86.Build.0 = Release|Win32
		{B157E440-6FFE-4028-932E-F9300CE7B8CA}.Release07|x64.ActiveCfg = Release|Win32
		{B157E440-6FFE-4028-932E-F9300CE7B8CA}.Release07|x64.Build.0 = Release|Win32
		{B157E440-6FFE-4028-932E-F9300CE7B8CA}.Release07|x86.ActiveCfg = Release|Win32
		{B157E440-6FFE-4028-932E-F9300CE7B8CA}.Release07|x86.Build.0 = Release|Win32
		{B157E440-6FFE-4028-932E-F9300CE7B8CA}.Release10|x64.ActiveCfg = Release|Win32
		{B157E440-6FFE-4028-932E-F9300CE7B8CA}.Release10|x64.Build.0 = Release|Win32
		{B157E440-6FFE-4028-932E-F9300CE7B8CA}.Release10|x86.ActiveCfg = Release|Win32
		{B157E440-6FFE-4028-932E-F9300CE7B8CA}.Release10|x86.Build.0 = Release|Win32
		{B157E440-6FFE-4028-932E-F9300CE7B8CA}.Release2|x64.ActiveCfg = Release|Win32
		{B157E440-6FFE-4028-932E-F9300CE7B8CA}.Release2|x64.Build.0 = Release|Win32
		{B157E440-6FFE-4028-932E-F9300CE7B8CA}.Release2|x86.ActiveCfg = Release|Win32
		{B157E440-6FFE-4028-932E-F9300CE7B8CA}.Release2|x86.Build.0 = Release|Win32
		{B157E440-6FFE-4028-932E-F9300CE7B8CA}.Release3|x64.ActiveCfg = Release|Win32
		{B157E440-6FFE-4028-932E-F9300CE7B8CA}.Release3|x64.Build.0 = Release|Win32
		{B157E440-6FFE-4028-932E-F9300CE7B8CA}.Release3|x86.ActiveCfg = Release|Win32
		{B157E440-6FFE-4028-932E-F9300CE7B8CA}.Release3|x86.Build.0 = Release|Win32
		{B157E440-6FFE-4028-932E-F9300CE7B8CA}.ReleaseZrx19|x64.ActiveCfg = Release|Win32
		{B157E440-6FFE-4028-932E-F9300CE7B8CA}.ReleaseZrx19|x64.Build.0 = Release|Win32
		{B157E440-6FFE-4028-932E-F9300CE7B8CA}.ReleaseZrx19|x86.ActiveCfg = Release|Win32
		{B157E440-6FFE-4028-932E-F9300CE7B8CA}.ReleaseZrx19|x86.Build.0 = Release|Win32
		{B157E440-6FFE-4028-932E-F9300CE7B8CA}.ServerDebug|x64.ActiveCfg = Release|Win32
		{B157E440-6FFE-4028-932E-F9300CE7B8CA}.ServerDebug|x64.Build.0 = Release|Win32
		{B157E440-6FFE-4028-932E-F9300CE7B8CA}.ServerDebug|x86.ActiveCfg = Debug|Win32
		{B157E440-6FFE-4028-932E-F9300CE7B8CA}.ServerDebug|x86.Build.0 = Debug|Win32
		{B157E440-6FFE-4028-932E-F9300CE7B8CA}.ServerRelease|x64.ActiveCfg = Release|Win32
		{B157E440-6FFE-4028-932E-F9300CE7B8CA}.ServerRelease|x64.Build.0 = Release|Win32
		{B157E440-6FFE-4028-932E-F9300CE7B8CA}.ServerRelease|x86.ActiveCfg = Release|Win32
		{B157E440-6FFE-4028-932E-F9300CE7B8CA}.ServerRelease|x86.Build.0 = Release|Win32
		{B157E440-6FFE-4028-932E-F9300CE7B8CA}.UBOMDebug05|x64.ActiveCfg = Debug|Win32
		{B157E440-6FFE-4028-932E-F9300CE7B8CA}.UBOMDebug05|x86.ActiveCfg = Debug|Win32
		{B157E440-6FFE-4028-932E-F9300CE7B8CA}.UBOMDebug7|x64.ActiveCfg = Release|Win32
		{B157E440-6FFE-4028-932E-F9300CE7B8CA}.UBOMDebug7|x64.Build.0 = Release|Win32
		{B157E440-6FFE-4028-932E-F9300CE7B8CA}.UBOMDebug7|x86.ActiveCfg = Debug|Win32
		{B157E440-6FFE-4028-932E-F9300CE7B8CA}.UBOMDebug7|x86.Build.0 = Debug|Win32
		{B157E440-6FFE-4028-932E-F9300CE7B8CA}.UBOMRelease|x64.ActiveCfg = Release|Win32
		{B157E440-6FFE-4028-932E-F9300CE7B8CA}.UBOMRelease|x64.Build.0 = Release|Win32
		{B157E440-6FFE-4028-932E-F9300CE7B8CA}.UBOMRelease|x86.ActiveCfg = Release|Win32
		{B157E440-6FFE-4028-932E-F9300CE7B8CA}.UBOMRelease|x86.Build.0 = Release|Win32
		{B157E440-6FFE-4028-932E-F9300CE7B8CA}.UBOMRelease05|x64.ActiveCfg = Release|Win32
		{B157E440-6FFE-4028-932E-F9300CE7B8CA}.UBOMRelease05|x64.Build.0 = Release|Win32
		{B157E440-6FFE-4028-932E-F9300CE7B8CA}.UBOMRelease05|x86.ActiveCfg = Release|Win32
		{B157E440-6FFE-4028-932E-F9300CE7B8CA}.UBOMRelease05|x86.Build.0 = Release|Win32
		{B157E440-6FFE-4028-932E-F9300CE7B8CA}.UBOMRelease07|x64.ActiveCfg = Release|Win32
		{B157E440-6FFE-4028-932E-F9300CE7B8CA}.UBOMRelease07|x64.Build.0 = Release|Win32
		{B157E440-6FFE-4028-932E-F9300CE7B8CA}.UBOMRelease07|x86.ActiveCfg = Release|Win32
		{B157E440-6FFE-4028-932E-F9300CE7B8CA}.UBOMRelease07|x86.Build.0 = Release|Win32
		{B157E440-6FFE-4028-932E-F9300CE7B8CA}.UBOMRelease10|x64.ActiveCfg = Release|Win32
		{B157E440-6FFE-4028-932E-F9300CE7B8CA}.UBOMRelease10|x64.Build.0 = Release|Win32
		{B157E440-6FFE-4028-932E-F9300CE7B8CA}.UBOMRelease10|x86.ActiveCfg = Release|Win32
		{B157E440-6FFE-4028-932E-F9300CE7B8CA}.UBOMRelease10|x86.Build.0 = Release|Win32
		{B157E440-6FFE-4028-932E-F9300CE7B8CA}.ZrxTmaDebug|x64.ActiveCfg = Release|Win32
		{B157E440-6FFE-4028-932E-F9300CE7B8CA}.ZrxTmaDebug|x64.Build.0 = Release|Win32
		{B157E440-6FFE-4028-932E-F9300CE7B8CA}.ZrxTmaDebug|x86.ActiveCfg = Debug|Win32
		{B157E440-6FFE-4028-932E-F9300CE7B8CA}.ZrxTmaDebug|x86.Build.0 = Debug|Win32
		{15E44184-1225-4298-9278-7B83BABB7ADB}.ArxLMADebug07|x64.ActiveCfg = ArxLMADebug07|Win32
		{15E44184-1225-4298-9278-7B83BABB7ADB}.ArxLMADebug07|x86.ActiveCfg = ArxLMADebug07|Win32
		{15E44184-1225-4298-9278-7B83BABB7ADB}.ArxLMADebug07|x86.Build.0 = ArxLMADebug07|Win32
		{15E44184-1225-4298-9278-7B83BABB7ADB}.CryptRelease2|x64.ActiveCfg = CryptRelease2|Win32
		{15E44184-1225-4298-9278-7B83BABB7ADB}.CryptRelease2|x86.ActiveCfg = CryptRelease2|Win32
		{15E44184-1225-4298-9278-7B83BABB7ADB}.CryptRelease2|x86.Build.0 = CryptRelease2|Win32
		{15E44184-1225-4298-9278-7B83BABB7ADB}.Debug|x64.ActiveCfg = Debug|Win32
		{15E44184-1225-4298-9278-7B83BABB7ADB}.Debug|x86.ActiveCfg = Debug|Win32
		{15E44184-1225-4298-9278-7B83BABB7ADB}.Debug|x86.Build.0 = Debug|Win32
		{15E44184-1225-4298-9278-7B83BABB7ADB}.Debug05|x64.ActiveCfg = InterRelease|Win32
		{15E44184-1225-4298-9278-7B83BABB7ADB}.Debug05|x64.Build.0 = InterRelease|Win32
		{15E44184-1225-4298-9278-7B83BABB7ADB}.Debug05|x86.ActiveCfg = Debug|Win32
		{15E44184-1225-4298-9278-7B83BABB7ADB}.Debug05|x86.Build.0 = Debug|Win32
		{15E44184-1225-4298-9278-7B83BABB7ADB}.Debug2007|x64.ActiveCfg = InterRelease|Win32
		{15E44184-1225-4298-9278-7B83BABB7ADB}.Debug2007|x64.Build.0 = InterRelease|Win32
		{15E44184-1225-4298-9278-7B83BABB7ADB}.Debug2007|x86.ActiveCfg = Debug|Win32
		{15E44184-1225-4298-9278-7B83BABB7ADB}.Debug2007|x86.Build.0 = Debug|Win32
		{15E44184-1225-4298-9278-7B83BABB7ADB}.Debug2010|x64.ActiveCfg = InterRelease|Win32
		{15E44184-1225-4298-9278-7B83BABB7ADB}.Debug2010|x64.Build.0 = InterRelease|Win32
		{15E44184-1225-4298-9278-7B83BABB7ADB}.Debug2010|x86.ActiveCfg = Debug|Win32
		{15E44184-1225-4298-9278-7B83BABB7ADB}.Debug2010|x86.Build.0 = Debug|Win32
		{15E44184-1225-4298-9278-7B83BABB7ADB}.DebugDll05|x64.ActiveCfg = InterRelease|Win32
		{15E44184-1225-4298-9278-7B83BABB7ADB}.DebugDll05|x64.Build.0 = InterRelease|Win32
		{15E44184-1225-4298-9278-7B83BABB7ADB}.DebugDll05|x86.ActiveCfg = Debug|Win32
		{15E44184-1225-4298-9278-7B83BABB7ADB}.DebugDll05|x86.Build.0 = Debug|Win32
		{15E44184-1225-4298-9278-7B83BABB7ADB}.InterDebug|x64.ActiveCfg = InterDebug|Win32
		{15E44184-1225-4298-9278-7B83BABB7ADB}.InterDebug|x86.ActiveCfg = InterDebug|Win32
		{15E44184-1225-4298-9278-7B83BABB7ADB}.InterDebug|x86.Build.0 = InterDebug|Win32
		{15E44184-1225-4298-9278-7B83BABB7ADB}.InterRelease|x64.ActiveCfg = InterRelease|Win32
		{15E44184-1225-4298-9278-7B83BABB7ADB}.InterRelease|x86.ActiveCfg = InterRelease|Win32
		{15E44184-1225-4298-9278-7B83BABB7ADB}.InterRelease|x86.Build.0 = InterRelease|Win32
		{15E44184-1225-4298-9278-7B83BABB7ADB}.LegacyDebug|x64.ActiveCfg = LegacyDebug|Win32
		{15E44184-1225-4298-9278-7B83BABB7ADB}.LegacyDebug|x86.ActiveCfg = LegacyDebug|Win32
		{15E44184-1225-4298-9278-7B83BABB7ADB}.LegacyDebug|x86.Build.0 = LegacyDebug|Win32
		{15E44184-1225-4298-9278-7B83BABB7ADB}.PncRelease|x64.ActiveCfg = InterRelease|Win32
		{15E44184-1225-4298-9278-7B83BABB7ADB}.PncRelease|x64.Build.0 = InterRelease|Win32
		{15E44184-1225-4298-9278-7B83BABB7ADB}.PncRelease|x86.ActiveCfg = Release|Win32
		{15E44184-1225-4298-9278-7B83BABB7ADB}.PncRelease|x86.Build.0 = Release|Win32
		{15E44184-1225-4298-9278-7B83BABB7ADB}.Release|x64.ActiveCfg = Release|Win32
		{15E44184-1225-4298-9278-7B83BABB7ADB}.Release|x86.ActiveCfg = Release2|Win32
		{15E44184-1225-4298-9278-7B83BABB7ADB}.Release|x86.Build.0 = Release2|Win32
		{15E44184-1225-4298-9278-7B83BABB7ADB}.Release05|x64.ActiveCfg = InterRelease|Win32
		{15E44184-1225-4298-9278-7B83BABB7ADB}.Release05|x64.Build.0 = InterRelease|Win32
		{15E44184-1225-4298-9278-7B83BABB7ADB}.Release05|x86.ActiveCfg = Release|Win32
		{15E44184-1225-4298-9278-7B83BABB7ADB}.Release05|x86.Build.0 = Release|Win32
		{15E44184-1225-4298-9278-7B83BABB7ADB}.Release07|x64.ActiveCfg = InterRelease|Win32
		{15E44184-1225-4298-9278-7B83BABB7ADB}.Release07|x64.Build.0 = InterRelease|Win32
		{15E44184-1225-4298-9278-7B83BABB7ADB}.Release07|x86.ActiveCfg = UBOMRelease07|Win32
		{15E44184-1225-4298-9278-7B83BABB7ADB}.Release07|x86.Build.0 = UBOMRelease07|Win32
		{15E44184-1225-4298-9278-7B83BABB7ADB}.Release10|x64.ActiveCfg = InterRelease|Win32
		{15E44184-1225-4298-9278-7B83BABB7ADB}.Release10|x64.Build.0 = InterRelease|Win32
		{15E44184-1225-4298-9278-7B83BABB7ADB}.Release10|x86.ActiveCfg = Release|Win32
		{15E44184-1225-4298-9278-7B83BABB7ADB}.Release10|x86.Build.0 = Release|Win32
		{15E44184-1225-4298-9278-7B83BABB7ADB}.Release2|x64.ActiveCfg = Release2|Win32
		{15E44184-1225-4298-9278-7B83BABB7ADB}.Release2|x86.ActiveCfg = Release2|Win32
		{15E44184-1225-4298-9278-7B83BABB7ADB}.Release2|x86.Build.0 = Release2|Win32
		{15E44184-1225-4298-9278-7B83BABB7ADB}.Release3|x64.ActiveCfg = Release3|Win32
		{15E44184-1225-4298-9278-7B83BABB7ADB}.Release3|x86.ActiveCfg = Release3|Win32
		{15E44184-1225-4298-9278-7B83BABB7ADB}.Release3|x86.Build.0 = Release3|Win32
		{15E44184-1225-4298-9278-7B83BABB7ADB}.ReleaseZrx19|x64.ActiveCfg = InterRelease|Win32
		{15E44184-1225-4298-9278-7B83BABB7ADB}.ReleaseZrx19|x64.Build.0 = InterRelease|Win32
		{15E44184-1225-4298-9278-7B83BABB7ADB}.ReleaseZrx19|x86.ActiveCfg = Release|Win32
		{15E44184-1225-4298-9278-7B83BABB7ADB}.ReleaseZrx19|x86.Build.0 = Release|Win32
		{15E44184-1225-4298-9278-7B83BABB7ADB}.ServerDebug|x64.ActiveCfg = ServerDebug|Win32
		{15E44184-1225-4298-9278-7B83BABB7ADB}.ServerDebug|x86.ActiveCfg = ServerDebug|Win32
		{15E44184-1225-4298-9278-7B83BABB7ADB}.ServerDebug|x86.Build.0 = ServerDebug|Win32
		{15E44184-1225-4298-9278-7B83BABB7ADB}.ServerRelease|x64.ActiveCfg = ServerRelease|Win32
		{15E44184-1225-4298-9278-7B83BABB7ADB}.ServerRelease|x86.ActiveCfg = ServerRelease|Win32
		{15E44184-1225-4298-9278-7B83BABB7ADB}.ServerRelease|x86.Build.0 = ServerRelease|Win32
		{15E44184-1225-4298-9278-7B83BABB7ADB}.UBOMDebug05|x64.ActiveCfg = ServerRelease|Win32
		{15E44184-1225-4298-9278-7B83BABB7ADB}.UBOMDebug05|x86.ActiveCfg = Debug|Win32
		{15E44184-1225-4298-9278-7B83BABB7ADB}.UBOMDebug7|x64.ActiveCfg = InterRelease|Win32
		{15E44184-1225-4298-9278-7B83BABB7ADB}.UBOMDebug7|x64.Build.0 = InterRelease|Win32
		{15E44184-1225-4298-9278-7B83BABB7ADB}.UBOMDebug7|x86.ActiveCfg = Debug|Win32
		{15E44184-1225-4298-9278-7B83BABB7ADB}.UBOMDebug7|x86.Build.0 = Debug|Win32
		{15E44184-1225-4298-9278-7B83BABB7ADB}.UBOMRelease|x64.ActiveCfg = InterRelease|Win32
		{15E44184-1225-4298-9278-7B83BABB7ADB}.UBOMRelease|x64.Build.0 = InterRelease|Win32
		{15E44184-1225-4298-9278-7B83BABB7ADB}.UBOMRelease|x86.ActiveCfg = UBOMRelease07|Win32
		{15E44184-1225-4298-9278-7B83BABB7ADB}.UBOMRelease|x86.Build.0 = UBOMRelease07|Win32
		{15E44184-1225-4298-9278-7B83BABB7ADB}.UBOMRelease05|x64.ActiveCfg = InterRelease|Win32
		{15E44184-1225-4298-9278-7B83BABB7ADB}.UBOMRelease05|x64.Build.0 = InterRelease|Win32
		{15E44184-1225-4298-9278-7B83BABB7ADB}.UBOMRelease05|x86.ActiveCfg = UBOMRelease07|Win32
		{15E44184-1225-4298-9278-7B83BABB7ADB}.UBOMRelease05|x86.Build.0 = UBOMRelease07|Win32
		{15E44184-1225-4298-9278-7B83BABB7ADB}.UBOMRelease07|x64.ActiveCfg = UBOMRelease07|Win32
		{15E44184-1225-4298-9278-7B83BABB7ADB}.UBOMRelease07|x86.ActiveCfg = UBOMRelease07|Win32
		{15E44184-1225-4298-9278-7B83BABB7ADB}.UBOMRelease07|x86.Build.0 = UBOMRelease07|Win32
		{15E44184-1225-4298-9278-7B83BABB7ADB}.UBOMRelease10|x64.ActiveCfg = InterRelease|Win32
		{15E44184-1225-4298-9278-7B83BABB7ADB}.UBOMRelease10|x64.Build.0 = InterRelease|Win32
		{15E44184-1225-4298-9278-7B83BABB7ADB}.UBOMRelease10|x86.ActiveCfg = UBOMRelease07|Win32
		{15E44184-1225-4298-9278-7B83BABB7ADB}.UBOMRelease10|x86.Build.0 = UBOMRelease07|Win32
		{15E44184-1225-4298-9278-7B83BABB7ADB}.ZrxTmaDebug|x64.ActiveCfg = InterRelease|Win32
		{15E44184-1225-4298-9278-7B83BABB7ADB}.ZrxTmaDebug|x64.Build.0 = InterRelease|Win32
		{15E44184-1225-4298-9278-7B83BABB7ADB}.ZrxTmaDebug|x86.ActiveCfg = Debug|Win32
		{15E44184-1225-4298-9278-7B83BABB7ADB}.ZrxTmaDebug|x86.Build.0 = Debug|Win32
	EndGlobalSection
	GlobalSection(SolutionProperties) = preSolution
		HideSolutionNode = FALSE
	EndGlobalSection
	GlobalSection(ExtensibilityGlobals) = postSolution
		SolutionGuid = {BB115EF1-E0B5-4AF8-98CF-B49D0E0E7302}
	EndGlobalSection
	GlobalSection(SourceCodeControl) = preSolution
		SccNumberOfProjects = 1
		SccProjectUniqueName0 = PNC\\PNC.vcxproj
		SccProjectName0 = \u0022$/PNC\u0022,\u0020ZJMAAAAA
		SccLocalPath0 = PNC
		SccProvider0 = MSSCCI:Microsoft\u0020Visual\u0020SourceSafe
	EndGlobalSection
EndGlobal
