
Microsoft Visual Studio Solution File, Format Version 12.00
# Visual Studio 15
VisualStudioVersion = 15.0.28307.757
MinimumVisualStudioVersion = 10.0.40219.1
Project("{8BC9CEB8-8B4A-11D0-8D11-00A0C91BC942}") = "ConvertToNC", "ConvertToNC\ConvertToNC.vcxproj", "{B955B0A2-E26B-4087-A2DA-465844F1A0FE}"
EndProject
Project("{8BC9CEB8-8B4A-11D0-8D11-00A0C91BC942}") = "PEC", "PEC\PEC.vcxproj", "{5FA2C8AD-8E29-4C6A-A598-EE4E802A33FB}"
EndProject
Project("{8BC9CEB8-8B4A-11D0-8D11-00A0C91BC942}") = "PPE", "PPE\PPE.vcxproj", "{FD9BF80A-54D5-EF4C-ED57-F356C3A8EB6F}"
EndProject
Project("{8BC9CEB8-8B4A-11D0-8D11-00A0C91BC942}") = "PNC", "PNC\PNC.vcxproj", "{41DB49B9-E6BE-4666-89A9-D159A9A9CACB}"
EndProject
Project("{8BC9CEB8-8B4A-11D0-8D11-00A0C91BC942}") = "UBOM", "UBOM\UBOM.vcxproj", "{41144EFC-9FFC-442A-99E8-F6BAC835F21F}"
EndProject
Global
	GlobalSection(SolutionConfigurationPlatforms) = preSolution
		Debug|x64 = Debug|x64
		Debug|x86 = Debug|x86
		Debug05|x64 = Debug05|x64
		Debug05|x86 = Debug05|x86
		Debug2007|x64 = Debug2007|x64
		Debug2007|x86 = Debug2007|x86
		Debug2010|x64 = Debug2010|x64
		Debug2010|x86 = Debug2010|x86
		Debug7|x64 = Debug7|x64
		Debug7|x86 = Debug7|x86
		DebugDll05|x64 = DebugDll05|x64
		DebugDll05|x86 = DebugDll05|x86
		DebugDll10|x64 = DebugDll10|x64
		DebugDll10|x86 = DebugDll10|x86
		PncRelease|x64 = PncRelease|x64
		PncRelease|x86 = PncRelease|x86
		Release|x64 = Release|x64
		Release|x86 = Release|x86
		Release05|x64 = Release05|x64
		Release05|x86 = Release05|x86
		Release07|x64 = Release07|x64
		Release07|x86 = Release07|x86
		Release10|x64 = Release10|x64
		Release10|x86 = Release10|x86
		ReleaseZrx19|x64 = ReleaseZrx19|x64
		ReleaseZrx19|x86 = ReleaseZrx19|x86
		UBOMDebug|x64 = UBOMDebug|x64
		UBOMDebug|x86 = UBOMDebug|x86
		UBOMDebug05|x64 = UBOMDebug05|x64
		UBOMDebug05|x86 = UBOMDebug05|x86
		UBOMDebug7|x64 = UBOMDebug7|x64
		UBOMDebug7|x86 = UBOMDebug7|x86
		UBOMFroTMARelease05|x64 = UBOMFroTMARelease05|x64
		UBOMFroTMARelease05|x86 = UBOMFroTMARelease05|x86
		UBOMRelease|x64 = UBOMRelease|x64
		UBOMRelease|x86 = UBOMRelease|x86
		UBOMRelease05|x64 = UBOMRelease05|x64
		UBOMRelease05|x86 = UBOMRelease05|x86
		UBOMRelease05-Dock|x64 = UBOMRelease05-Dock|x64
		UBOMRelease05-Dock|x86 = UBOMRelease05-Dock|x86
		UBOMRelease07|x64 = UBOMRelease07|x64
		UBOMRelease07|x86 = UBOMRelease07|x86
		UBOMRelease10|x64 = UBOMRelease10|x64
		UBOMRelease10|x86 = UBOMRelease10|x86
		ZrxTmaDebug|x64 = ZrxTmaDebug|x64
		ZrxTmaDebug|x86 = ZrxTmaDebug|x86
	EndGlobalSection
	GlobalSection(ProjectConfigurationPlatforms) = postSolution
		{B955B0A2-E26B-4087-A2DA-465844F1A0FE}.Debug|x64.ActiveCfg = DebugDll05|Win32
		{B955B0A2-E26B-4087-A2DA-465844F1A0FE}.Debug|x64.Build.0 = DebugDll05|Win32
		{B955B0A2-E26B-4087-A2DA-465844F1A0FE}.Debug|x86.ActiveCfg = UBOMForTMARelease05|Win32
		{B955B0A2-E26B-4087-A2DA-465844F1A0FE}.Debug|x86.Build.0 = UBOMForTMARelease05|Win32
		{B955B0A2-E26B-4087-A2DA-465844F1A0FE}.Debug05|x64.ActiveCfg = Debug05|x64
		{B955B0A2-E26B-4087-A2DA-465844F1A0FE}.Debug05|x64.Build.0 = Debug05|x64
		{B955B0A2-E26B-4087-A2DA-465844F1A0FE}.Debug05|x86.ActiveCfg = Debug05|Win32
		{B955B0A2-E26B-4087-A2DA-465844F1A0FE}.Debug05|x86.Build.0 = Debug05|Win32
		{B955B0A2-E26B-4087-A2DA-465844F1A0FE}.Debug2007|x64.ActiveCfg = Debug2007|x64
		{B955B0A2-E26B-4087-A2DA-465844F1A0FE}.Debug2007|x64.Build.0 = Debug2007|x64
		{B955B0A2-E26B-4087-A2DA-465844F1A0FE}.Debug2007|x86.ActiveCfg = Debug2007|Win32
		{B955B0A2-E26B-4087-A2DA-465844F1A0FE}.Debug2007|x86.Build.0 = Debug2007|Win32
		{B955B0A2-E26B-4087-A2DA-465844F1A0FE}.Debug2010|x64.ActiveCfg = Debug2010|x64
		{B955B0A2-E26B-4087-A2DA-465844F1A0FE}.Debug2010|x64.Build.0 = Debug2010|x64
		{B955B0A2-E26B-4087-A2DA-465844F1A0FE}.Debug2010|x86.ActiveCfg = Debug2010|Win32
		{B955B0A2-E26B-4087-A2DA-465844F1A0FE}.Debug2010|x86.Build.0 = Debug2010|Win32
		{B955B0A2-E26B-4087-A2DA-465844F1A0FE}.Debug7|x64.ActiveCfg = UBOMDebug7|x64
		{B955B0A2-E26B-4087-A2DA-465844F1A0FE}.Debug7|x64.Build.0 = UBOMDebug7|x64
		{B955B0A2-E26B-4087-A2DA-465844F1A0FE}.Debug7|x86.ActiveCfg = UBOMDebug7|Win32
		{B955B0A2-E26B-4087-A2DA-465844F1A0FE}.Debug7|x86.Build.0 = UBOMDebug7|Win32
		{B955B0A2-E26B-4087-A2DA-465844F1A0FE}.DebugDll05|x64.ActiveCfg = DebugDll05|x64
		{B955B0A2-E26B-4087-A2DA-465844F1A0FE}.DebugDll05|x64.Build.0 = DebugDll05|x64
		{B955B0A2-E26B-4087-A2DA-465844F1A0FE}.DebugDll05|x86.ActiveCfg = DebugDll05|Win32
		{B955B0A2-E26B-4087-A2DA-465844F1A0FE}.DebugDll05|x86.Build.0 = DebugDll05|Win32
		{B955B0A2-E26B-4087-A2DA-465844F1A0FE}.DebugDll10|x64.ActiveCfg = DebugDll10|x64
		{B955B0A2-E26B-4087-A2DA-465844F1A0FE}.DebugDll10|x64.Build.0 = DebugDll10|x64
		{B955B0A2-E26B-4087-A2DA-465844F1A0FE}.DebugDll10|x86.ActiveCfg = DebugDll05|Win32
		{B955B0A2-E26B-4087-A2DA-465844F1A0FE}.DebugDll10|x86.Build.0 = DebugDll05|Win32
		{B955B0A2-E26B-4087-A2DA-465844F1A0FE}.PncRelease|x64.ActiveCfg = UBOMRelease10|x64
		{B955B0A2-E26B-4087-A2DA-465844F1A0FE}.PncRelease|x64.Build.0 = UBOMRelease10|x64
		{B955B0A2-E26B-4087-A2DA-465844F1A0FE}.PncRelease|x86.ActiveCfg = Release05|Win32
		{B955B0A2-E26B-4087-A2DA-465844F1A0FE}.PncRelease|x86.Build.0 = Release05|Win32
		{B955B0A2-E26B-4087-A2DA-465844F1A0FE}.Release|x64.ActiveCfg = UBOMRelease10|x64
		{B955B0A2-E26B-4087-A2DA-465844F1A0FE}.Release|x64.Build.0 = UBOMRelease10|x64
		{B955B0A2-E26B-4087-A2DA-465844F1A0FE}.Release|x86.ActiveCfg = UBOMRelease10|Win32
		{B955B0A2-E26B-4087-A2DA-465844F1A0FE}.Release|x86.Build.0 = UBOMRelease10|Win32
		{B955B0A2-E26B-4087-A2DA-465844F1A0FE}.Release05|x64.ActiveCfg = Release05|x64
		{B955B0A2-E26B-4087-A2DA-465844F1A0FE}.Release05|x64.Build.0 = Release05|x64
		{B955B0A2-E26B-4087-A2DA-465844F1A0FE}.Release05|x86.ActiveCfg = Release05|Win32
		{B955B0A2-E26B-4087-A2DA-465844F1A0FE}.Release05|x86.Build.0 = Release05|Win32
		{B955B0A2-E26B-4087-A2DA-465844F1A0FE}.Release07|x64.ActiveCfg = Release07|x64
		{B955B0A2-E26B-4087-A2DA-465844F1A0FE}.Release07|x64.Build.0 = Release07|x64
		{B955B0A2-E26B-4087-A2DA-465844F1A0FE}.Release07|x86.ActiveCfg = Release07|Win32
		{B955B0A2-E26B-4087-A2DA-465844F1A0FE}.Release07|x86.Build.0 = Release07|Win32
		{B955B0A2-E26B-4087-A2DA-465844F1A0FE}.Release10|x64.ActiveCfg = Release10|x64
		{B955B0A2-E26B-4087-A2DA-465844F1A0FE}.Release10|x64.Build.0 = Release10|x64
		{B955B0A2-E26B-4087-A2DA-465844F1A0FE}.Release10|x86.ActiveCfg = Release10|Win32
		{B955B0A2-E26B-4087-A2DA-465844F1A0FE}.Release10|x86.Build.0 = Release10|Win32
		{B955B0A2-E26B-4087-A2DA-465844F1A0FE}.ReleaseZrx19|x64.ActiveCfg = ReleaseZrx19|x64
		{B955B0A2-E26B-4087-A2DA-465844F1A0FE}.ReleaseZrx19|x64.Build.0 = ReleaseZrx19|x64
		{B955B0A2-E26B-4087-A2DA-465844F1A0FE}.ReleaseZrx19|x86.ActiveCfg = ReleaseZrx19|Win32
		{B955B0A2-E26B-4087-A2DA-465844F1A0FE}.ReleaseZrx19|x86.Build.0 = ReleaseZrx19|Win32
		{B955B0A2-E26B-4087-A2DA-465844F1A0FE}.UBOMDebug|x64.ActiveCfg = UBOMDebugDll05|x64
		{B955B0A2-E26B-4087-A2DA-465844F1A0FE}.UBOMDebug|x64.Build.0 = UBOMDebugDll05|x64
		{B955B0A2-E26B-4087-A2DA-465844F1A0FE}.UBOMDebug|x86.ActiveCfg = UBOMDebugDll05|Win32
		{B955B0A2-E26B-4087-A2DA-465844F1A0FE}.UBOMDebug|x86.Build.0 = UBOMDebugDll05|Win32
		{B955B0A2-E26B-4087-A2DA-465844F1A0FE}.UBOMDebug05|x64.ActiveCfg = UBOMDebugDll05|x64
		{B955B0A2-E26B-4087-A2DA-465844F1A0FE}.UBOMDebug05|x64.Build.0 = UBOMDebugDll05|x64
		{B955B0A2-E26B-4087-A2DA-465844F1A0FE}.UBOMDebug05|x86.ActiveCfg = DebugDll05|Win32
		{B955B0A2-E26B-4087-A2DA-465844F1A0FE}.UBOMDebug05|x86.Build.0 = DebugDll05|Win32
		{B955B0A2-E26B-4087-A2DA-465844F1A0FE}.UBOMDebug7|x64.ActiveCfg = UBOMDebug7|x64
		{B955B0A2-E26B-4087-A2DA-465844F1A0FE}.UBOMDebug7|x64.Build.0 = UBOMDebug7|x64
		{B955B0A2-E26B-4087-A2DA-465844F1A0FE}.UBOMDebug7|x86.ActiveCfg = UBOMDebug7|Win32
		{B955B0A2-E26B-4087-A2DA-465844F1A0FE}.UBOMDebug7|x86.Build.0 = UBOMDebug7|Win32
		{B955B0A2-E26B-4087-A2DA-465844F1A0FE}.UBOMFroTMARelease05|x64.ActiveCfg = Release05|x64
		{B955B0A2-E26B-4087-A2DA-465844F1A0FE}.UBOMFroTMARelease05|x64.Build.0 = Release05|x64
		{B955B0A2-E26B-4087-A2DA-465844F1A0FE}.UBOMFroTMARelease05|x86.ActiveCfg = Release05|Win32
		{B955B0A2-E26B-4087-A2DA-465844F1A0FE}.UBOMFroTMARelease05|x86.Build.0 = Release05|Win32
		{B955B0A2-E26B-4087-A2DA-465844F1A0FE}.UBOMRelease|x64.ActiveCfg = UBOMRelease10|x64
		{B955B0A2-E26B-4087-A2DA-465844F1A0FE}.UBOMRelease|x64.Build.0 = UBOMRelease10|x64
		{B955B0A2-E26B-4087-A2DA-465844F1A0FE}.UBOMRelease|x86.ActiveCfg = UBOMRelease10|Win32
		{B955B0A2-E26B-4087-A2DA-465844F1A0FE}.UBOMRelease|x86.Build.0 = UBOMRelease10|Win32
		{B955B0A2-E26B-4087-A2DA-465844F1A0FE}.UBOMRelease05|x64.ActiveCfg = UBOMRelease05|x64
		{B955B0A2-E26B-4087-A2DA-465844F1A0FE}.UBOMRelease05|x64.Build.0 = UBOMRelease05|x64
		{B955B0A2-E26B-4087-A2DA-465844F1A0FE}.UBOMRelease05|x86.ActiveCfg = UBOMRelease05|Win32
		{B955B0A2-E26B-4087-A2DA-465844F1A0FE}.UBOMRelease05|x86.Build.0 = UBOMRelease05|Win32
		{B955B0A2-E26B-4087-A2DA-465844F1A0FE}.UBOMRelease05-Dock|x64.ActiveCfg = UBOMRelease05-Dock|x64
		{B955B0A2-E26B-4087-A2DA-465844F1A0FE}.UBOMRelease05-Dock|x64.Build.0 = UBOMRelease05-Dock|x64
		{B955B0A2-E26B-4087-A2DA-465844F1A0FE}.UBOMRelease05-Dock|x86.ActiveCfg = UBOMRelease05-Dock|Win32
		{B955B0A2-E26B-4087-A2DA-465844F1A0FE}.UBOMRelease05-Dock|x86.Build.0 = UBOMRelease05-Dock|Win32
		{B955B0A2-E26B-4087-A2DA-465844F1A0FE}.UBOMRelease07|x64.ActiveCfg = UBOMRelease07|x64
		{B955B0A2-E26B-4087-A2DA-465844F1A0FE}.UBOMRelease07|x64.Build.0 = UBOMRelease07|x64
		{B955B0A2-E26B-4087-A2DA-465844F1A0FE}.UBOMRelease07|x86.ActiveCfg = UBOMRelease07|Win32
		{B955B0A2-E26B-4087-A2DA-465844F1A0FE}.UBOMRelease07|x86.Build.0 = UBOMRelease07|Win32
		{B955B0A2-E26B-4087-A2DA-465844F1A0FE}.UBOMRelease10|x64.ActiveCfg = UBOMRelease10|x64
		{B955B0A2-E26B-4087-A2DA-465844F1A0FE}.UBOMRelease10|x64.Build.0 = UBOMRelease10|x64
		{B955B0A2-E26B-4087-A2DA-465844F1A0FE}.UBOMRelease10|x86.ActiveCfg = UBOMRelease10|Win32
		{B955B0A2-E26B-4087-A2DA-465844F1A0FE}.UBOMRelease10|x86.Build.0 = UBOMRelease10|Win32
		{B955B0A2-E26B-4087-A2DA-465844F1A0FE}.ZrxTmaDebug|x64.ActiveCfg = Debug|x64
		{B955B0A2-E26B-4087-A2DA-465844F1A0FE}.ZrxTmaDebug|x64.Build.0 = Debug|x64
		{B955B0A2-E26B-4087-A2DA-465844F1A0FE}.ZrxTmaDebug|x86.ActiveCfg = Debug|Win32
		{B955B0A2-E26B-4087-A2DA-465844F1A0FE}.ZrxTmaDebug|x86.Build.0 = Debug|Win32
		{5FA2C8AD-8E29-4C6A-A598-EE4E802A33FB}.Debug|x64.ActiveCfg = Debug|Win32
		{5FA2C8AD-8E29-4C6A-A598-EE4E802A33FB}.Debug|x86.ActiveCfg = Debug|Win32
		{5FA2C8AD-8E29-4C6A-A598-EE4E802A33FB}.Debug|x86.Build.0 = Debug|Win32
		{5FA2C8AD-8E29-4C6A-A598-EE4E802A33FB}.Debug05|x64.ActiveCfg = PncRelease|Win32
		{5FA2C8AD-8E29-4C6A-A598-EE4E802A33FB}.Debug05|x64.Build.0 = PncRelease|Win32
		{5FA2C8AD-8E29-4C6A-A598-EE4E802A33FB}.Debug05|x86.ActiveCfg = Debug|Win32
		{5FA2C8AD-8E29-4C6A-A598-EE4E802A33FB}.Debug05|x86.Build.0 = Debug|Win32
		{5FA2C8AD-8E29-4C6A-A598-EE4E802A33FB}.Debug2007|x64.ActiveCfg = PncRelease|Win32
		{5FA2C8AD-8E29-4C6A-A598-EE4E802A33FB}.Debug2007|x64.Build.0 = PncRelease|Win32
		{5FA2C8AD-8E29-4C6A-A598-EE4E802A33FB}.Debug2007|x86.ActiveCfg = Debug|Win32
		{5FA2C8AD-8E29-4C6A-A598-EE4E802A33FB}.Debug2007|x86.Build.0 = Debug|Win32
		{5FA2C8AD-8E29-4C6A-A598-EE4E802A33FB}.Debug2010|x64.ActiveCfg = PncRelease|Win32
		{5FA2C8AD-8E29-4C6A-A598-EE4E802A33FB}.Debug2010|x64.Build.0 = PncRelease|Win32
		{5FA2C8AD-8E29-4C6A-A598-EE4E802A33FB}.Debug2010|x86.ActiveCfg = Debug|Win32
		{5FA2C8AD-8E29-4C6A-A598-EE4E802A33FB}.Debug2010|x86.Build.0 = Debug|Win32
		{5FA2C8AD-8E29-4C6A-A598-EE4E802A33FB}.Debug7|x64.ActiveCfg = Release|Win32
		{5FA2C8AD-8E29-4C6A-A598-EE4E802A33FB}.Debug7|x64.Build.0 = Release|Win32
		{5FA2C8AD-8E29-4C6A-A598-EE4E802A33FB}.Debug7|x86.ActiveCfg = Debug|Win32
		{5FA2C8AD-8E29-4C6A-A598-EE4E802A33FB}.Debug7|x86.Build.0 = Debug|Win32
		{5FA2C8AD-8E29-4C6A-A598-EE4E802A33FB}.DebugDll05|x64.ActiveCfg = Release|Win32
		{5FA2C8AD-8E29-4C6A-A598-EE4E802A33FB}.DebugDll05|x64.Build.0 = Release|Win32
		{5FA2C8AD-8E29-4C6A-A598-EE4E802A33FB}.DebugDll05|x86.ActiveCfg = Debug|Win32
		{5FA2C8AD-8E29-4C6A-A598-EE4E802A33FB}.DebugDll05|x86.Build.0 = Debug|Win32
		{5FA2C8AD-8E29-4C6A-A598-EE4E802A33FB}.DebugDll10|x64.ActiveCfg = Release|Win32
		{5FA2C8AD-8E29-4C6A-A598-EE4E802A33FB}.DebugDll10|x64.Build.0 = Release|Win32
		{5FA2C8AD-8E29-4C6A-A598-EE4E802A33FB}.DebugDll10|x86.ActiveCfg = Debug|Win32
		{5FA2C8AD-8E29-4C6A-A598-EE4E802A33FB}.DebugDll10|x86.Build.0 = Debug|Win32
		{5FA2C8AD-8E29-4C6A-A598-EE4E802A33FB}.PncRelease|x64.ActiveCfg = PncRelease|Win32
		{5FA2C8AD-8E29-4C6A-A598-EE4E802A33FB}.PncRelease|x86.ActiveCfg = PncRelease|Win32
		{5FA2C8AD-8E29-4C6A-A598-EE4E802A33FB}.PncRelease|x86.Build.0 = PncRelease|Win32
		{5FA2C8AD-8E29-4C6A-A598-EE4E802A33FB}.Release|x64.ActiveCfg = Release|Win32
		{5FA2C8AD-8E29-4C6A-A598-EE4E802A33FB}.Release|x86.ActiveCfg = Release|Win32
		{5FA2C8AD-8E29-4C6A-A598-EE4E802A33FB}.Release|x86.Build.0 = Release|Win32
		{5FA2C8AD-8E29-4C6A-A598-EE4E802A33FB}.Release05|x64.ActiveCfg = PncRelease|Win32
		{5FA2C8AD-8E29-4C6A-A598-EE4E802A33FB}.Release05|x64.Build.0 = PncRelease|Win32
		{5FA2C8AD-8E29-4C6A-A598-EE4E802A33FB}.Release05|x86.ActiveCfg = Release|Win32
		{5FA2C8AD-8E29-4C6A-A598-EE4E802A33FB}.Release05|x86.Build.0 = Release|Win32
		{5FA2C8AD-8E29-4C6A-A598-EE4E802A33FB}.Release07|x64.ActiveCfg = PncRelease|Win32
		{5FA2C8AD-8E29-4C6A-A598-EE4E802A33FB}.Release07|x64.Build.0 = PncRelease|Win32
		{5FA2C8AD-8E29-4C6A-A598-EE4E802A33FB}.Release07|x86.ActiveCfg = Release|Win32
		{5FA2C8AD-8E29-4C6A-A598-EE4E802A33FB}.Release07|x86.Build.0 = Release|Win32
		{5FA2C8AD-8E29-4C6A-A598-EE4E802A33FB}.Release10|x64.ActiveCfg = PncRelease|Win32
		{5FA2C8AD-8E29-4C6A-A598-EE4E802A33FB}.Release10|x64.Build.0 = PncRelease|Win32
		{5FA2C8AD-8E29-4C6A-A598-EE4E802A33FB}.Release10|x86.ActiveCfg = Release|Win32
		{5FA2C8AD-8E29-4C6A-A598-EE4E802A33FB}.Release10|x86.Build.0 = Release|Win32
		{5FA2C8AD-8E29-4C6A-A598-EE4E802A33FB}.ReleaseZrx19|x64.ActiveCfg = PncRelease|Win32
		{5FA2C8AD-8E29-4C6A-A598-EE4E802A33FB}.ReleaseZrx19|x64.Build.0 = PncRelease|Win32
		{5FA2C8AD-8E29-4C6A-A598-EE4E802A33FB}.ReleaseZrx19|x86.ActiveCfg = Release|Win32
		{5FA2C8AD-8E29-4C6A-A598-EE4E802A33FB}.ReleaseZrx19|x86.Build.0 = Release|Win32
		{5FA2C8AD-8E29-4C6A-A598-EE4E802A33FB}.UBOMDebug|x64.ActiveCfg = Release|Win32
		{5FA2C8AD-8E29-4C6A-A598-EE4E802A33FB}.UBOMDebug|x64.Build.0 = Release|Win32
		{5FA2C8AD-8E29-4C6A-A598-EE4E802A33FB}.UBOMDebug|x86.ActiveCfg = Debug|Win32
		{5FA2C8AD-8E29-4C6A-A598-EE4E802A33FB}.UBOMDebug|x86.Build.0 = Debug|Win32
		{5FA2C8AD-8E29-4C6A-A598-EE4E802A33FB}.UBOMDebug05|x64.ActiveCfg = PncRelease|Win32
		{5FA2C8AD-8E29-4C6A-A598-EE4E802A33FB}.UBOMDebug05|x64.Build.0 = PncRelease|Win32
		{5FA2C8AD-8E29-4C6A-A598-EE4E802A33FB}.UBOMDebug05|x86.ActiveCfg = Debug|Win32
		{5FA2C8AD-8E29-4C6A-A598-EE4E802A33FB}.UBOMDebug05|x86.Build.0 = Debug|Win32
		{5FA2C8AD-8E29-4C6A-A598-EE4E802A33FB}.UBOMDebug7|x64.ActiveCfg = PncRelease|Win32
		{5FA2C8AD-8E29-4C6A-A598-EE4E802A33FB}.UBOMDebug7|x64.Build.0 = PncRelease|Win32
		{5FA2C8AD-8E29-4C6A-A598-EE4E802A33FB}.UBOMDebug7|x86.ActiveCfg = Debug|Win32
		{5FA2C8AD-8E29-4C6A-A598-EE4E802A33FB}.UBOMDebug7|x86.Build.0 = Debug|Win32
		{5FA2C8AD-8E29-4C6A-A598-EE4E802A33FB}.UBOMFroTMARelease05|x64.ActiveCfg = PncRelease|Win32
		{5FA2C8AD-8E29-4C6A-A598-EE4E802A33FB}.UBOMFroTMARelease05|x64.Build.0 = PncRelease|Win32
		{5FA2C8AD-8E29-4C6A-A598-EE4E802A33FB}.UBOMFroTMARelease05|x86.ActiveCfg = Release|Win32
		{5FA2C8AD-8E29-4C6A-A598-EE4E802A33FB}.UBOMFroTMARelease05|x86.Build.0 = Release|Win32
		{5FA2C8AD-8E29-4C6A-A598-EE4E802A33FB}.UBOMRelease|x64.ActiveCfg = PncRelease|Win32
		{5FA2C8AD-8E29-4C6A-A598-EE4E802A33FB}.UBOMRelease|x64.Build.0 = PncRelease|Win32
		{5FA2C8AD-8E29-4C6A-A598-EE4E802A33FB}.UBOMRelease|x86.ActiveCfg = Release|Win32
		{5FA2C8AD-8E29-4C6A-A598-EE4E802A33FB}.UBOMRelease|x86.Build.0 = Release|Win32
		{5FA2C8AD-8E29-4C6A-A598-EE4E802A33FB}.UBOMRelease05|x64.ActiveCfg = PncRelease|Win32
		{5FA2C8AD-8E29-4C6A-A598-EE4E802A33FB}.UBOMRelease05|x64.Build.0 = PncRelease|Win32
		{5FA2C8AD-8E29-4C6A-A598-EE4E802A33FB}.UBOMRelease05|x86.ActiveCfg = Release|Win32
		{5FA2C8AD-8E29-4C6A-A598-EE4E802A33FB}.UBOMRelease05|x86.Build.0 = Release|Win32
		{5FA2C8AD-8E29-4C6A-A598-EE4E802A33FB}.UBOMRelease05-Dock|x64.ActiveCfg = Release|Win32
		{5FA2C8AD-8E29-4C6A-A598-EE4E802A33FB}.UBOMRelease05-Dock|x64.Build.0 = Release|Win32
		{5FA2C8AD-8E29-4C6A-A598-EE4E802A33FB}.UBOMRelease05-Dock|x86.ActiveCfg = PncRelease|Win32
		{5FA2C8AD-8E29-4C6A-A598-EE4E802A33FB}.UBOMRelease05-Dock|x86.Build.0 = PncRelease|Win32
		{5FA2C8AD-8E29-4C6A-A598-EE4E802A33FB}.UBOMRelease07|x64.ActiveCfg = PncRelease|Win32
		{5FA2C8AD-8E29-4C6A-A598-EE4E802A33FB}.UBOMRelease07|x64.Build.0 = PncRelease|Win32
		{5FA2C8AD-8E29-4C6A-A598-EE4E802A33FB}.UBOMRelease07|x86.ActiveCfg = Release|Win32
		{5FA2C8AD-8E29-4C6A-A598-EE4E802A33FB}.UBOMRelease07|x86.Build.0 = Release|Win32
		{5FA2C8AD-8E29-4C6A-A598-EE4E802A33FB}.UBOMRelease10|x64.ActiveCfg = PncRelease|Win32
		{5FA2C8AD-8E29-4C6A-A598-EE4E802A33FB}.UBOMRelease10|x64.Build.0 = PncRelease|Win32
		{5FA2C8AD-8E29-4C6A-A598-EE4E802A33FB}.UBOMRelease10|x86.ActiveCfg = Release|Win32
		{5FA2C8AD-8E29-4C6A-A598-EE4E802A33FB}.UBOMRelease10|x86.Build.0 = Release|Win32
		{5FA2C8AD-8E29-4C6A-A598-EE4E802A33FB}.ZrxTmaDebug|x64.ActiveCfg = Release|Win32
		{5FA2C8AD-8E29-4C6A-A598-EE4E802A33FB}.ZrxTmaDebug|x64.Build.0 = Release|Win32
		{5FA2C8AD-8E29-4C6A-A598-EE4E802A33FB}.ZrxTmaDebug|x86.ActiveCfg = Debug|Win32
		{5FA2C8AD-8E29-4C6A-A598-EE4E802A33FB}.ZrxTmaDebug|x86.Build.0 = Debug|Win32
		{FD9BF80A-54D5-EF4C-ED57-F356C3A8EB6F}.Debug|x64.ActiveCfg = Debug|Win32
		{FD9BF80A-54D5-EF4C-ED57-F356C3A8EB6F}.Debug|x86.ActiveCfg = Debug|Win32
		{FD9BF80A-54D5-EF4C-ED57-F356C3A8EB6F}.Debug|x86.Build.0 = Debug|Win32
		{FD9BF80A-54D5-EF4C-ED57-F356C3A8EB6F}.Debug05|x64.ActiveCfg = UBOMRelease07|Win32
		{FD9BF80A-54D5-EF4C-ED57-F356C3A8EB6F}.Debug05|x64.Build.0 = UBOMRelease07|Win32
		{FD9BF80A-54D5-EF4C-ED57-F356C3A8EB6F}.Debug05|x86.ActiveCfg = Debug|Win32
		{FD9BF80A-54D5-EF4C-ED57-F356C3A8EB6F}.Debug05|x86.Build.0 = Debug|Win32
		{FD9BF80A-54D5-EF4C-ED57-F356C3A8EB6F}.Debug2007|x64.ActiveCfg = UBOMRelease07|Win32
		{FD9BF80A-54D5-EF4C-ED57-F356C3A8EB6F}.Debug2007|x64.Build.0 = UBOMRelease07|Win32
		{FD9BF80A-54D5-EF4C-ED57-F356C3A8EB6F}.Debug2007|x86.ActiveCfg = Debug|Win32
		{FD9BF80A-54D5-EF4C-ED57-F356C3A8EB6F}.Debug2007|x86.Build.0 = Debug|Win32
		{FD9BF80A-54D5-EF4C-ED57-F356C3A8EB6F}.Debug2010|x64.ActiveCfg = UBOMRelease07|Win32
		{FD9BF80A-54D5-EF4C-ED57-F356C3A8EB6F}.Debug2010|x64.Build.0 = UBOMRelease07|Win32
		{FD9BF80A-54D5-EF4C-ED57-F356C3A8EB6F}.Debug2010|x86.ActiveCfg = Debug|Win32
		{FD9BF80A-54D5-EF4C-ED57-F356C3A8EB6F}.Debug2010|x86.Build.0 = Debug|Win32
		{FD9BF80A-54D5-EF4C-ED57-F356C3A8EB6F}.Debug7|x64.ActiveCfg = PncRelease|Win32
		{FD9BF80A-54D5-EF4C-ED57-F356C3A8EB6F}.Debug7|x64.Build.0 = PncRelease|Win32
		{FD9BF80A-54D5-EF4C-ED57-F356C3A8EB6F}.Debug7|x86.ActiveCfg = Debug|Win32
		{FD9BF80A-54D5-EF4C-ED57-F356C3A8EB6F}.Debug7|x86.Build.0 = Debug|Win32
		{FD9BF80A-54D5-EF4C-ED57-F356C3A8EB6F}.DebugDll05|x64.ActiveCfg = Release|Win32
		{FD9BF80A-54D5-EF4C-ED57-F356C3A8EB6F}.DebugDll05|x64.Build.0 = Release|Win32
		{FD9BF80A-54D5-EF4C-ED57-F356C3A8EB6F}.DebugDll05|x86.ActiveCfg = Debug|Win32
		{FD9BF80A-54D5-EF4C-ED57-F356C3A8EB6F}.DebugDll05|x86.Build.0 = Debug|Win32
		{FD9BF80A-54D5-EF4C-ED57-F356C3A8EB6F}.DebugDll10|x64.ActiveCfg = Release|Win32
		{FD9BF80A-54D5-EF4C-ED57-F356C3A8EB6F}.DebugDll10|x64.Build.0 = Release|Win32
		{FD9BF80A-54D5-EF4C-ED57-F356C3A8EB6F}.DebugDll10|x86.ActiveCfg = Debug|Win32
		{FD9BF80A-54D5-EF4C-ED57-F356C3A8EB6F}.DebugDll10|x86.Build.0 = Debug|Win32
		{FD9BF80A-54D5-EF4C-ED57-F356C3A8EB6F}.PncRelease|x64.ActiveCfg = PncRelease|Win32
		{FD9BF80A-54D5-EF4C-ED57-F356C3A8EB6F}.PncRelease|x86.ActiveCfg = PncRelease|Win32
		{FD9BF80A-54D5-EF4C-ED57-F356C3A8EB6F}.PncRelease|x86.Build.0 = PncRelease|Win32
		{FD9BF80A-54D5-EF4C-ED57-F356C3A8EB6F}.Release|x64.ActiveCfg = Release|Win32
		{FD9BF80A-54D5-EF4C-ED57-F356C3A8EB6F}.Release|x86.ActiveCfg = Release|Win32
		{FD9BF80A-54D5-EF4C-ED57-F356C3A8EB6F}.Release|x86.Build.0 = Release|Win32
		{FD9BF80A-54D5-EF4C-ED57-F356C3A8EB6F}.Release05|x64.ActiveCfg = UBOMRelease07|Win32
		{FD9BF80A-54D5-EF4C-ED57-F356C3A8EB6F}.Release05|x64.Build.0 = UBOMRelease07|Win32
		{FD9BF80A-54D5-EF4C-ED57-F356C3A8EB6F}.Release05|x86.ActiveCfg = Release|Win32
		{FD9BF80A-54D5-EF4C-ED57-F356C3A8EB6F}.Release05|x86.Build.0 = Release|Win32
		{FD9BF80A-54D5-EF4C-ED57-F356C3A8EB6F}.Release07|x64.ActiveCfg = UBOMRelease07|Win32
		{FD9BF80A-54D5-EF4C-ED57-F356C3A8EB6F}.Release07|x64.Build.0 = UBOMRelease07|Win32
		{FD9BF80A-54D5-EF4C-ED57-F356C3A8EB6F}.Release07|x86.ActiveCfg = UBOMRelease07|Win32
		{FD9BF80A-54D5-EF4C-ED57-F356C3A8EB6F}.Release07|x86.Build.0 = UBOMRelease07|Win32
		{FD9BF80A-54D5-EF4C-ED57-F356C3A8EB6F}.Release10|x64.ActiveCfg = UBOMRelease07|Win32
		{FD9BF80A-54D5-EF4C-ED57-F356C3A8EB6F}.Release10|x64.Build.0 = UBOMRelease07|Win32
		{FD9BF80A-54D5-EF4C-ED57-F356C3A8EB6F}.Release10|x86.ActiveCfg = Release|Win32
		{FD9BF80A-54D5-EF4C-ED57-F356C3A8EB6F}.Release10|x86.Build.0 = Release|Win32
		{FD9BF80A-54D5-EF4C-ED57-F356C3A8EB6F}.ReleaseZrx19|x64.ActiveCfg = UBOMRelease07|Win32
		{FD9BF80A-54D5-EF4C-ED57-F356C3A8EB6F}.ReleaseZrx19|x64.Build.0 = UBOMRelease07|Win32
		{FD9BF80A-54D5-EF4C-ED57-F356C3A8EB6F}.ReleaseZrx19|x86.ActiveCfg = Release|Win32
		{FD9BF80A-54D5-EF4C-ED57-F356C3A8EB6F}.ReleaseZrx19|x86.Build.0 = Release|Win32
		{FD9BF80A-54D5-EF4C-ED57-F356C3A8EB6F}.UBOMDebug|x64.ActiveCfg = Release|Win32
		{FD9BF80A-54D5-EF4C-ED57-F356C3A8EB6F}.UBOMDebug|x64.Build.0 = Release|Win32
		{FD9BF80A-54D5-EF4C-ED57-F356C3A8EB6F}.UBOMDebug|x86.ActiveCfg = Debug|Win32
		{FD9BF80A-54D5-EF4C-ED57-F356C3A8EB6F}.UBOMDebug|x86.Build.0 = Debug|Win32
		{FD9BF80A-54D5-EF4C-ED57-F356C3A8EB6F}.UBOMDebug05|x64.ActiveCfg = UBOMRelease07|Win32
		{FD9BF80A-54D5-EF4C-ED57-F356C3A8EB6F}.UBOMDebug05|x64.Build.0 = UBOMRelease07|Win32
		{FD9BF80A-54D5-EF4C-ED57-F356C3A8EB6F}.UBOMDebug05|x86.ActiveCfg = Debug|Win32
		{FD9BF80A-54D5-EF4C-ED57-F356C3A8EB6F}.UBOMDebug05|x86.Build.0 = Debug|Win32
		{FD9BF80A-54D5-EF4C-ED57-F356C3A8EB6F}.UBOMDebug7|x64.ActiveCfg = UBOMRelease07|Win32
		{FD9BF80A-54D5-EF4C-ED57-F356C3A8EB6F}.UBOMDebug7|x64.Build.0 = UBOMRelease07|Win32
		{FD9BF80A-54D5-EF4C-ED57-F356C3A8EB6F}.UBOMDebug7|x86.ActiveCfg = Debug|Win32
		{FD9BF80A-54D5-EF4C-ED57-F356C3A8EB6F}.UBOMDebug7|x86.Build.0 = Debug|Win32
		{FD9BF80A-54D5-EF4C-ED57-F356C3A8EB6F}.UBOMFroTMARelease05|x64.ActiveCfg = PncRelease|Win32
		{FD9BF80A-54D5-EF4C-ED57-F356C3A8EB6F}.UBOMFroTMARelease05|x64.Build.0 = PncRelease|Win32
		{FD9BF80A-54D5-EF4C-ED57-F356C3A8EB6F}.UBOMFroTMARelease05|x86.ActiveCfg = UBOMRelease07|Win32
		{FD9BF80A-54D5-EF4C-ED57-F356C3A8EB6F}.UBOMFroTMARelease05|x86.Build.0 = UBOMRelease07|Win32
		{FD9BF80A-54D5-EF4C-ED57-F356C3A8EB6F}.UBOMRelease|x64.ActiveCfg = UBOMRelease07|Win32
		{FD9BF80A-54D5-EF4C-ED57-F356C3A8EB6F}.UBOMRelease|x64.Build.0 = UBOMRelease07|Win32
		{FD9BF80A-54D5-EF4C-ED57-F356C3A8EB6F}.UBOMRelease|x86.ActiveCfg = UBOMRelease07|Win32
		{FD9BF80A-54D5-EF4C-ED57-F356C3A8EB6F}.UBOMRelease|x86.Build.0 = UBOMRelease07|Win32
		{FD9BF80A-54D5-EF4C-ED57-F356C3A8EB6F}.UBOMRelease05|x64.ActiveCfg = UBOMRelease07|Win32
		{FD9BF80A-54D5-EF4C-ED57-F356C3A8EB6F}.UBOMRelease05|x64.Build.0 = UBOMRelease07|Win32
		{FD9BF80A-54D5-EF4C-ED57-F356C3A8EB6F}.UBOMRelease05|x86.ActiveCfg = UBOMRelease07|Win32
		{FD9BF80A-54D5-EF4C-ED57-F356C3A8EB6F}.UBOMRelease05|x86.Build.0 = UBOMRelease07|Win32
		{FD9BF80A-54D5-EF4C-ED57-F356C3A8EB6F}.UBOMRelease05-Dock|x64.ActiveCfg = Release|Win32
		{FD9BF80A-54D5-EF4C-ED57-F356C3A8EB6F}.UBOMRelease05-Dock|x64.Build.0 = Release|Win32
		{FD9BF80A-54D5-EF4C-ED57-F356C3A8EB6F}.UBOMRelease05-Dock|x86.ActiveCfg = Release|Win32
		{FD9BF80A-54D5-EF4C-ED57-F356C3A8EB6F}.UBOMRelease05-Dock|x86.Build.0 = Release|Win32
		{FD9BF80A-54D5-EF4C-ED57-F356C3A8EB6F}.UBOMRelease07|x64.ActiveCfg = UBOMRelease07|Win32
		{FD9BF80A-54D5-EF4C-ED57-F356C3A8EB6F}.UBOMRelease07|x86.ActiveCfg = UBOMRelease07|Win32
		{FD9BF80A-54D5-EF4C-ED57-F356C3A8EB6F}.UBOMRelease07|x86.Build.0 = UBOMRelease07|Win32
		{FD9BF80A-54D5-EF4C-ED57-F356C3A8EB6F}.UBOMRelease10|x64.ActiveCfg = UBOMRelease07|Win32
		{FD9BF80A-54D5-EF4C-ED57-F356C3A8EB6F}.UBOMRelease10|x64.Build.0 = UBOMRelease07|Win32
		{FD9BF80A-54D5-EF4C-ED57-F356C3A8EB6F}.UBOMRelease10|x86.ActiveCfg = UBOMRelease07|Win32
		{FD9BF80A-54D5-EF4C-ED57-F356C3A8EB6F}.UBOMRelease10|x86.Build.0 = UBOMRelease07|Win32
		{FD9BF80A-54D5-EF4C-ED57-F356C3A8EB6F}.ZrxTmaDebug|x64.ActiveCfg = Release|Win32
		{FD9BF80A-54D5-EF4C-ED57-F356C3A8EB6F}.ZrxTmaDebug|x64.Build.0 = Release|Win32
		{FD9BF80A-54D5-EF4C-ED57-F356C3A8EB6F}.ZrxTmaDebug|x86.ActiveCfg = Debug|Win32
		{FD9BF80A-54D5-EF4C-ED57-F356C3A8EB6F}.ZrxTmaDebug|x86.Build.0 = Debug|Win32
		{41DB49B9-E6BE-4666-89A9-D159A9A9CACB}.Debug|x64.ActiveCfg = Debug|Win32
		{41DB49B9-E6BE-4666-89A9-D159A9A9CACB}.Debug|x86.ActiveCfg = Debug|Win32
		{41DB49B9-E6BE-4666-89A9-D159A9A9CACB}.Debug|x86.Build.0 = Debug|Win32
		{41DB49B9-E6BE-4666-89A9-D159A9A9CACB}.Debug05|x64.ActiveCfg = UBOMRelease|Win32
		{41DB49B9-E6BE-4666-89A9-D159A9A9CACB}.Debug05|x64.Build.0 = UBOMRelease|Win32
		{41DB49B9-E6BE-4666-89A9-D159A9A9CACB}.Debug05|x86.ActiveCfg = Debug|Win32
		{41DB49B9-E6BE-4666-89A9-D159A9A9CACB}.Debug05|x86.Build.0 = Debug|Win32
		{41DB49B9-E6BE-4666-89A9-D159A9A9CACB}.Debug2007|x64.ActiveCfg = UBOMRelease|Win32
		{41DB49B9-E6BE-4666-89A9-D159A9A9CACB}.Debug2007|x64.Build.0 = UBOMRelease|Win32
		{41DB49B9-E6BE-4666-89A9-D159A9A9CACB}.Debug2007|x86.ActiveCfg = Debug|Win32
		{41DB49B9-E6BE-4666-89A9-D159A9A9CACB}.Debug2007|x86.Build.0 = Debug|Win32
		{41DB49B9-E6BE-4666-89A9-D159A9A9CACB}.Debug2010|x64.ActiveCfg = UBOMRelease|Win32
		{41DB49B9-E6BE-4666-89A9-D159A9A9CACB}.Debug2010|x64.Build.0 = UBOMRelease|Win32
		{41DB49B9-E6BE-4666-89A9-D159A9A9CACB}.Debug2010|x86.ActiveCfg = Debug|Win32
		{41DB49B9-E6BE-4666-89A9-D159A9A9CACB}.Debug2010|x86.Build.0 = Debug|Win32
		{41DB49B9-E6BE-4666-89A9-D159A9A9CACB}.Debug7|x64.ActiveCfg = Release|Win32
		{41DB49B9-E6BE-4666-89A9-D159A9A9CACB}.Debug7|x64.Build.0 = Release|Win32
		{41DB49B9-E6BE-4666-89A9-D159A9A9CACB}.Debug7|x86.ActiveCfg = Debug|Win32
		{41DB49B9-E6BE-4666-89A9-D159A9A9CACB}.Debug7|x86.Build.0 = Debug|Win32
		{41DB49B9-E6BE-4666-89A9-D159A9A9CACB}.DebugDll05|x64.ActiveCfg = UBOMRelease07|Win32
		{41DB49B9-E6BE-4666-89A9-D159A9A9CACB}.DebugDll05|x64.Build.0 = UBOMRelease07|Win32
		{41DB49B9-E6BE-4666-89A9-D159A9A9CACB}.DebugDll05|x86.ActiveCfg = Debug|Win32
		{41DB49B9-E6BE-4666-89A9-D159A9A9CACB}.DebugDll05|x86.Build.0 = Debug|Win32
		{41DB49B9-E6BE-4666-89A9-D159A9A9CACB}.DebugDll10|x64.ActiveCfg = UBOMRelease07|Win32
		{41DB49B9-E6BE-4666-89A9-D159A9A9CACB}.DebugDll10|x64.Build.0 = UBOMRelease07|Win32
		{41DB49B9-E6BE-4666-89A9-D159A9A9CACB}.DebugDll10|x86.ActiveCfg = Debug|Win32
		{41DB49B9-E6BE-4666-89A9-D159A9A9CACB}.DebugDll10|x86.Build.0 = Debug|Win32
		{41DB49B9-E6BE-4666-89A9-D159A9A9CACB}.PncRelease|x64.ActiveCfg = UBOMRelease|Win32
		{41DB49B9-E6BE-4666-89A9-D159A9A9CACB}.PncRelease|x64.Build.0 = UBOMRelease|Win32
		{41DB49B9-E6BE-4666-89A9-D159A9A9CACB}.PncRelease|x86.ActiveCfg = Release|Win32
		{41DB49B9-E6BE-4666-89A9-D159A9A9CACB}.PncRelease|x86.Build.0 = Release|Win32
		{41DB49B9-E6BE-4666-89A9-D159A9A9CACB}.Release|x64.ActiveCfg = Release|Win32
		{41DB49B9-E6BE-4666-89A9-D159A9A9CACB}.Release|x86.ActiveCfg = Release|Win32
		{41DB49B9-E6BE-4666-89A9-D159A9A9CACB}.Release|x86.Build.0 = Release|Win32
		{41DB49B9-E6BE-4666-89A9-D159A9A9CACB}.Release05|x64.ActiveCfg = UBOMRelease|Win32
		{41DB49B9-E6BE-4666-89A9-D159A9A9CACB}.Release05|x64.Build.0 = UBOMRelease|Win32
		{41DB49B9-E6BE-4666-89A9-D159A9A9CACB}.Release05|x86.ActiveCfg = Release|Win32
		{41DB49B9-E6BE-4666-89A9-D159A9A9CACB}.Release05|x86.Build.0 = Release|Win32
		{41DB49B9-E6BE-4666-89A9-D159A9A9CACB}.Release07|x64.ActiveCfg = UBOMRelease|Win32
		{41DB49B9-E6BE-4666-89A9-D159A9A9CACB}.Release07|x64.Build.0 = UBOMRelease|Win32
		{41DB49B9-E6BE-4666-89A9-D159A9A9CACB}.Release07|x86.ActiveCfg = UBOMRelease07|Win32
		{41DB49B9-E6BE-4666-89A9-D159A9A9CACB}.Release07|x86.Build.0 = UBOMRelease07|Win32
		{41DB49B9-E6BE-4666-89A9-D159A9A9CACB}.Release10|x64.ActiveCfg = UBOMRelease|Win32
		{41DB49B9-E6BE-4666-89A9-D159A9A9CACB}.Release10|x64.Build.0 = UBOMRelease|Win32
		{41DB49B9-E6BE-4666-89A9-D159A9A9CACB}.Release10|x86.ActiveCfg = Release|Win32
		{41DB49B9-E6BE-4666-89A9-D159A9A9CACB}.Release10|x86.Build.0 = Release|Win32
		{41DB49B9-E6BE-4666-89A9-D159A9A9CACB}.ReleaseZrx19|x64.ActiveCfg = UBOMRelease|Win32
		{41DB49B9-E6BE-4666-89A9-D159A9A9CACB}.ReleaseZrx19|x64.Build.0 = UBOMRelease|Win32
		{41DB49B9-E6BE-4666-89A9-D159A9A9CACB}.ReleaseZrx19|x86.ActiveCfg = Release|Win32
		{41DB49B9-E6BE-4666-89A9-D159A9A9CACB}.ReleaseZrx19|x86.Build.0 = Release|Win32
		{41DB49B9-E6BE-4666-89A9-D159A9A9CACB}.UBOMDebug|x64.ActiveCfg = UBOMDebug|Win32
		{41DB49B9-E6BE-4666-89A9-D159A9A9CACB}.UBOMDebug|x86.ActiveCfg = UBOMDebug|Win32
		{41DB49B9-E6BE-4666-89A9-D159A9A9CACB}.UBOMDebug|x86.Build.0 = UBOMDebug|Win32
		{41DB49B9-E6BE-4666-89A9-D159A9A9CACB}.UBOMDebug05|x64.ActiveCfg = UBOMRelease07|Win32
		{41DB49B9-E6BE-4666-89A9-D159A9A9CACB}.UBOMDebug05|x64.Build.0 = UBOMRelease07|Win32
		{41DB49B9-E6BE-4666-89A9-D159A9A9CACB}.UBOMDebug05|x86.ActiveCfg = Debug|Win32
		{41DB49B9-E6BE-4666-89A9-D159A9A9CACB}.UBOMDebug05|x86.Build.0 = Debug|Win32
		{41DB49B9-E6BE-4666-89A9-D159A9A9CACB}.UBOMDebug7|x64.ActiveCfg = UBOMRelease|Win32
		{41DB49B9-E6BE-4666-89A9-D159A9A9CACB}.UBOMDebug7|x64.Build.0 = UBOMRelease|Win32
		{41DB49B9-E6BE-4666-89A9-D159A9A9CACB}.UBOMDebug7|x86.ActiveCfg = Debug|Win32
		{41DB49B9-E6BE-4666-89A9-D159A9A9CACB}.UBOMDebug7|x86.Build.0 = Debug|Win32
		{41DB49B9-E6BE-4666-89A9-D159A9A9CACB}.UBOMFroTMARelease05|x64.ActiveCfg = Release|Win32
		{41DB49B9-E6BE-4666-89A9-D159A9A9CACB}.UBOMFroTMARelease05|x64.Build.0 = Release|Win32
		{41DB49B9-E6BE-4666-89A9-D159A9A9CACB}.UBOMFroTMARelease05|x86.ActiveCfg = UBOMRelease|Win32
		{41DB49B9-E6BE-4666-89A9-D159A9A9CACB}.UBOMFroTMARelease05|x86.Build.0 = UBOMRelease|Win32
		{41DB49B9-E6BE-4666-89A9-D159A9A9CACB}.UBOMRelease|x64.ActiveCfg = UBOMRelease|Win32
		{41DB49B9-E6BE-4666-89A9-D159A9A9CACB}.UBOMRelease|x86.ActiveCfg = UBOMRelease|Win32
		{41DB49B9-E6BE-4666-89A9-D159A9A9CACB}.UBOMRelease|x86.Build.0 = UBOMRelease|Win32
		{41DB49B9-E6BE-4666-89A9-D159A9A9CACB}.UBOMRelease05|x64.ActiveCfg = UBOMRelease|Win32
		{41DB49B9-E6BE-4666-89A9-D159A9A9CACB}.UBOMRelease05|x64.Build.0 = UBOMRelease|Win32
		{41DB49B9-E6BE-4666-89A9-D159A9A9CACB}.UBOMRelease05|x86.ActiveCfg = UBOMRelease07|Win32
		{41DB49B9-E6BE-4666-89A9-D159A9A9CACB}.UBOMRelease05|x86.Build.0 = UBOMRelease07|Win32
		{41DB49B9-E6BE-4666-89A9-D159A9A9CACB}.UBOMRelease05-Dock|x64.ActiveCfg = UBOMDebug|Win32
		{41DB49B9-E6BE-4666-89A9-D159A9A9CACB}.UBOMRelease05-Dock|x64.Build.0 = UBOMDebug|Win32
		{41DB49B9-E6BE-4666-89A9-D159A9A9CACB}.UBOMRelease05-Dock|x86.ActiveCfg = Release|Win32
		{41DB49B9-E6BE-4666-89A9-D159A9A9CACB}.UBOMRelease05-Dock|x86.Build.0 = Release|Win32
		{41DB49B9-E6BE-4666-89A9-D159A9A9CACB}.UBOMRelease07|x64.ActiveCfg = UBOMRelease07|Win32
		{41DB49B9-E6BE-4666-89A9-D159A9A9CACB}.UBOMRelease07|x86.ActiveCfg = UBOMRelease07|Win32
		{41DB49B9-E6BE-4666-89A9-D159A9A9CACB}.UBOMRelease07|x86.Build.0 = UBOMRelease07|Win32
		{41DB49B9-E6BE-4666-89A9-D159A9A9CACB}.UBOMRelease10|x64.ActiveCfg = UBOMRelease|Win32
		{41DB49B9-E6BE-4666-89A9-D159A9A9CACB}.UBOMRelease10|x64.Build.0 = UBOMRelease|Win32
		{41DB49B9-E6BE-4666-89A9-D159A9A9CACB}.UBOMRelease10|x86.ActiveCfg = UBOMRelease|Win32
		{41DB49B9-E6BE-4666-89A9-D159A9A9CACB}.UBOMRelease10|x86.Build.0 = UBOMRelease|Win32
		{41DB49B9-E6BE-4666-89A9-D159A9A9CACB}.ZrxTmaDebug|x64.ActiveCfg = UBOMRelease07|Win32
		{41DB49B9-E6BE-4666-89A9-D159A9A9CACB}.ZrxTmaDebug|x64.Build.0 = UBOMRelease07|Win32
		{41DB49B9-E6BE-4666-89A9-D159A9A9CACB}.ZrxTmaDebug|x86.ActiveCfg = Debug|Win32
		{41DB49B9-E6BE-4666-89A9-D159A9A9CACB}.ZrxTmaDebug|x86.Build.0 = Debug|Win32
		{41144EFC-9FFC-442A-99E8-F6BAC835F21F}.Debug|x64.ActiveCfg = Debug|Win32
		{41144EFC-9FFC-442A-99E8-F6BAC835F21F}.Debug|x86.ActiveCfg = Debug|Win32
		{41144EFC-9FFC-442A-99E8-F6BAC835F21F}.Debug|x86.Build.0 = Debug|Win32
		{41144EFC-9FFC-442A-99E8-F6BAC835F21F}.Debug05|x64.ActiveCfg = UBOMRelease07|Win32
		{41144EFC-9FFC-442A-99E8-F6BAC835F21F}.Debug05|x64.Build.0 = UBOMRelease07|Win32
		{41144EFC-9FFC-442A-99E8-F6BAC835F21F}.Debug05|x86.ActiveCfg = Debug7|Win32
		{41144EFC-9FFC-442A-99E8-F6BAC835F21F}.Debug05|x86.Build.0 = Debug7|Win32
		{41144EFC-9FFC-442A-99E8-F6BAC835F21F}.Debug2007|x64.ActiveCfg = UBOMRelease07|Win32
		{41144EFC-9FFC-442A-99E8-F6BAC835F21F}.Debug2007|x64.Build.0 = UBOMRelease07|Win32
		{41144EFC-9FFC-442A-99E8-F6BAC835F21F}.Debug2007|x86.ActiveCfg = Debug7|Win32
		{41144EFC-9FFC-442A-99E8-F6BAC835F21F}.Debug2007|x86.Build.0 = Debug7|Win32
		{41144EFC-9FFC-442A-99E8-F6BAC835F21F}.Debug2010|x64.ActiveCfg = UBOMRelease07|Win32
		{41144EFC-9FFC-442A-99E8-F6BAC835F21F}.Debug2010|x64.Build.0 = UBOMRelease07|Win32
		{41144EFC-9FFC-442A-99E8-F6BAC835F21F}.Debug2010|x86.ActiveCfg = Debug7|Win32
		{41144EFC-9FFC-442A-99E8-F6BAC835F21F}.Debug2010|x86.Build.0 = Debug7|Win32
		{41144EFC-9FFC-442A-99E8-F6BAC835F21F}.Debug7|x64.ActiveCfg = Debug7|Win32
		{41144EFC-9FFC-442A-99E8-F6BAC835F21F}.Debug7|x86.ActiveCfg = Debug7|Win32
		{41144EFC-9FFC-442A-99E8-F6BAC835F21F}.Debug7|x86.Build.0 = Debug7|Win32
		{41144EFC-9FFC-442A-99E8-F6BAC835F21F}.DebugDll05|x64.ActiveCfg = UBOMRelease07|Win32
		{41144EFC-9FFC-442A-99E8-F6BAC835F21F}.DebugDll05|x64.Build.0 = UBOMRelease07|Win32
		{41144EFC-9FFC-442A-99E8-F6BAC835F21F}.DebugDll05|x86.ActiveCfg = Debug7|Win32
		{41144EFC-9FFC-442A-99E8-F6BAC835F21F}.DebugDll05|x86.Build.0 = Debug7|Win32
		{41144EFC-9FFC-442A-99E8-F6BAC835F21F}.DebugDll10|x64.ActiveCfg = Release|Win32
		{41144EFC-9FFC-442A-99E8-F6BAC835F21F}.DebugDll10|x64.Build.0 = Release|Win32
		{41144EFC-9FFC-442A-99E8-F6BAC835F21F}.DebugDll10|x86.ActiveCfg = Debug7|Win32
		{41144EFC-9FFC-442A-99E8-F6BAC835F21F}.DebugDll10|x86.Build.0 = Debug7|Win32
		{41144EFC-9FFC-442A-99E8-F6BAC835F21F}.PncRelease|x64.ActiveCfg = UBOMRelease07|Win32
		{41144EFC-9FFC-442A-99E8-F6BAC835F21F}.PncRelease|x64.Build.0 = UBOMRelease07|Win32
		{41144EFC-9FFC-442A-99E8-F6BAC835F21F}.PncRelease|x86.ActiveCfg = Release|Win32
		{41144EFC-9FFC-442A-99E8-F6BAC835F21F}.PncRelease|x86.Build.0 = Release|Win32
		{41144EFC-9FFC-442A-99E8-F6BAC835F21F}.Release|x64.ActiveCfg = Release|Win32
		{41144EFC-9FFC-442A-99E8-F6BAC835F21F}.Release|x86.ActiveCfg = Release|Win32
		{41144EFC-9FFC-442A-99E8-F6BAC835F21F}.Release|x86.Build.0 = Release|Win32
		{41144EFC-9FFC-442A-99E8-F6BAC835F21F}.Release05|x64.ActiveCfg = UBOMRelease07|Win32
		{41144EFC-9FFC-442A-99E8-F6BAC835F21F}.Release05|x64.Build.0 = UBOMRelease07|Win32
		{41144EFC-9FFC-442A-99E8-F6BAC835F21F}.Release05|x86.ActiveCfg = Release|Win32
		{41144EFC-9FFC-442A-99E8-F6BAC835F21F}.Release05|x86.Build.0 = Release|Win32
		{41144EFC-9FFC-442A-99E8-F6BAC835F21F}.Release07|x64.ActiveCfg = UBOMRelease07|Win32
		{41144EFC-9FFC-442A-99E8-F6BAC835F21F}.Release07|x64.Build.0 = UBOMRelease07|Win32
		{41144EFC-9FFC-442A-99E8-F6BAC835F21F}.Release07|x86.ActiveCfg = UBOMRelease07|Win32
		{41144EFC-9FFC-442A-99E8-F6BAC835F21F}.Release07|x86.Build.0 = UBOMRelease07|Win32
		{41144EFC-9FFC-442A-99E8-F6BAC835F21F}.Release10|x64.ActiveCfg = UBOMRelease07|Win32
		{41144EFC-9FFC-442A-99E8-F6BAC835F21F}.Release10|x64.Build.0 = UBOMRelease07|Win32
		{41144EFC-9FFC-442A-99E8-F6BAC835F21F}.Release10|x86.ActiveCfg = Release|Win32
		{41144EFC-9FFC-442A-99E8-F6BAC835F21F}.Release10|x86.Build.0 = Release|Win32
		{41144EFC-9FFC-442A-99E8-F6BAC835F21F}.ReleaseZrx19|x64.ActiveCfg = UBOMRelease07|Win32
		{41144EFC-9FFC-442A-99E8-F6BAC835F21F}.ReleaseZrx19|x64.Build.0 = UBOMRelease07|Win32
		{41144EFC-9FFC-442A-99E8-F6BAC835F21F}.ReleaseZrx19|x86.ActiveCfg = Release|Win32
		{41144EFC-9FFC-442A-99E8-F6BAC835F21F}.ReleaseZrx19|x86.Build.0 = Release|Win32
		{41144EFC-9FFC-442A-99E8-F6BAC835F21F}.UBOMDebug|x64.ActiveCfg = Release|Win32
		{41144EFC-9FFC-442A-99E8-F6BAC835F21F}.UBOMDebug|x64.Build.0 = Release|Win32
		{41144EFC-9FFC-442A-99E8-F6BAC835F21F}.UBOMDebug|x86.ActiveCfg = Debug|Win32
		{41144EFC-9FFC-442A-99E8-F6BAC835F21F}.UBOMDebug|x86.Build.0 = Debug|Win32
		{41144EFC-9FFC-442A-99E8-F6BAC835F21F}.UBOMDebug05|x64.ActiveCfg = UBOMRelease07|Win32
		{41144EFC-9FFC-442A-99E8-F6BAC835F21F}.UBOMDebug05|x64.Build.0 = UBOMRelease07|Win32
		{41144EFC-9FFC-442A-99E8-F6BAC835F21F}.UBOMDebug05|x86.ActiveCfg = Debug|Win32
		{41144EFC-9FFC-442A-99E8-F6BAC835F21F}.UBOMDebug05|x86.Build.0 = Debug|Win32
		{41144EFC-9FFC-442A-99E8-F6BAC835F21F}.UBOMDebug7|x64.ActiveCfg = UBOMRelease07|Win32
		{41144EFC-9FFC-442A-99E8-F6BAC835F21F}.UBOMDebug7|x64.Build.0 = UBOMRelease07|Win32
		{41144EFC-9FFC-442A-99E8-F6BAC835F21F}.UBOMDebug7|x86.ActiveCfg = Debug7|Win32
		{41144EFC-9FFC-442A-99E8-F6BAC835F21F}.UBOMDebug7|x86.Build.0 = Debug7|Win32
		{41144EFC-9FFC-442A-99E8-F6BAC835F21F}.UBOMFroTMARelease05|x64.ActiveCfg = UBOMRelease07|Win32
		{41144EFC-9FFC-442A-99E8-F6BAC835F21F}.UBOMFroTMARelease05|x64.Build.0 = UBOMRelease07|Win32
		{41144EFC-9FFC-442A-99E8-F6BAC835F21F}.UBOMFroTMARelease05|x86.ActiveCfg = Release|Win32
		{41144EFC-9FFC-442A-99E8-F6BAC835F21F}.UBOMFroTMARelease05|x86.Build.0 = Release|Win32
		{41144EFC-9FFC-442A-99E8-F6BAC835F21F}.UBOMRelease|x64.ActiveCfg = UBOMRelease07|Win32
		{41144EFC-9FFC-442A-99E8-F6BAC835F21F}.UBOMRelease|x64.Build.0 = UBOMRelease07|Win32
		{41144EFC-9FFC-442A-99E8-F6BAC835F21F}.UBOMRelease|x86.ActiveCfg = UBOMRelease07|Win32
		{41144EFC-9FFC-442A-99E8-F6BAC835F21F}.UBOMRelease|x86.Build.0 = UBOMRelease07|Win32
		{41144EFC-9FFC-442A-99E8-F6BAC835F21F}.UBOMRelease05|x64.ActiveCfg = UBOMRelease07|Win32
		{41144EFC-9FFC-442A-99E8-F6BAC835F21F}.UBOMRelease05|x64.Build.0 = UBOMRelease07|Win32
		{41144EFC-9FFC-442A-99E8-F6BAC835F21F}.UBOMRelease05|x86.ActiveCfg = UBOMRelease07|Win32
		{41144EFC-9FFC-442A-99E8-F6BAC835F21F}.UBOMRelease05|x86.Build.0 = UBOMRelease07|Win32
		{41144EFC-9FFC-442A-99E8-F6BAC835F21F}.UBOMRelease05-Dock|x64.ActiveCfg = Release|Win32
		{41144EFC-9FFC-442A-99E8-F6BAC835F21F}.UBOMRelease05-Dock|x64.Build.0 = Release|Win32
		{41144EFC-9FFC-442A-99E8-F6BAC835F21F}.UBOMRelease05-Dock|x86.ActiveCfg = Release|Win32
		{41144EFC-9FFC-442A-99E8-F6BAC835F21F}.UBOMRelease05-Dock|x86.Build.0 = Release|Win32
		{41144EFC-9FFC-442A-99E8-F6BAC835F21F}.UBOMRelease07|x64.ActiveCfg = UBOMRelease07|Win32
		{41144EFC-9FFC-442A-99E8-F6BAC835F21F}.UBOMRelease07|x86.ActiveCfg = UBOMRelease07|Win32
		{41144EFC-9FFC-442A-99E8-F6BAC835F21F}.UBOMRelease07|x86.Build.0 = UBOMRelease07|Win32
		{41144EFC-9FFC-442A-99E8-F6BAC835F21F}.UBOMRelease10|x64.ActiveCfg = UBOMRelease07|Win32
		{41144EFC-9FFC-442A-99E8-F6BAC835F21F}.UBOMRelease10|x64.Build.0 = UBOMRelease07|Win32
		{41144EFC-9FFC-442A-99E8-F6BAC835F21F}.UBOMRelease10|x86.ActiveCfg = UBOMRelease07|Win32
		{41144EFC-9FFC-442A-99E8-F6BAC835F21F}.UBOMRelease10|x86.Build.0 = UBOMRelease07|Win32
		{41144EFC-9FFC-442A-99E8-F6BAC835F21F}.ZrxTmaDebug|x64.ActiveCfg = UBOMRelease07|Win32
		{41144EFC-9FFC-442A-99E8-F6BAC835F21F}.ZrxTmaDebug|x64.Build.0 = UBOMRelease07|Win32
		{41144EFC-9FFC-442A-99E8-F6BAC835F21F}.ZrxTmaDebug|x86.ActiveCfg = Debug|Win32
		{41144EFC-9FFC-442A-99E8-F6BAC835F21F}.ZrxTmaDebug|x86.Build.0 = Debug|Win32
	EndGlobalSection
	GlobalSection(SolutionProperties) = preSolution
		HideSolutionNode = FALSE
	EndGlobalSection
	GlobalSection(ExtensibilityGlobals) = postSolution
		SolutionGuid = {BB115EF1-E0B5-4AF8-98CF-B49D0E0E7302}
	EndGlobalSection
EndGlobal
