<?xml version="1.0" encoding="utf-8"?>
<Project ToolsVersion="4.0" xmlns="http://schemas.microsoft.com/developer/msbuild/2003">
  <ItemGroup>
    <ClCompile Include="2DPtDlg.cpp">
      <Filter>Source Files</Filter>
    </ClCompile>
    <ClCompile Include="BoltHolePropDlg.cpp">
      <Filter>Source Files</Filter>
    </ClCompile>
    <ClCompile Include="..\ToolCode\Buffer.cpp">
      <Filter>Source Files</Filter>
    </ClCompile>
    <ClCompile Include="..\TowerCad\CopyPasteOper.cpp">
      <Filter>Source Files</Filter>
    </ClCompile>
    <ClCompile Include="DefProfileVertexDlg.cpp">
      <Filter>Source Files</Filter>
    </ClCompile>
    <ClCompile Include="..\ToolCode\DistFillet.cpp">
      <Filter>Source Files</Filter>
    </ClCompile>
    <ClCompile Include="..\TowerCad\DxfFile.cpp">
      <Filter>Source Files</Filter>
    </ClCompile>
    <ClCompile Include="Factory.cpp">
      <Filter>Source Files</Filter>
    </ClCompile>
    <ClCompile Include="..\ToolCode\HiberarchyId.cpp">
      <Filter>Source Files</Filter>
    </ClCompile>
    <ClCompile Include="..\TowerCad\JgDrawing.cpp">
      <Filter>Source Files</Filter>
    </ClCompile>
    <ClCompile Include="..\TowerCad\JgNcDataManager.cpp">
      <Filter>Source Files</Filter>
    </ClCompile>
    <ClCompile Include="LineFeatDlg.cpp">
      <Filter>Source Files</Filter>
    </ClCompile>
    <ClCompile Include="..\TowerCad\NcJg.cpp">
      <Filter>Source Files</Filter>
    </ClCompile>
    <ClCompile Include="PEC.cpp">
      <Filter>Source Files</Filter>
    </ClCompile>
    <ClCompile Include="PlankVertexDlg.cpp">
      <Filter>Source Files</Filter>
    </ClCompile>
    <ClCompile Include="..\TowerCad\ProcessPart.cpp">
      <Filter>Source Files</Filter>
    </ClCompile>
    <ClCompile Include="ProcessPartDraw.cpp">
      <Filter>Source Files</Filter>
    </ClCompile>
    <ClCompile Include="..\TowerCad\Query.cpp">
      <Filter>Source Files</Filter>
    </ClCompile>
    <ClCompile Include="..\ToolCode\SortFunc.cpp">
      <Filter>Source Files</Filter>
    </ClCompile>
    <ClCompile Include="stdafx.cpp">
      <Filter>Source Files</Filter>
    </ClCompile>
    <ClCompile Include="..\ToolCode\Variant.cpp">
      <Filter>Source Files</Filter>
    </ClCompile>
    <ClCompile Include="..\ToolCode\XhCharString.cpp">
      <Filter>Source Files</Filter>
    </ClCompile>
    <ClCompile Include="..\TowerCad\DrawDim.cpp">
      <Filter>Source Files</Filter>
    </ClCompile>
    <ClCompile Include="..\ToolCode\SolidBodyBuffer.cpp">
      <Filter>Source Files</Filter>
    </ClCompile>
    <ClCompile Include="..\ToolCode\LogFile.cpp">
      <Filter>Source Files</Filter>
    </ClCompile>
    <ClCompile Include="..\ToolCode\SolidBody.cpp">
      <Filter>Source Files</Filter>
    </ClCompile>
    <ClCompile Include="..\TowerCad\CadLib.cpp">
      <Filter>Source Files</Filter>
    </ClCompile>
    <ClCompile Include="..\TowerCad\DrawingToolKits.cpp">
      <Filter>Source Files</Filter>
    </ClCompile>
    <ClCompile Include="..\ToolCode\BufferStack.cpp">
      <Filter>Source Files</Filter>
    </ClCompile>
    <ClCompile Include="NcPlate.cpp">
      <Filter>Source Files</Filter>
    </ClCompile>
    <ClCompile Include="..\TowerCad\LicFuncDef.cpp">
      <Filter>Source Files</Filter>
    </ClCompile>
    <ClCompile Include="..\ToolCode\Expression.cpp">
      <Filter>Source Files</Filter>
    </ClCompile>
    <ClCompile Include="..\TowerCad\XerocadDrawing.cpp">
      <Filter>Source Files</Filter>
    </ClCompile>
  </ItemGroup>
  <ItemGroup>
    <ClInclude Include="PEC.h">
      <Filter>Header Files</Filter>
    </ClInclude>
    <ClInclude Include="2DPtDlg.h">
      <Filter>Header Files</Filter>
    </ClInclude>
    <ClInclude Include="..\ToolCode\ArrayList.h">
      <Filter>Header Files</Filter>
    </ClInclude>
    <ClInclude Include="BoltHolePropDlg.h">
      <Filter>Header Files</Filter>
    </ClInclude>
    <ClInclude Include="..\ToolCode\Buffer.h">
      <Filter>Header Files</Filter>
    </ClInclude>
    <ClInclude Include="..\ToolCode\CirStack.h">
      <Filter>Header Files</Filter>
    </ClInclude>
    <ClInclude Include="DefProfileVertexDlg.h">
      <Filter>Header Files</Filter>
    </ClInclude>
    <ClInclude Include="..\ToolCode\DistFillet.h">
      <Filter>Header Files</Filter>
    </ClInclude>
    <ClInclude Include="..\TowerCad\DxfFile.h">
      <Filter>Header Files</Filter>
    </ClInclude>
    <ClInclude Include="..\ToolCode\HashTable.h">
      <Filter>Header Files</Filter>
    </ClInclude>
    <ClInclude Include="..\ToolCode\HiberarchyId.h">
      <Filter>Header Files</Filter>
    </ClInclude>
    <ClInclude Include="IPEC.h">
      <Filter>Header Files</Filter>
    </ClInclude>
    <ClInclude Include="..\TowerCad\JgDrawing.h">
      <Filter>Header Files</Filter>
    </ClInclude>
    <ClInclude Include="..\TowerCad\JgNcDataManager.h">
      <Filter>Header Files</Filter>
    </ClInclude>
    <ClInclude Include="LineFeatDlg.h">
      <Filter>Header Files</Filter>
    </ClInclude>
    <ClInclude Include="..\TowerCad\NcJg.h">
      <Filter>Header Files</Filter>
    </ClInclude>
    <ClInclude Include="PlankVertexDlg.h">
      <Filter>Header Files</Filter>
    </ClInclude>
    <ClInclude Include="..\ToolCode\XhCharString.h">
      <Filter>Header Files</Filter>
    </ClInclude>
    <ClInclude Include="..\TowerCad\ProcessPart.h">
      <Filter>Header Files</Filter>
    </ClInclude>
    <ClInclude Include="ProcessPartDraw.h">
      <Filter>Header Files</Filter>
    </ClInclude>
    <ClInclude Include="..\TowerCad\Query.h">
      <Filter>Header Files</Filter>
    </ClInclude>
    <ClInclude Include="Resource.h">
      <Filter>Header Files</Filter>
    </ClInclude>
    <ClInclude Include="..\TowerCad\SegI.h">
      <Filter>Header Files</Filter>
    </ClInclude>
    <ClInclude Include="..\ToolCode\SortFunc.h">
      <Filter>Header Files</Filter>
    </ClInclude>
    <ClInclude Include="stdafx.h">
      <Filter>Header Files</Filter>
    </ClInclude>
    <ClInclude Include="..\ToolCode\Variant.h">
      <Filter>Header Files</Filter>
    </ClInclude>
    <ClInclude Include="..\TowerCad\DrawDim.h">
      <Filter>Header Files</Filter>
    </ClInclude>
    <ClInclude Include="..\ToolCode\LogFile.h">
      <Filter>Header Files</Filter>
    </ClInclude>
    <ClInclude Include="..\ToolCode\SolidBodyBuffer.h">
      <Filter>Header Files</Filter>
    </ClInclude>
    <ClInclude Include="..\ToolCode\SolidBody.h">
      <Filter>Header Files</Filter>
    </ClInclude>
    <ClInclude Include="..\TowerCad\DXFDef.h">
      <Filter>Header Files</Filter>
    </ClInclude>
    <ClInclude Include="..\TowerCad\CadLib.h">
      <Filter>Header Files</Filter>
    </ClInclude>
    <ClInclude Include="..\TowerCad\DrawingDef.h">
      <Filter>Header Files</Filter>
    </ClInclude>
    <ClInclude Include="..\TowerCad\DrawingToolKits.h">
      <Filter>Header Files</Filter>
    </ClInclude>
    <ClInclude Include="NcPlate.h">
      <Filter>Header Files</Filter>
    </ClInclude>
    <ClInclude Include="..\TowerCad\LicFuncDef.h">
      <Filter>Header Files</Filter>
    </ClInclude>
    <ClInclude Include="..\ToolCode\Expression.h">
      <Filter>Header Files</Filter>
    </ClInclude>
    <ClInclude Include="..\TowerCad\XerocadDrawing.h">
      <Filter>Header Files</Filter>
    </ClInclude>
  </ItemGroup>
  <ItemGroup>
    <None Include="PEC.def" />
    <None Include="PEC.rc2">
      <Filter>Source Files</Filter>
    </None>
    <None Include="res\PEC.rc2" />
  </ItemGroup>
  <ItemGroup>
    <Filter Include="Header Files">
      <UniqueIdentifier>{2dd52250-9ec1-4d65-83a5-a4caad866e9c}</UniqueIdentifier>
      <Extensions>h;hpp;hxx;hm;inl</Extensions>
    </Filter>
    <Filter Include="Source Files">
      <UniqueIdentifier>{c429f0a2-e720-41b7-9778-a6c8d0ac3422}</UniqueIdentifier>
      <Extensions>cpp;c;cxx;rc;def;r;odl;idl;hpj;bat</Extensions>
    </Filter>
  </ItemGroup>
  <ItemGroup>
    <ResourceCompile Include="PEC.rc">
      <Filter>Source Files</Filter>
    </ResourceCompile>
  </ItemGroup>
</Project>