<?xml version="1.0" encoding="utf-8"?>
<Project ToolsVersion="4.0" xmlns="http://schemas.microsoft.com/developer/msbuild/2003">
  <ItemGroup>
    <ClCompile Include="DisplayLineAngleProperty.cpp">
      <Filter>Source Files</Filter>
    </ClCompile>
    <ClCompile Include="CutWingAngleDlg.cpp">
      <Filter>Source Files</Filter>
    </ClCompile>
    <ClCompile Include="DisplayPlateProperty.cpp">
      <Filter>Source Files</Filter>
    </ClCompile>
    <ClCompile Include="DisplaySysSettingProperty.cpp">
      <Filter>Source Files</Filter>
    </ClCompile>
    <ClCompile Include="MainFrm.cpp">
      <Filter>Source Files</Filter>
    </ClCompile>
    <ClCompile Include="NcSetDlg.cpp">
      <Filter>Source Files</Filter>
    </ClCompile>
    <ClCompile Include="NewPartFileDlg.cpp">
      <Filter>Source Files</Filter>
    </ClCompile>
    <ClCompile Include="PartPropertyDlg.cpp">
      <Filter>Source Files</Filter>
    </ClCompile>
    <ClCompile Include="PartTreeDlg.cpp">
      <Filter>Source Files</Filter>
    </ClCompile>
    <ClCompile Include="PPE.cpp">
      <Filter>Source Files</Filter>
    </ClCompile>
    <ClCompile Include="PPEView.cpp">
      <Filter>Source Files</Filter>
    </ClCompile>
    <ClCompile Include="PPEDoc.cpp">
      <Filter>Source Files</Filter>
    </ClCompile>
    <ClCompile Include="SideBaffleHighDlg.cpp">
      <Filter>Source Files</Filter>
    </ClCompile>
    <ClCompile Include="..\..\ToolKits\TowerCad\Query.cpp">
      <Filter>Source Files</Filter>
    </ClCompile>
    <ClCompile Include="StdAfx.cpp">
      <Filter>Source Files</Filter>
    </ClCompile>
    <ClCompile Include="SysPara.cpp">
      <Filter>Source Files</Filter>
    </ClCompile>
    <ClCompile Include="InputAnValDlg.cpp">
      <Filter>Source Files</Filter>
    </ClCompile>
    <ClCompile Include="KaiHeLineAngleDlg.cpp">
      <Filter>Source Files</Filter>
    </ClCompile>
    <ClCompile Include="BendPlankStyleDlg.cpp">
      <Filter>Source Files</Filter>
    </ClCompile>
    <ClCompile Include="..\..\ToolKits\TowerCad\CopyPasteOper.cpp">
      <Filter>Source Files</Filter>
    </ClCompile>
    <ClCompile Include="Model\NcPart.cpp">
      <Filter>Model</Filter>
    </ClCompile>
    <ClCompile Include="Model\PPEModel.cpp">
      <Filter>Model</Filter>
    </ClCompile>
    <ClCompile Include="..\..\ToolKits\TowerCad\DrawingToolKits.cpp">
      <Filter>Source Files</Filter>
    </ClCompile>
    <ClCompile Include="PromptDlg.cpp">
      <Filter>Source Files</Filter>
    </ClCompile>
    <ClCompile Include="AdjustOrderDlg.cpp">
      <Filter>Source Files</Filter>
    </ClCompile>
    <ClCompile Include="HoleIncrementSetDlg.cpp">
      <Filter>Source Files</Filter>
    </ClCompile>
    <ClCompile Include="PPEToolBar.cpp">
      <Filter>Source Files</Filter>
    </ClCompile>
    <ClCompile Include="PlateNC.cpp">
      <Filter>Source Files</Filter>
    </ClCompile>
    <ClCompile Include="Model\NcPlate.cpp">
      <Filter>Model</Filter>
    </ClCompile>
    <ClCompile Include="SyncPropertyDlg.cpp">
      <Filter>Source Files</Filter>
    </ClCompile>
    <ClCompile Include="..\..\ToolKits\ToolCode\XhMath.cpp">
      <Filter>ToolCode</Filter>
    </ClCompile>
    <ClCompile Include="PlankConfigDlg.cpp">
      <Filter>Source Files</Filter>
    </ClCompile>
    <ClCompile Include="..\..\ToolKits\ToolCode\XhTreeCtrl.cpp">
      <Filter>ToolCode</Filter>
    </ClCompile>
    <ClCompile Include="..\..\ToolKits\ToolCode\XhListCtrl.cpp">
      <Filter>ToolCode</Filter>
    </ClCompile>
    <ClCompile Include="..\..\ToolKits\ToolCode\XhCharString.cpp">
      <Filter>ToolCode</Filter>
    </ClCompile>
    <ClCompile Include="..\..\ToolKits\ToolCode\Variant.cpp">
      <Filter>ToolCode</Filter>
    </ClCompile>
    <ClCompile Include="..\..\ToolKits\ToolCode\TSPAlgorithm.cpp">
      <Filter>ToolCode</Filter>
    </ClCompile>
    <ClCompile Include="..\..\ToolKits\ToolCode\SortHeaderCtrl.cpp">
      <Filter>ToolCode</Filter>
    </ClCompile>
    <ClCompile Include="..\..\ToolKits\ToolCode\SortFunc.cpp">
      <Filter>ToolCode</Filter>
    </ClCompile>
    <ClCompile Include="..\..\ToolKits\ToolCode\SolidBodyBuffer.cpp">
      <Filter>ToolCode</Filter>
    </ClCompile>
    <ClCompile Include="..\..\ToolKits\ToolCode\SolidBody.cpp">
      <Filter>ToolCode</Filter>
    </ClCompile>
    <ClCompile Include="..\..\ToolKits\ToolCode\BCMenu.cpp">
      <Filter>ToolCode</Filter>
    </ClCompile>
    <ClCompile Include="..\..\ToolKits\ToolCode\Buffer.cpp">
      <Filter>ToolCode</Filter>
    </ClCompile>
    <ClCompile Include="..\..\ToolKits\ToolCode\BufferStack.cpp">
      <Filter>ToolCode</Filter>
    </ClCompile>
    <ClCompile Include="..\..\ToolKits\ToolCode\ColorSelectComboBox.cpp">
      <Filter>ToolCode</Filter>
    </ClCompile>
    <ClCompile Include="..\..\ToolKits\ToolCode\DialogPanel.cpp">
      <Filter>ToolCode</Filter>
    </ClCompile>
    <ClCompile Include="..\..\ToolKits\ToolCode\DistFillet.cpp">
      <Filter>ToolCode</Filter>
    </ClCompile>
    <ClCompile Include="..\..\ToolKits\TowerCad\DxfFile.cpp">
      <Filter>ToolCode</Filter>
    </ClCompile>
    <ClCompile Include="..\..\ToolKits\ToolCode\Expression.cpp">
      <Filter>ToolCode</Filter>
    </ClCompile>
    <ClCompile Include="..\..\ToolKits\ToolCode\folder_dialog.cpp">
      <Filter>ToolCode</Filter>
    </ClCompile>
    <ClCompile Include="..\..\ToolKits\ToolCode\HiberarchyId.cpp">
      <Filter>ToolCode</Filter>
    </ClCompile>
    <ClCompile Include="..\..\ToolKits\TowerCad\JgNcDataManager.cpp">
      <Filter>ToolCode</Filter>
    </ClCompile>
    <ClCompile Include="..\..\ToolKits\TowerCad\LicFuncDef.cpp">
      <Filter>ToolCode</Filter>
    </ClCompile>
    <ClCompile Include="..\..\ToolKits\ToolCode\ListViewComparer.cpp">
      <Filter>ToolCode</Filter>
    </ClCompile>
    <ClCompile Include="LocalFeatureDef.cpp">
      <Filter>ToolCode</Filter>
    </ClCompile>
    <ClCompile Include="..\..\ToolKits\ToolCode\LogFile.cpp">
      <Filter>ToolCode</Filter>
    </ClCompile>
    <ClCompile Include="MouseStatusBar.cpp">
      <Filter>ToolCode</Filter>
    </ClCompile>
    <ClCompile Include="..\..\ToolKits\TowerCad\ProcessPart.cpp">
      <Filter>TowerCad</Filter>
    </ClCompile>
    <ClCompile Include="..\..\ToolKits\TowerCad\ComparePartNoString.cpp">
      <Filter>TowerCad</Filter>
    </ClCompile>
    <ClCompile Include="..\..\ToolKits\TowerCad\SegI.cpp">
      <Filter>TowerCad</Filter>
    </ClCompile>
    <ClCompile Include="..\..\ToolKits\TowerCad\ParseAdaptNo.cpp">
      <Filter>TowerCad</Filter>
    </ClCompile>
    <ClCompile Include="..\..\ToolKits\TowerCad\NcJg.cpp">
      <Filter>TowerCad</Filter>
    </ClCompile>
    <ClCompile Include="FileFormatSetDlg.cpp">
      <Filter>Source Files</Filter>
    </ClCompile>
    <ClCompile Include="SelPlateNcModeDlg.cpp">
      <Filter>Source Files</Filter>
    </ClCompile>
    <ClCompile Include="..\..\ToolKits\ToolCode\PropertyList.cpp">
      <Filter>ToolCode</Filter>
    </ClCompile>
    <ClCompile Include="SelDisplayNcDlg.cpp">
      <Filter>Source Files</Filter>
    </ClCompile>
    <ClCompile Include="..\..\ToolKits\ToolCode\XhLocale.cpp">
      <Filter>ToolCode</Filter>
    </ClCompile>
    <ClCompile Include="..\..\ToolKits\ToolCode\ClientId.cpp">
      <Filter>ToolCode</Filter>
    </ClCompile>
    <ClCompile Include="FilterMkDlg.cpp">
      <Filter>Source Files</Filter>
    </ClCompile>
    <ClCompile Include="..\..\ToolKits\ToolCode\supergridctrl.cpp">
      <Filter>ToolCode</Filter>
    </ClCompile>
    <ClCompile Include="..\..\ToolKits\ToolCode\SuperEdit.cpp">
      <Filter>ToolCode</Filter>
    </ClCompile>
  </ItemGroup>
  <ItemGroup>
    <ClInclude Include="..\..\ToolKits\ToolCode\ColorSelectComboBox.h">
      <Filter>Header Files</Filter>
    </ClInclude>
    <ClInclude Include="MainFrm.h">
      <Filter>Header Files</Filter>
    </ClInclude>
    <ClInclude Include="CutWingAngleDlg.h">
      <Filter>Header Files</Filter>
    </ClInclude>
    <ClInclude Include="..\..\ToolKits\ToolCode\HiberarchyId.h">
      <Filter>Header Files</Filter>
    </ClInclude>
    <ClInclude Include="LeftTreeView.h">
      <Filter>Header Files</Filter>
    </ClInclude>
    <ClInclude Include="..\..\ToolKits\ToolCode\LogFile.h">
      <Filter>Header Files</Filter>
    </ClInclude>
    <ClInclude Include="..\..\ToolKits\ToolCode\Buffer.h">
      <Filter>Header Files</Filter>
    </ClInclude>
    <ClInclude Include="PPE.h">
      <Filter>Header Files</Filter>
    </ClInclude>
    <ClInclude Include="NcSetDlg.h">
      <Filter>Header Files</Filter>
    </ClInclude>
    <ClInclude Include="NewPartFileDlg.h">
      <Filter>Header Files</Filter>
    </ClInclude>
    <ClInclude Include="..\..\ToolKits\ToolCode\objptr_list.h">
      <Filter>Header Files</Filter>
    </ClInclude>
    <ClInclude Include="PartPropertyDlg.h">
      <Filter>Header Files</Filter>
    </ClInclude>
    <ClInclude Include="PartTreeDlg.h">
      <Filter>Header Files</Filter>
    </ClInclude>
    <ClInclude Include="PPEDoc.h">
      <Filter>Header Files</Filter>
    </ClInclude>
    <ClInclude Include="SysPara.h">
      <Filter>Header Files</Filter>
    </ClInclude>
    <ClInclude Include="PPEView.h">
      <Filter>Header Files</Filter>
    </ClInclude>
    <ClInclude Include="..\..\ToolKits\ToolCode\PropertyList.h">
      <Filter>Header Files</Filter>
    </ClInclude>
    <ClInclude Include="..\..\ToolKits\ToolCode\PropListItem.h">
      <Filter>Header Files</Filter>
    </ClInclude>
    <ClInclude Include="..\..\ToolKits\TowerCad\Query.h">
      <Filter>Header Files</Filter>
    </ClInclude>
    <ClInclude Include="Resource.h">
      <Filter>Header Files</Filter>
    </ClInclude>
    <ClInclude Include="SideBaffleHighDlg.h">
      <Filter>Header Files</Filter>
    </ClInclude>
    <ClInclude Include="StdAfx.h">
      <Filter>Header Files</Filter>
    </ClInclude>
    <ClInclude Include="..\..\ToolKits\ToolCode\XhCharString.h">
      <Filter>Header Files</Filter>
    </ClInclude>
    <ClInclude Include="SysParaLibrary.h">
      <Filter>Header Files</Filter>
    </ClInclude>
    <ClInclude Include="..\..\ToolKits\ToolCode\SolidBodyBuffer.h">
      <Filter>Header Files</Filter>
    </ClInclude>
    <ClInclude Include="..\..\ToolKits\ToolCode\SolidBody.h">
      <Filter>Header Files</Filter>
    </ClInclude>
    <ClInclude Include="InputAnValDlg.h">
      <Filter>Header Files</Filter>
    </ClInclude>
    <ClInclude Include="..\..\ToolKits\ToolCode\BCMenu.h">
      <Filter>Header Files</Filter>
    </ClInclude>
    <ClInclude Include="KaiHeLineAngleDlg.h">
      <Filter>Header Files</Filter>
    </ClInclude>
    <ClInclude Include="BendPlankStyleDlg.h">
      <Filter>Header Files</Filter>
    </ClInclude>
    <ClInclude Include="..\..\ToolKits\TowerCad\CopyPasteOper.h">
      <Filter>Header Files</Filter>
    </ClInclude>
    <ClInclude Include="..\..\ToolKits\TowerCad\LicFuncDef.h">
      <Filter>Header Files</Filter>
    </ClInclude>
    <ClInclude Include="Model\NcPart.h">
      <Filter>Model</Filter>
    </ClInclude>
    <ClInclude Include="Model\PPEModel.h">
      <Filter>Model</Filter>
    </ClInclude>
    <ClInclude Include="..\..\ToolKits\TowerCad\DrawingToolKits.h">
      <Filter>Header Files</Filter>
    </ClInclude>
    <ClInclude Include="..\..\ToolKits\TowerCad\DxfFile.h">
      <Filter>Header Files</Filter>
    </ClInclude>
    <ClInclude Include="..\..\ToolKits\TowerCad\NcJg.h">
      <Filter>Header Files</Filter>
    </ClInclude>
    <ClInclude Include="..\..\ToolKits\TowerCad\JgNcDataManager.h">
      <Filter>Header Files</Filter>
    </ClInclude>
    <ClInclude Include="..\..\ToolKits\ToolCode\Variant.h">
      <Filter>Header Files</Filter>
    </ClInclude>
    <ClInclude Include="..\..\ToolKits\ToolCode\DistFillet.h">
      <Filter>Header Files</Filter>
    </ClInclude>
    <ClInclude Include="..\..\ToolKits\TowerCad\ComparePartNoString.h">
      <Filter>Header Files</Filter>
    </ClInclude>
    <ClInclude Include="..\..\ToolKits\TowerCad\SegI.h">
      <Filter>Header Files</Filter>
    </ClInclude>
    <ClInclude Include="PromptDlg.h">
      <Filter>Header Files</Filter>
    </ClInclude>
    <ClInclude Include="AdjustOrderDlg.h">
      <Filter>Header Files</Filter>
    </ClInclude>
    <ClInclude Include="..\..\ToolKits\ToolCode\TSPAlgorithm.h">
      <Filter>Header Files</Filter>
    </ClInclude>
    <ClInclude Include="HoleIncrementSetDlg.h">
      <Filter>Header Files</Filter>
    </ClInclude>
    <ClInclude Include="..\..\ToolKits\ToolCode\XhTreeCtrl.h">
      <Filter>Header Files</Filter>
    </ClInclude>
    <ClInclude Include="PPEToolBar.h">
      <Filter>Header Files</Filter>
    </ClInclude>
    <ClInclude Include="MouseStatusBar.h">
      <Filter>Header Files</Filter>
    </ClInclude>
    <ClInclude Include="..\..\ToolKits\ToolCode\DialogPanel.h">
      <Filter>Header Files</Filter>
    </ClInclude>
    <ClInclude Include="Model\NcPlate.h">
      <Filter>Model</Filter>
    </ClInclude>
    <ClInclude Include="SyncPropertyDlg.h">
      <Filter>Header Files</Filter>
    </ClInclude>
    <ClInclude Include="..\..\ToolKits\ToolCode\XhListCtrl.h">
      <Filter>Header Files</Filter>
    </ClInclude>
    <ClInclude Include="..\..\ToolKits\ToolCode\ListViewComparer.h">
      <Filter>Header Files</Filter>
    </ClInclude>
    <ClInclude Include="..\..\ToolKits\ToolCode\SortHeaderCtrl.h">
      <Filter>Header Files</Filter>
    </ClInclude>
    <ClInclude Include="..\..\ToolKits\ToolCode\Expression.h">
      <Filter>Header Files</Filter>
    </ClInclude>
    <ClInclude Include="..\..\ToolKits\ToolCode\XhMath.h">
      <Filter>ToolCode</Filter>
    </ClInclude>
    <ClInclude Include="PlankConfigDlg.h">
      <Filter>Source Files</Filter>
    </ClInclude>
    <ClInclude Include="LocalFeatureDef.h">
      <Filter>ToolCode</Filter>
    </ClInclude>
    <ClInclude Include="..\..\ToolKits\TowerCad\ParseAdaptNo.h">
      <Filter>TowerCad</Filter>
    </ClInclude>
    <ClInclude Include="..\..\ToolKits\TowerCad\ProcessPart.h">
      <Filter>TowerCad</Filter>
    </ClInclude>
    <ClInclude Include="FileFormatSetDlg.h">
      <Filter>Header Files</Filter>
    </ClInclude>
    <ClInclude Include="SelPlateNcModeDlg.h">
      <Filter>Header Files</Filter>
    </ClInclude>
    <ClInclude Include="SelDisplayNcDlg.h">
      <Filter>Header Files</Filter>
    </ClInclude>
    <ClInclude Include="..\..\ToolKits\ToolCode\XhLocale.h">
      <Filter>ToolCode</Filter>
    </ClInclude>
    <ClInclude Include="..\..\ToolKits\ToolCode\ClientId.h">
      <Filter>ToolCode</Filter>
    </ClInclude>
    <ClInclude Include="FilterMkDlg.h">
      <Filter>Header Files</Filter>
    </ClInclude>
    <ClInclude Include="..\..\ToolKits\ToolCode\supergridctrl.h">
      <Filter>ToolCode</Filter>
    </ClInclude>
    <ClInclude Include="..\..\ToolKits\ToolCode\SuperEdit.h">
      <Filter>ToolCode</Filter>
    </ClInclude>
  </ItemGroup>
  <ItemGroup>
    <Filter Include="Header Files">
      <UniqueIdentifier>{09089dfe-3410-46bf-be25-fa093d686e34}</UniqueIdentifier>
      <Extensions>h;hpp;hxx;hm;inl</Extensions>
    </Filter>
    <Filter Include="Source Files">
      <UniqueIdentifier>{0d68c410-f391-4287-9966-55718de8f180}</UniqueIdentifier>
      <Extensions>cpp;c;cxx;rc;def;r;odl;idl;hpj;bat</Extensions>
    </Filter>
    <Filter Include="Model">
      <UniqueIdentifier>{d679aff1-e1b8-42f8-90a7-a93666b9cdd3}</UniqueIdentifier>
    </Filter>
    <Filter Include="res">
      <UniqueIdentifier>{4c2c6b5d-5a2c-4d8c-b347-9a5512348bf0}</UniqueIdentifier>
    </Filter>
    <Filter Include="ToolCode">
      <UniqueIdentifier>{1969e54c-f0c2-4f99-9577-48dcb527462f}</UniqueIdentifier>
    </Filter>
    <Filter Include="TowerCad">
      <UniqueIdentifier>{1b424469-f303-406b-bcfb-801af42abd0a}</UniqueIdentifier>
    </Filter>
  </ItemGroup>
  <ItemGroup>
    <None Include="res\bmp_cut_.bmp">
      <Filter>res</Filter>
    </None>
    <None Include="res\bmp00001.bmp">
      <Filter>res</Filter>
    </None>
    <None Include="res\ico00002.ico">
      <Filter>res</Filter>
    </None>
    <None Include="res\mainfram.bmp">
      <Filter>res</Filter>
    </None>
    <None Include="res\part_tree.bmp">
      <Filter>res</Filter>
    </None>
    <None Include="res\pnc.ico">
      <Filter>res</Filter>
    </None>
    <None Include="res\PPE.ico">
      <Filter>res</Filter>
    </None>
    <None Include="res\PPE.rc2">
      <Filter>res</Filter>
    </None>
    <None Include="res\PPEDoc.ico">
      <Filter>res</Filter>
    </None>
    <None Include="res\Toolbar.bmp">
      <Filter>res</Filter>
    </None>
    <None Include="res\toolbar_cut_plate.bmp">
      <Filter>res</Filter>
    </None>
    <None Include="res\toolbar_pbj.bmp">
      <Filter>res</Filter>
    </None>
    <None Include="res\toolbar_toolkit.bmp">
      <Filter>res</Filter>
    </None>
    <None Include="res\toolbar1.bmp">
      <Filter>res</Filter>
    </None>
    <None Include="res\toolbar2.bmp">
      <Filter>res</Filter>
    </None>
    <None Include="res\Tower.ico">
      <Filter>res</Filter>
    </None>
  </ItemGroup>
  <ItemGroup>
    <ResourceCompile Include="PPE.rc">
      <Filter>Source Files</Filter>
    </ResourceCompile>
  </ItemGroup>
</Project>