Microsoft Visual Studio Solution File, Format Version 8.00
Project("{8BC9CEB8-8B4A-11D0-8D11-00A0C91BC942}") = "PEC", "PEC.vcproj", "{5FA2C8AD-8E29-4C6A-A598-EE4E802A33FB}"
	ProjectSection(ProjectDependencies) = postProject
	EndProjectSection
EndProject
Global
	GlobalSection(SolutionConfiguration) = preSolution
		Debug = Debug
		Release = Release
	EndGlobalSection
	GlobalSection(ProjectConfiguration) = postSolution
		{5FA2C8AD-8E29-4C6A-A598-EE4E802A33FB}.Debug.ActiveCfg = Debug|Win32
		{5FA2C8AD-8E29-4C6A-A598-EE4E802A33FB}.Debug.Build.0 = Debug|Win32
		{5FA2C8AD-8E29-4C6A-A598-EE4E802A33FB}.Release.ActiveCfg = Release|Win32
		{5FA2C8AD-8E29-4C6A-A598-EE4E802A33FB}.Release.Build.0 = Release|Win32
	EndGlobalSection
	GlobalSection(ExtensibilityGlobals) = postSolution
	EndGlobalSection
	GlobalSection(ExtensibilityAddIns) = postSolution
	EndGlobalSection
EndGlobal
